// !$*UTF8*$!
{
	archiveVersion = 1;
	classes = {
	};
	objectVersion = 63;
	objects = {

/* Begin PBXBuildFile section */
		9A039BF72D73E0C0008E9D7D /* windowing.mm in Sources */ = {isa = PBXBuildFile; fileRef = 9A039BEE2D73E0B0008E9D7D /* windowing.mm */; };
		9A1CC40B2CF2DBE5004A00CB /* libacme_apple.dylib in Frameworks */ = {isa = PBXBuildFile; fileRef = 9A1CC40A2CF2DBE5004A00CB /* libacme_apple.dylib */; };
		9A523E0E2CD3A5E5006ED868 /* window.h in Headers */ = {isa = PBXBuildFile; fileRef = 9A523E0C2CD3A5E5006ED868 /* window.h */; };
		9A523E0F2CD3A5E5006ED868 /* window.cpp in Sources */ = {isa = PBXBuildFile; fileRef = 9A523E0D2CD3A5E5006ED868 /* window.cpp */; };
		9A523E282CD3A619006ED868 /* ns_acme_impact.h in Headers */ = {isa = PBXBuildFile; fileRef = 9A523E212CD3A619006ED868 /* ns_acme_impact.h */; };
		9A523E292CD3A619006ED868 /* ProcedureCaller.h in Headers */ = {isa = PBXBuildFile; fileRef = 9A523E252CD3A619006ED868 /* ProcedureCaller.h */; };
		9A523E2A2CD3A619006ED868 /* acme_window_bridge.h in Headers */ = {isa = PBXBuildFile; fileRef = 9A523E272CD3A619006ED868 /* acme_window_bridge.h */; };
		9A523E2B2CD3A619006ED868 /* ns_acme_window.h in Headers */ = {isa = PBXBuildFile; fileRef = 9A523E232CD3A619006ED868 /* ns_acme_window.h */; };
		9A523E2C2CD3A619006ED868 /* acme_notification_callback.h in Headers */ = {isa = PBXBuildFile; fileRef = 9A523E1F2CD3A619006ED868 /* acme_notification_callback.h */; };
		9A523E2D2CD3A619006ED868 /* ns_acme_impact.mm in Sources */ = {isa = PBXBuildFile; fileRef = 9A523E222CD3A619006ED868 /* ns_acme_impact.mm */; };
		9A523E2E2CD3A619006ED868 /* ns_acme_window.mm in Sources */ = {isa = PBXBuildFile; fileRef = 9A523E242CD3A619006ED868 /* ns_acme_window.mm */; };
		9A523E2F2CD3A619006ED868 /* ProcedureCaller.mm in Sources */ = {isa = PBXBuildFile; fileRef = 9A523E262CD3A619006ED868 /* ProcedureCaller.mm */; };
		9A523E302CD3A619006ED868 /* acme_notification_callback.mm in Sources */ = {isa = PBXBuildFile; fileRef = 9A523E202CD3A619006ED868 /* acme_notification_callback.mm */; };
		9A5243482CD4AA59006ED868 /* AppKit.framework in Frameworks */ = {isa = PBXBuildFile; fileRef = 9A5243472CD4AA59006ED868 /* AppKit.framework */; };
		9A52434A2CD4AAD5006ED868 /* macos_app.mm in Sources */ = {isa = PBXBuildFile; fileRef = 9A5243492CD4AAD5006ED868 /* macos_app.mm */; };
		9A52434D2CD4AC97006ED868 /* macos_app.cpp in Sources */ = {isa = PBXBuildFile; fileRef = 9A52434B2CD4AB84006ED868 /* macos_app.cpp */; };
		9A52437D2CD4C63E006ED868 /* display.h in Headers */ = {isa = PBXBuildFile; fileRef = 9A52437B2CD4C63E006ED868 /* display.h */; };
		9A52437E2CD4C63E006ED868 /* display.cpp in Sources */ = {isa = PBXBuildFile; fileRef = 9A52437C2CD4C63E006ED868 /* display.cpp */; };
		9A52441F2CD6204E006ED868 /* macos_app.h in Headers */ = {isa = PBXBuildFile; fileRef = 9A52441E2CD6204E006ED868 /* macos_app.h */; };
		9A5244212CD6C28A006ED868 /* acme_window_bridge.mm in Sources */ = {isa = PBXBuildFile; fileRef = 9A5244202CD6C28A006ED868 /* acme_window_bridge.mm */; };
		9A5244232CD6C69A006ED868 /* acme_window_bridge.cpp in Sources */ = {isa = PBXBuildFile; fileRef = 9A5244222CD6C69A006ED868 /* acme_window_bridge.cpp */; };
		9A7E178B2C9DFDA300EE8CA6 /* _.cpp in Sources */ = {isa = PBXBuildFile; fileRef = 9A7E17852C9DFC8F00EE8CA6 /* _.cpp */; };
		9A7E178C2C9DFDA300EE8CA6 /* _factory.cpp in Sources */ = {isa = PBXBuildFile; fileRef = 9A7E17862C9DFC8F00EE8CA6 /* _factory.cpp */; };
		9A7E178D2C9DFDA300EE8CA6 /* framework.cpp in Sources */ = {isa = PBXBuildFile; fileRef = 9A7E17882C9DFCA000EE8CA6 /* framework.cpp */; };
		9A7E178E2C9DFDA300EE8CA6 /* windowing.cpp in Sources */ = {isa = PBXBuildFile; fileRef = 9A7E17832C9DFC6E00EE8CA6 /* windowing.cpp */; };
		9AEC3FEF2D1ABF9800F9E621 /* libacme.dylib in Frameworks */ = {isa = PBXBuildFile; fileRef = 9AEC3FEE2D1ABF9800F9E621 /* libacme.dylib */; };
		9AEC3FFA2D1ABFCB00F9E621 /* libacme_windowing_kit.dylib in Frameworks */ = {isa = PBXBuildFile; fileRef = 9AEC3FF72D1ABF9800F9E621 /* libacme_windowing_kit.dylib */; };
/* End PBXBuildFile section */

/* Begin PBXContainerItemProxy section */
		9A3980882D1A4D77007A31B5 /* PBXContainerItemProxy */ = {
			isa = PBXContainerItemProxy;
			containerPortal = 9A1CC3FC2CF2DBBE004A00CB /* acme_macos.xcodeproj */;
			proxyType = 1;
			remoteGlobalIDString = 9A0C165E264A290E00B5CC33;
			remoteInfo = acme_macos;
		};
		9A9979A62D84B61C00A1FC11 /* PBXContainerItemProxy */ = {
			isa = PBXContainerItemProxy;
			containerPortal = 9AA03ECA2D1A4B320079C423 /* acme_windowing_kit.xcodeproj */;
			proxyType = 1;
			remoteGlobalIDString = 9AC3F2A32CF81EBF0061DCC0;
			remoteInfo = acme_windowing_kit;
		};
		9AEC3FF62D1ABF9800F9E621 /* PBXContainerItemProxy */ = {
			isa = PBXContainerItemProxy;
			containerPortal = 9AA03ECA2D1A4B320079C423 /* acme_windowing_kit.xcodeproj */;
			proxyType = 2;
			remoteGlobalIDString = 9AC3F2A42CF81EBF0061DCC0;
			remoteInfo = acme_windowing_kit;
		};
/* End PBXContainerItemProxy section */

/* Begin PBXFileReference section */
		9A039BEE2D73E0B0008E9D7D /* windowing.mm */ = {isa = PBXFileReference; lastKnownFileType = sourcecode.cpp.objcpp; path = windowing.mm; sourceTree = "<group>"; };
		9A1CC3FC2CF2DBBE004A00CB /* acme_macos.xcodeproj */ = {isa = PBXFileReference; lastKnownFileType = "wrapper.pb-project"; name = acme_macos.xcodeproj; path = ../acme_macos/acme_macos.xcodeproj; sourceTree = SOURCE_ROOT; };
		9A1CC40A2CF2DBE5004A00CB /* libacme_apple.dylib */ = {isa = PBXFileReference; explicitFileType = "compiled.mach-o.dylib"; path = libacme_apple.dylib; sourceTree = BUILT_PRODUCTS_DIR; };
		9A523E0C2CD3A5E5006ED868 /* window.h */ = {isa = PBXFileReference; lastKnownFileType = sourcecode.c.h; path = window.h; sourceTree = "<group>"; };
		9A523E0D2CD3A5E5006ED868 /* window.cpp */ = {isa = PBXFileReference; lastKnownFileType = sourcecode.cpp.cpp; path = window.cpp; sourceTree = "<group>"; };
		9A523E1F2CD3A619006ED868 /* acme_notification_callback.h */ = {isa = PBXFileReference; lastKnownFileType = sourcecode.c.h; path = acme_notification_callback.h; sourceTree = "<group>"; };
		9A523E202CD3A619006ED868 /* acme_notification_callback.mm */ = {isa = PBXFileReference; lastKnownFileType = sourcecode.cpp.objcpp; path = acme_notification_callback.mm; sourceTree = "<group>"; };
		9A523E212CD3A619006ED868 /* ns_acme_impact.h */ = {isa = PBXFileReference; lastKnownFileType = sourcecode.c.h; path = ns_acme_impact.h; sourceTree = "<group>"; };
		9A523E222CD3A619006ED868 /* ns_acme_impact.mm */ = {isa = PBXFileReference; lastKnownFileType = sourcecode.cpp.objcpp; path = ns_acme_impact.mm; sourceTree = "<group>"; };
		9A523E232CD3A619006ED868 /* ns_acme_window.h */ = {isa = PBXFileReference; lastKnownFileType = sourcecode.c.h; path = ns_acme_window.h; sourceTree = "<group>"; };
		9A523E242CD3A619006ED868 /* ns_acme_window.mm */ = {isa = PBXFileReference; lastKnownFileType = sourcecode.cpp.objcpp; path = ns_acme_window.mm; sourceTree = "<group>"; };
		9A523E252CD3A619006ED868 /* ProcedureCaller.h */ = {isa = PBXFileReference; lastKnownFileType = sourcecode.c.h; path = ProcedureCaller.h; sourceTree = "<group>"; };
		9A523E262CD3A619006ED868 /* ProcedureCaller.mm */ = {isa = PBXFileReference; lastKnownFileType = sourcecode.cpp.objcpp; path = ProcedureCaller.mm; sourceTree = "<group>"; };
		9A523E272CD3A619006ED868 /* acme_window_bridge.h */ = {isa = PBXFileReference; lastKnownFileType = sourcecode.c.h; path = acme_window_bridge.h; sourceTree = "<group>"; };
		9A5243472CD4AA59006ED868 /* AppKit.framework */ = {isa = PBXFileReference; lastKnownFileType = wrapper.framework; name = AppKit.framework; path = System/Library/Frameworks/AppKit.framework; sourceTree = SDKROOT; };
		9A5243492CD4AAD5006ED868 /* macos_app.mm */ = {isa = PBXFileReference; lastKnownFileType = sourcecode.cpp.objcpp; path = macos_app.mm; sourceTree = "<group>"; };
		9A52434B2CD4AB84006ED868 /* macos_app.cpp */ = {isa = PBXFileReference; lastKnownFileType = sourcecode.cpp.cpp; path = macos_app.cpp; sourceTree = "<group>"; };
		9A52437B2CD4C63E006ED868 /* display.h */ = {isa = PBXFileReference; lastKnownFileType = sourcecode.c.h; path = display.h; sourceTree = "<group>"; };
		9A52437C2CD4C63E006ED868 /* display.cpp */ = {isa = PBXFileReference; lastKnownFileType = sourcecode.cpp.cpp; path = display.cpp; sourceTree = "<group>"; };
		9A52441E2CD6204E006ED868 /* macos_app.h */ = {isa = PBXFileReference; lastKnownFileType = sourcecode.c.h; path = macos_app.h; sourceTree = "<group>"; };
		9A5244202CD6C28A006ED868 /* acme_window_bridge.mm */ = {isa = PBXFileReference; lastKnownFileType = sourcecode.cpp.objcpp; path = acme_window_bridge.mm; sourceTree = "<group>"; };
		9A5244222CD6C69A006ED868 /* acme_window_bridge.cpp */ = {isa = PBXFileReference; lastKnownFileType = sourcecode.cpp.cpp; path = acme_window_bridge.cpp; sourceTree = "<group>"; };
		9A7E17672C9DFBB600EE8CA6 /* libacme_windowing_appkit.dylib */ = {isa = PBXFileReference; explicitFileType = "compiled.mach-o.dylib"; includeInIndex = 0; path = libacme_windowing_appkit.dylib; sourceTree = BUILT_PRODUCTS_DIR; };
		9A7E17822C9DFC6E00EE8CA6 /* windowing.h */ = {isa = PBXFileReference; lastKnownFileType = sourcecode.c.h; path = windowing.h; sourceTree = "<group>"; };
		9A7E17832C9DFC6E00EE8CA6 /* windowing.cpp */ = {isa = PBXFileReference; lastKnownFileType = sourcecode.cpp.cpp; path = windowing.cpp; sourceTree = "<group>"; };
		9A7E17842C9DFC8F00EE8CA6 /* _.h */ = {isa = PBXFileReference; lastKnownFileType = sourcecode.c.h; path = _.h; sourceTree = "<group>"; };
		9A7E17852C9DFC8F00EE8CA6 /* _.cpp */ = {isa = PBXFileReference; lastKnownFileType = sourcecode.cpp.cpp; path = _.cpp; sourceTree = "<group>"; };
		9A7E17862C9DFC8F00EE8CA6 /* _factory.cpp */ = {isa = PBXFileReference; lastKnownFileType = sourcecode.cpp.cpp; path = _factory.cpp; sourceTree = "<group>"; };
		9A7E17872C9DFCA000EE8CA6 /* framework.h */ = {isa = PBXFileReference; lastKnownFileType = sourcecode.c.h; path = framework.h; sourceTree = "<group>"; };
		9A7E17882C9DFCA000EE8CA6 /* framework.cpp */ = {isa = PBXFileReference; lastKnownFileType = sourcecode.cpp.cpp; path = framework.cpp; sourceTree = "<group>"; };
		9A7E17892C9DFCD900EE8CA6 /* _____debug.xcconfig */ = {isa = PBXFileReference; lastKnownFileType = text.xcconfig; path = "_____debug.xcconfig"; sourceTree = "<group>"; };
		9A7E178A2C9DFCD900EE8CA6 /* _____release.xcconfig */ = {isa = PBXFileReference; lastKnownFileType = text.xcconfig; path = "_____release.xcconfig"; sourceTree = "<group>"; };
		9AA03ECA2D1A4B320079C423 /* acme_windowing_kit.xcodeproj */ = {isa = PBXFileReference; lastKnownFileType = "wrapper.pb-project"; name = acme_windowing_kit.xcodeproj; path = "../../operating_system-apple/acme_windowing_kit/acme_windowing_kit.xcodeproj"; sourceTree = SOURCE_ROOT; };
		9AEC3FEE2D1ABF9800F9E621 /* libacme.dylib */ = {isa = PBXFileReference; explicitFileType = "compiled.mach-o.dylib"; path = libacme.dylib; sourceTree = BUILT_PRODUCTS_DIR; };
/* End PBXFileReference section */

/* Begin PBXFrameworksBuildPhase section */
		9A7E17652C9DFBB600EE8CA6 /* Frameworks */ = {
			isa = PBXFrameworksBuildPhase;
			buildActionMask = 2147483647;
			files = (
				9AEC3FFA2D1ABFCB00F9E621 /* libacme_windowing_kit.dylib in Frameworks */,
				9AEC3FEF2D1ABF9800F9E621 /* libacme.dylib in Frameworks */,
				9A1CC40B2CF2DBE5004A00CB /* libacme_apple.dylib in Frameworks */,
				9A5243482CD4AA59006ED868 /* AppKit.framework in Frameworks */,
			);
			runOnlyForDeploymentPostprocessing = 0;
		};
/* End PBXFrameworksBuildPhase section */

/* Begin PBXGroup section */
		9A191D292CF3D880001239A6 /* Products */ = {
			isa = PBXGroup;
			children = (
			);
			name = Products;
			sourceTree = "<group>";
		};
		9A39807A2D1A4D69007A31B5 /* Products */ = {
			isa = PBXGroup;
			children = (
				9AEC3FF72D1ABF9800F9E621 /* libacme_windowing_kit.dylib */,
			);
			name = Products;
			sourceTree = "<group>";
		};
		9A7E175E2C9DFBB600EE8CA6 = {
			isa = PBXGroup;
			children = (
				9A1CC3FC2CF2DBBE004A00CB /* acme_macos.xcodeproj */,
				9AA03ECA2D1A4B320079C423 /* acme_windowing_kit.xcodeproj */,
				9A7E17682C9DFBB600EE8CA6 /* Products */,
				9A7E17892C9DFCD900EE8CA6 /* _____debug.xcconfig */,
				9A7E178A2C9DFCD900EE8CA6 /* _____release.xcconfig */,
				9A7E17842C9DFC8F00EE8CA6 /* _.h */,
				9A7E17852C9DFC8F00EE8CA6 /* _.cpp */,
				9A7E17862C9DFC8F00EE8CA6 /* _factory.cpp */,
				9A523E1F2CD3A619006ED868 /* acme_notification_callback.h */,
				9A523E202CD3A619006ED868 /* acme_notification_callback.mm */,
				9A5244222CD6C69A006ED868 /* acme_window_bridge.cpp */,
				9A5244202CD6C28A006ED868 /* acme_window_bridge.mm */,
				9A523E272CD3A619006ED868 /* acme_window_bridge.h */,
				9A52437B2CD4C63E006ED868 /* display.h */,
				9A52437C2CD4C63E006ED868 /* display.cpp */,
				9A7E17872C9DFCA000EE8CA6 /* framework.h */,
				9A7E17882C9DFCA000EE8CA6 /* framework.cpp */,
				9A52441E2CD6204E006ED868 /* macos_app.h */,
				9A52434B2CD4AB84006ED868 /* macos_app.cpp */,
				9A5243492CD4AAD5006ED868 /* macos_app.mm */,
				9A523E212CD3A619006ED868 /* ns_acme_impact.h */,
				9A523E222CD3A619006ED868 /* ns_acme_impact.mm */,
				9A523E232CD3A619006ED868 /* ns_acme_window.h */,
				9A523E242CD3A619006ED868 /* ns_acme_window.mm */,
				9A523E252CD3A619006ED868 /* ProcedureCaller.h */,
				9A523E262CD3A619006ED868 /* ProcedureCaller.mm */,
				9A523E0C2CD3A5E5006ED868 /* window.h */,
				9A523E0D2CD3A5E5006ED868 /* window.cpp */,
				9A7E17822C9DFC6E00EE8CA6 /* windowing.h */,
				9A7E17832C9DFC6E00EE8CA6 /* windowing.cpp */,
				9A039BEE2D73E0B0008E9D7D /* windowing.mm */,
				9A7E17A02C9DFE6200EE8CA6 /* Frameworks */,
			);
			sourceTree = "<group>";
		};
		9A7E17682C9DFBB600EE8CA6 /* Products */ = {
			isa = PBXGroup;
			children = (
				9A7E17672C9DFBB600EE8CA6 /* libacme_windowing_appkit.dylib */,
			);
			name = Products;
			sourceTree = "<group>";
		};
		9A7E17A02C9DFE6200EE8CA6 /* Frameworks */ = {
			isa = PBXGroup;
			children = (
				9AEC3FEE2D1ABF9800F9E621 /* libacme.dylib */,
				9A1CC40A2CF2DBE5004A00CB /* libacme_apple.dylib */,
				9A5243472CD4AA59006ED868 /* AppKit.framework */,
			);
			name = Frameworks;
			sourceTree = "<group>";
		};
/* End PBXGroup section */

/* Begin PBXHeadersBuildPhase section */
		9A7E17632C9DFBB600EE8CA6 /* Headers */ = {
			isa = PBXHeadersBuildPhase;
			buildActionMask = 2147483647;
			files = (
				9A523E282CD3A619006ED868 /* ns_acme_impact.h in Headers */,
				9A523E292CD3A619006ED868 /* ProcedureCaller.h in Headers */,
				9A523E2A2CD3A619006ED868 /* acme_window_bridge.h in Headers */,
				9A52437D2CD4C63E006ED868 /* display.h in Headers */,
				9A52441F2CD6204E006ED868 /* macos_app.h in Headers */,
				9A523E2B2CD3A619006ED868 /* ns_acme_window.h in Headers */,
				9A523E2C2CD3A619006ED868 /* acme_notification_callback.h in Headers */,
				9A523E0E2CD3A5E5006ED868 /* window.h in Headers */,
			);
			runOnlyForDeploymentPostprocessing = 0;
		};
/* End PBXHeadersBuildPhase section */

/* Begin PBXNativeTarget section */
		9A7E17662C9DFBB600EE8CA6 /* acme_windowing_appkit */ = {
			isa = PBXNativeTarget;
			buildConfigurationList = 9A7E17722C9DFBB600EE8CA6 /* Build configuration list for PBXNativeTarget "acme_windowing_appkit" */;
			buildPhases = (
				9A7E17632C9DFBB600EE8CA6 /* Headers */,
				9A7E17642C9DFBB600EE8CA6 /* Sources */,
				9A7E17652C9DFBB600EE8CA6 /* Frameworks */,
				9A59559B2D6D8DC300B096D0 /* ShellScript */,
			);
			buildRules = (
			);
			dependencies = (
				9A9979A72D84B61C00A1FC11 /* PBXTargetDependency */,
				9A3980892D1A4D77007A31B5 /* PBXTargetDependency */,
			);
			name = acme_windowing_appkit;
			packageProductDependencies = (
			);
			productName = windowing_system_appkit;
			productReference = 9A7E17672C9DFBB600EE8CA6 /* libacme_windowing_appkit.dylib */;
			productType = "com.apple.product-type.library.dynamic";
		};
/* End PBXNativeTarget section */

/* Begin PBXProject section */
		9A7E175F2C9DFBB600EE8CA6 /* Project object */ = {
			isa = PBXProject;
			attributes = {
				BuildIndependentTargetsInParallel = 1;
				LastUpgradeCheck = 1620;
				ORGANIZATIONNAME = "ca2 Software Development";
				TargetAttributes = {
					9A7E17662C9DFBB600EE8CA6 = {
						CreatedOnToolsVersion = 16.0;
					};
				};
			};
			buildConfigurationList = 9A7E17622C9DFBB600EE8CA6 /* Build configuration list for PBXProject "acme_windowing_appkit" */;
			compatibilityVersion = "Xcode 12.0";
			developmentRegion = en;
			hasScannedForEncodings = 0;
			knownRegions = (
				en,
				Base,
			);
			mainGroup = 9A7E175E2C9DFBB600EE8CA6;
			minimizedProjectReferenceProxies = 1;
			productRefGroup = 9A7E17682C9DFBB600EE8CA6 /* Products */;
			projectDirPath = "";
			projectReferences = (
				{
					ProductGroup = 9A191D292CF3D880001239A6 /* Products */;
					ProjectRef = 9A1CC3FC2CF2DBBE004A00CB /* acme_macos.xcodeproj */;
				},
				{
					ProductGroup = 9A39807A2D1A4D69007A31B5 /* Products */;
					ProjectRef = 9AA03ECA2D1A4B320079C423 /* acme_windowing_kit.xcodeproj */;
				},
			);
			projectRoot = "";
			targets = (
				9A7E17662C9DFBB600EE8CA6 /* acme_windowing_appkit */,
			);
		};
/* End PBXProject section */

/* Begin PBXReferenceProxy section */
		9AEC3FF72D1ABF9800F9E621 /* libacme_windowing_kit.dylib */ = {
			isa = PBXReferenceProxy;
			fileType = "compiled.mach-o.dylib";
			path = libacme_windowing_kit.dylib;
			remoteRef = 9AEC3FF62D1ABF9800F9E621 /* PBXContainerItemProxy */;
			sourceTree = BUILT_PRODUCTS_DIR;
		};
/* End PBXReferenceProxy section */

/* Begin PBXShellScriptBuildPhase section */
		9A59559B2D6D8DC300B096D0 /* ShellScript */ = {
			isa = PBXShellScriptBuildPhase;
			buildActionMask = 2147483647;
			files = (
			);
			inputFileListPaths = (
			);
			inputPaths = (
				"$(BUILT_PRODUCTS_DIR)/$(EXECUTABLE_NAME)",
				"$(WorkspaceDir)/output_copy.txt",
			);
			outputFileListPaths = (
			);
			outputPaths = (
				"$(WorkspaceDir)/time-$(PLATFORM_MODIFIER)/output/$(EXECUTABLE_NAME)",
			);
			runOnlyForDeploymentPostprocessing = 0;
			shellPath = /bin/sh;
			shellScript = ". $HOME/code/operating_system/tool/bin/_on_after_build_dylib\n";
		};
/* End PBXShellScriptBuildPhase section */

/* Begin PBXSourcesBuildPhase section */
		9A7E17642C9DFBB600EE8CA6 /* Sources */ = {
			isa = PBXSourcesBuildPhase;
			buildActionMask = 2147483647;
			files = (
				9A52434D2CD4AC97006ED868 /* macos_app.cpp in Sources */,
				9A7E178B2C9DFDA300EE8CA6 /* _.cpp in Sources */,
				9A52437E2CD4C63E006ED868 /* display.cpp in Sources */,
				9A039BF72D73E0C0008E9D7D /* windowing.mm in Sources */,
				9A523E2D2CD3A619006ED868 /* ns_acme_impact.mm in Sources */,
				9A523E2E2CD3A619006ED868 /* ns_acme_window.mm in Sources */,
				9A5244212CD6C28A006ED868 /* acme_window_bridge.mm in Sources */,
				9A523E2F2CD3A619006ED868 /* ProcedureCaller.mm in Sources */,
				9A523E302CD3A619006ED868 /* acme_notification_callback.mm in Sources */,
				9A5244232CD6C69A006ED868 /* acme_window_bridge.cpp in Sources */,
				9A52434A2CD4AAD5006ED868 /* macos_app.mm in Sources */,
				9A7E178C2C9DFDA300EE8CA6 /* _factory.cpp in Sources */,
				9A523E0F2CD3A5E5006ED868 /* window.cpp in Sources */,
				9A7E178D2C9DFDA300EE8CA6 /* framework.cpp in Sources */,
				9A7E178E2C9DFDA300EE8CA6 /* windowing.cpp in Sources */,
			);
			runOnlyForDeploymentPostprocessing = 0;
		};
/* End PBXSourcesBuildPhase section */

/* Begin PBXTargetDependency section */
		9A3980892D1A4D77007A31B5 /* PBXTargetDependency */ = {
			isa = PBXTargetDependency;
			name = acme_macos;
			targetProxy = 9A3980882D1A4D77007A31B5 /* PBXContainerItemProxy */;
		};
		9A9979A72D84B61C00A1FC11 /* PBXTargetDependency */ = {
			isa = PBXTargetDependency;
			name = acme_windowing_kit;
			targetProxy = 9A9979A62D84B61C00A1FC11 /* PBXContainerItemProxy */;
		};
/* End PBXTargetDependency section */

/* Begin XCBuildConfiguration section */
		9A7E17702C9DFBB600EE8CA6 /* Debug */ = {
			isa = XCBuildConfiguration;
			buildSettings = {
				ALWAYS_SEARCH_USER_PATHS = NO;
				BUILD_LIBRARY_FOR_DISTRIBUTION = YES;
				CLANG_ANALYZER_GCD = YES;
				CLANG_ANALYZER_LOCALIZABILITY_NONLOCALIZED = YES;
				CLANG_ANALYZER_MEMORY_MANAGEMENT = YES;
				CLANG_ANALYZER_NONNULL = YES;
				CLANG_ANALYZER_NUMBER_OBJECT_CONVERSION = YES_AGGRESSIVE;
				CLANG_CXX_LANGUAGE_STANDARD = "c++20";
				CLANG_CXX_LIBRARY = "libc++";
				CLANG_ENABLE_CPP_STATIC_DESTRUCTORS = YES;
				CLANG_ENABLE_MODULES = NO;
				CLANG_ENABLE_OBJC_ARC = YES;
				CLANG_ENABLE_OBJC_WEAK = YES;
				CLANG_STATIC_ANALYZER_MODE = deep;
				CLANG_STATIC_ANALYZER_MODE_ON_ANALYZE_ACTION = deep;
				CLANG_WARN_BLOCK_CAPTURE_AUTORELEASING = YES;
				CLANG_WARN_BOOL_CONVERSION = NO;
				CLANG_WARN_COMMA = YES;
				CLANG_WARN_CONSTANT_CONVERSION = NO;
				CLANG_WARN_DEPRECATED_OBJC_IMPLEMENTATIONS = YES;
				CLANG_WARN_DIRECT_OBJC_ISA_USAGE = YES;
				CLANG_WARN_DOCUMENTATION_COMMENTS = YES;
				CLANG_WARN_EMPTY_BODY = NO;
				CLANG_WARN_ENUM_CONVERSION = NO;
				CLANG_WARN_INFINITE_RECURSION = YES;
				CLANG_WARN_INT_CONVERSION = NO;
				CLANG_WARN_NON_LITERAL_NULL_CONVERSION = YES;
				CLANG_WARN_OBJC_IMPLICIT_RETAIN_SELF = YES;
				CLANG_WARN_OBJC_LITERAL_CONVERSION = YES;
				CLANG_WARN_OBJC_ROOT_CLASS = YES_ERROR;
				CLANG_WARN_PRAGMA_PACK = NO;
				CLANG_WARN_QUOTED_INCLUDE_IN_FRAMEWORK_HEADER = YES;
				CLANG_WARN_RANGE_LOOP_ANALYSIS = YES;
				CLANG_WARN_STRICT_PROTOTYPES = YES;
				CLANG_WARN_SUSPICIOUS_MOVE = YES;
				CLANG_WARN_UNGUARDED_AVAILABILITY = YES_AGGRESSIVE;
				CLANG_WARN_UNREACHABLE_CODE = YES;
				CLANG_WARN__DUPLICATE_METHOD_MATCH = NO;
				COPY_PHASE_STRIP = NO;
				DEAD_CODE_STRIPPING = NO;
				DEBUG_INFORMATION_FORMAT = "dwarf-with-dsym";
				DEPLOYMENT_POSTPROCESSING = YES;
				ENABLE_STRICT_OBJC_MSGSEND = YES;
				ENABLE_TESTABILITY = YES;
				ENABLE_USER_SCRIPT_SANDBOXING = YES;
				EXECUTABLE_PREFIX = lib;
				GCC_C_LANGUAGE_STANDARD = c11;
				GCC_DYNAMIC_NO_PIC = NO;
				GCC_ENABLE_CPP_EXCEPTIONS = YES;
				GCC_ENABLE_CPP_RTTI = YES;
				GCC_GENERATE_DEBUGGING_SYMBOLS = YES;
				GCC_INCREASE_PRECOMPILED_HEADER_SHARING = NO;
				GCC_NO_COMMON_BLOCKS = YES;
				GCC_OPTIMIZATION_LEVEL = 0;
				GCC_PRECOMPILE_PREFIX_HEADER = YES;
				GCC_PREFIX_HEADER = framework.h;
				GCC_PREPROCESSOR_DEFINITIONS = "$(inherited)";
				GCC_REUSE_STRINGS = YES;
				GCC_SYMBOLS_PRIVATE_EXTERN = NO;
				GCC_VERSION = "";
				GCC_WARN_64_TO_32_BIT_CONVERSION = NO;
				"GCC_WARN_64_TO_32_BIT_CONVERSION[arch=*64]" = YES;
				GCC_WARN_ABOUT_DEPRECATED_FUNCTIONS = NO;
				GCC_WARN_ABOUT_POINTER_SIGNEDNESS = YES;
				GCC_WARN_ABOUT_RETURN_TYPE = NO;
				GCC_WARN_UNDECLARED_SELECTOR = NO;
				GCC_WARN_UNINITIALIZED_AUTOS = NO;
				GCC_WARN_UNUSED_FUNCTION = NO;
				GCC_WARN_UNUSED_VARIABLE = NO;
				INSTALL_PATH = "@executable_path";
				LD_RUNPATH_SEARCH_PATHS = "@executable_path";
				LIBRARY_SEARCH_PATHS = (
					"$(inherited)",
					"$(WorkspaceDir)/operating_system",
					"$(WorkspaceDir)/../operating_system/storage-$(PLATFORM_MODIFIER)/$(CONFIGURATION)/library",
				);
				ONLY_ACTIVE_ARCH = YES;
				OTHER_LDFLAGS = "-all_load";
				PRODUCT_NAME = "$(TARGET_NAME)";
				RUN_CLANG_STATIC_ANALYZER = NO;
				SDKROOT = macosx;
				SKIP_INSTALL = YES;
				STRINGS_FILE_OUTPUT_ENCODING = "UTF-8";
				SYSTEM_HEADER_SEARCH_PATHS = (
					"$(WorkspaceDir)/operating_system/operating_system-$(PLATFORM_MODIFIER)/include",
					"$(WorkspaceDir)/operating_system/operating_system-$(PLATFORM_MODIFIER)/configuration",
					"$(WorkspaceDir)/port/include",
					"$(WorkspaceDir)/source/app/include",
				);
				USER_HEADER_SEARCH_PATHS = (
					.,
					"$(WorkspaceDir)/source",
					"$(WorkspaceDir)/source/app",
					"$(WorkspaceDir)/source/app/_include",
					"$(WorkspaceDir)/operating_system",
					"$(WorkspaceDir)/operating_system/operating_system-$(PLATFORM_MODIFIER)",
					"$(WorkspaceDir)/operating_system/operating_system-$(PLATFORM_MODIFIER)/configuration_selection/$(CONFIGURATION)",
					"$(WorkspaceDir)/operating_system/operating_system-apple",
					"$(WorkspaceDir)/operating_system/operating_system-darwin",
					"$(WorkspaceDir)/operating_system/operating_system-posix",
					"$(WorkspaceDir)/port/_",
					"$(PROJECT_DIR)",
					"$(PROJECT_DIR)/..",
					"$(PROJECT_DIR)/../..",
					"$(HOME)/sensitive/sensitive/include",
				);
				USE_HEADERMAP = NO;
				WorkspaceDir = "$(SRCROOT)/../../..";
			};
			name = Debug;
		};
		9A7E17712C9DFBB600EE8CA6 /* Release */ = {
			isa = XCBuildConfiguration;
			buildSettings = {
				ALWAYS_SEARCH_USER_PATHS = NO;
				BUILD_LIBRARY_FOR_DISTRIBUTION = YES;
				CLANG_ANALYZER_GCD = YES;
				CLANG_ANALYZER_LOCALIZABILITY_NONLOCALIZED = YES;
				CLANG_ANALYZER_MEMORY_MANAGEMENT = YES;
				CLANG_ANALYZER_NONNULL = YES;
				CLANG_ANALYZER_NUMBER_OBJECT_CONVERSION = YES_AGGRESSIVE;
				CLANG_CXX_LANGUAGE_STANDARD = "c++20";
				CLANG_CXX_LIBRARY = "libc++";
				CLANG_ENABLE_CPP_STATIC_DESTRUCTORS = YES;
				CLANG_ENABLE_MODULES = NO;
				CLANG_ENABLE_OBJC_ARC = YES;
				CLANG_ENABLE_OBJC_WEAK = YES;
				CLANG_STATIC_ANALYZER_MODE = deep;
				CLANG_STATIC_ANALYZER_MODE_ON_ANALYZE_ACTION = deep;
				CLANG_WARN_BLOCK_CAPTURE_AUTORELEASING = YES;
				CLANG_WARN_BOOL_CONVERSION = NO;
				CLANG_WARN_COMMA = YES;
				CLANG_WARN_CONSTANT_CONVERSION = NO;
				CLANG_WARN_DEPRECATED_OBJC_IMPLEMENTATIONS = YES;
				CLANG_WARN_DIRECT_OBJC_ISA_USAGE = YES;
				CLANG_WARN_DOCUMENTATION_COMMENTS = YES;
				CLANG_WARN_EMPTY_BODY = NO;
				CLANG_WARN_ENUM_CONVERSION = NO;
				CLANG_WARN_INFINITE_RECURSION = YES;
				CLANG_WARN_INT_CONVERSION = NO;
				CLANG_WARN_NON_LITERAL_NULL_CONVERSION = YES;
				CLANG_WARN_OBJC_IMPLICIT_RETAIN_SELF = YES;
				CLANG_WARN_OBJC_LITERAL_CONVERSION = YES;
				CLANG_WARN_OBJC_ROOT_CLASS = YES_ERROR;
				CLANG_WARN_PRAGMA_PACK = NO;
				CLANG_WARN_QUOTED_INCLUDE_IN_FRAMEWORK_HEADER = YES;
				CLANG_WARN_RANGE_LOOP_ANALYSIS = YES;
				CLANG_WARN_STRICT_PROTOTYPES = YES;
				CLANG_WARN_SUSPICIOUS_MOVE = YES;
				CLANG_WARN_UNGUARDED_AVAILABILITY = YES_AGGRESSIVE;
				CLANG_WARN_UNREACHABLE_CODE = YES;
				CLANG_WARN__DUPLICATE_METHOD_MATCH = NO;
				COPY_PHASE_STRIP = NO;
				DEAD_CODE_STRIPPING = NO;
				DEBUG_INFORMATION_FORMAT = "dwarf-with-dsym";
				DEPLOYMENT_POSTPROCESSING = YES;
				ENABLE_NS_ASSERTIONS = NO;
				ENABLE_STRICT_OBJC_MSGSEND = YES;
				ENABLE_USER_SCRIPT_SANDBOXING = YES;
				EXECUTABLE_PREFIX = lib;
				GCC_C_LANGUAGE_STANDARD = c11;
				GCC_ENABLE_CPP_EXCEPTIONS = YES;
				GCC_ENABLE_CPP_RTTI = YES;
				GCC_GENERATE_DEBUGGING_SYMBOLS = YES;
				GCC_INCREASE_PRECOMPILED_HEADER_SHARING = NO;
				GCC_NO_COMMON_BLOCKS = YES;
				GCC_OPTIMIZATION_LEVEL = 0;
				GCC_PRECOMPILE_PREFIX_HEADER = YES;
				GCC_PREFIX_HEADER = framework.h;
				GCC_PREPROCESSOR_DEFINITIONS = "";
				GCC_REUSE_STRINGS = YES;
				GCC_VERSION = "";
				GCC_WARN_64_TO_32_BIT_CONVERSION = NO;
				"GCC_WARN_64_TO_32_BIT_CONVERSION[arch=*64]" = YES;
				GCC_WARN_ABOUT_DEPRECATED_FUNCTIONS = NO;
				GCC_WARN_ABOUT_POINTER_SIGNEDNESS = YES;
				GCC_WARN_ABOUT_RETURN_TYPE = NO;
				GCC_WARN_UNDECLARED_SELECTOR = NO;
				GCC_WARN_UNINITIALIZED_AUTOS = NO;
				GCC_WARN_UNUSED_FUNCTION = NO;
				GCC_WARN_UNUSED_VARIABLE = NO;
				INSTALL_PATH = "@executable_path";
				LD_RUNPATH_SEARCH_PATHS = "@executable_path";
				LIBRARY_SEARCH_PATHS = (
					"$(inherited)",
					"$(WorkspaceDir)/operating_system",
					"$(WorkspaceDir)/../operating_system/storage-$(PLATFORM_MODIFIER)/$(CONFIGURATION)/library",
				);
				OTHER_LDFLAGS = "-all_load";
				PRODUCT_NAME = "$(TARGET_NAME)";
				RUN_CLANG_STATIC_ANALYZER = NO;
				SDKROOT = macosx;
				SKIP_INSTALL = YES;
				STRINGS_FILE_OUTPUT_ENCODING = "UTF-8";
				SYSTEM_HEADER_SEARCH_PATHS = (
					"$(WorkspaceDir)/operating_system/operating_system-$(PLATFORM_MODIFIER)/include",
					"$(WorkspaceDir)/operating_system/operating_system-$(PLATFORM_MODIFIER)/configuration",
					"$(WorkspaceDir)/port/include",
					"$(WorkspaceDir)/source/app/include",
				);
				USER_HEADER_SEARCH_PATHS = (
					.,
					"$(WorkspaceDir)/source",
					"$(WorkspaceDir)/source/app",
					"$(WorkspaceDir)/source/app/_include",
					"$(WorkspaceDir)/operating_system",
					"$(WorkspaceDir)/operating_system/operating_system-$(PLATFORM_MODIFIER)",
					"$(WorkspaceDir)/operating_system/operating_system-$(PLATFORM_MODIFIER)/configuration_selection/$(CONFIGURATION)",
					"$(WorkspaceDir)/operating_system/operating_system-apple",
					"$(WorkspaceDir)/operating_system/operating_system-darwin",
					"$(WorkspaceDir)/operating_system/operating_system-posix",
					"$(WorkspaceDir)/port/_",
					"$(PROJECT_DIR)",
					"$(PROJECT_DIR)/..",
					"$(PROJECT_DIR)/../..",
					"$(HOME)/sensitive/sensitive/include",
				);
				USE_HEADERMAP = NO;
				VALIDATE_PRODUCT = YES;
				WorkspaceDir = "$(SRCROOT)/../../..";
			};
			name = Release;
		};
		9A7E17732C9DFBB600EE8CA6 /* Debug */ = {
			isa = XCBuildConfiguration;
			baseConfigurationReference = 9A7E17892C9DFCD900EE8CA6 /* _____debug.xcconfig */;
			buildSettings = {
				DYLIB_COMPATIBILITY_VERSION = 1;
				DYLIB_CURRENT_VERSION = 1;
				ENABLE_HARDENED_RUNTIME = YES;
				EXECUTABLE_EXTENSION = dylib;
				EXECUTABLE_PREFIX = lib;
				GCC_ENABLE_CPP_EXCEPTIONS = YES;
				GCC_ENABLE_CPP_RTTI = YES;
				MACH_O_TYPE = mh_dylib;
				PLATFORM_MODIFIER = macos;
				PRODUCT_NAME = "$(TARGET_NAME)";
				SDKROOT = macosx;
				SKIP_INSTALL = YES;
			};
			name = Debug;
		};
		9A7E17742C9DFBB600EE8CA6 /* Release */ = {
			isa = XCBuildConfiguration;
			baseConfigurationReference = 9A7E178A2C9DFCD900EE8CA6 /* _____release.xcconfig */;
			buildSettings = {
				DYLIB_COMPATIBILITY_VERSION = 1;
				DYLIB_CURRENT_VERSION = 1;
				ENABLE_HARDENED_RUNTIME = YES;
				EXECUTABLE_EXTENSION = dylib;
				EXECUTABLE_PREFIX = lib;
				GCC_ENABLE_CPP_EXCEPTIONS = YES;
				GCC_ENABLE_CPP_RTTI = YES;
				MACH_O_TYPE = mh_dylib;
				PLATFORM_MODIFIER = macos;
				PRODUCT_NAME = "$(TARGET_NAME)";
				SDKROOT = macosx;
				SKIP_INSTALL = YES;
			};
			name = Release;
		};
/* End XCBuildConfiguration section */

/* Begin XCConfigurationList section */
		9A7E17622C9DFBB600EE8CA6 /* Build configuration list for PBXProject "acme_windowing_appkit" */ = {
			isa = XCConfigurationList;
			buildConfigurations = (
				9A7E17702C9DFBB600EE8CA6 /* Debug */,
				9A7E17712C9DFBB600EE8CA6 /* Release */,
			);
			defaultConfigurationIsVisible = 0;
			defaultConfigurationName = Release;
		};
		9A7E17722C9DFBB600EE8CA6 /* Build configuration list for PBXNativeTarget "acme_windowing_appkit" */ = {
			isa = XCConfigurationList;
			buildConfigurations = (
				9A7E17732C9DFBB600EE8CA6 /* Debug */,
				9A7E17742C9DFBB600EE8CA6 /* Release */,
			);
			defaultConfigurationIsVisible = 0;
			defaultConfigurationName = Release;
		};
/* End XCConfigurationList section */
	};
	rootObject = 9A7E175F2C9DFBB600EE8CA6 /* Project object */;
}
