// !$*UTF8*$!
{
	archiveVersion = 1;
	classes = {
	};
	objectVersion = 54;
	objects = {

/* Begin PBXBuildFile section */
		AD2D0756F60C9893678DEA2A /* mouse_hook.h in Headers */ = {isa = PBXBuildFile; fileRef = AD8B530D5DEFFB273E307393 /* mouse_hook.h */; };
		F1023B44CAE870B337981727 /* keyboard_hook.mm in Sources */ = {isa = PBXBuildFile; fileRef = D7843189227714F8E27320B5 /* keyboard_hook.mm */; };
		590293D732747DD2681ED5E6 /* framework.cpp in Sources */ = {isa = PBXBuildFile; fileRef = BF59C811D4AF8392A817CBBF /* framework.cpp */; };
		8F259626FD64CDBC23CD201D /* keyboard_hook.h in Headers */ = {isa = PBXBuildFile; fileRef = 6EC1549215D527A386B194D2 /* keyboard_hook.h */; };
		B2919D8B82871A4DCE431085 /* mouse_hook.mm in Sources */ = {isa = PBXBuildFile; fileRef = BDD0A26012F3E9EB66156481 /* mouse_hook.mm */; };
		ED7BD28148BE63E252D32997 /* framework.h in Headers */ = {isa = PBXBuildFile; fileRef = C240589569F7807EC994AD94 /* framework.h */; };
		604990FC5286FD27E906E00F /* _factory.cpp in Sources */ = {isa = PBXBuildFile; fileRef = 2F6AD8202BAC33E902E16234 /* _factory.cpp */; };
		13CE5299AAC98D22CDF1A085 /* _.h in Headers */ = {isa = PBXBuildFile; fileRef = 544A9D6E9032F3953FA2FF8E /* _.h */; };
		2D5D3645438B729279064ADD /* input.cpp in Sources */ = {isa = PBXBuildFile; fileRef = 55D99F6D76BE4B83D51048E8 /* input.cpp */; };
		5056E96728FA2F64AF36E8B5 /* input.h in Headers */ = {isa = PBXBuildFile; fileRef = 7B50743B60A8EABC9CC26849 /* input.h */; };
		89F74683748E27A4D1D4E7AB /* keyboard_hook_authorization.mm in Sources */ = {isa = PBXBuildFile; fileRef = D550052F6996929AA7F529E7 /* keyboard_hook_authorization.mm */; };
		91E172C12A4F8EFC99EEB36B /* keyboard_hook.cpp in Sources */ = {isa = PBXBuildFile; fileRef = 6FF00F987536C7117ABCDDDD /* keyboard_hook.cpp */; };
		DD6174C391815E1823E82A16 /* mouse_hook.cpp in Sources */ = {isa = PBXBuildFile; fileRef = F0919CB177F5351B9F210AD9 /* mouse_hook.cpp */; };
		DBF6EC7CA4692D7F76615482 /* _c_mm.h in Headers */ = {isa = PBXBuildFile; fileRef = 6B157F24696CFDBFD0A0F2F6 /* _c_mm.h */; };
		417BE2FE7B06E6292987547D /* AppKit.framework in Frameworks */ = {isa = PBXBuildFile; fileRef = 976C258C2E89E4216EEEC011 /* AppKit.framework */; };
		7E382A5FA94F5BD43E04384B /* Carbon.framework in Frameworks */ = {isa = PBXBuildFile; fileRef = B8DEA057C7B3E1C2BBF23298 /* Carbon.framework */; };
		91069A9EFDEDD3D354D31119 /* libacme.dylib in Frameworks */ = {isa = PBXBuildFile; fileRef = 478E297A60E509A34952DBAB /* libacme.dylib */; };
		8DF3B44E9354C729BDEBFB84 /* libapex.dylib in Frameworks */ = {isa = PBXBuildFile; fileRef = D8C1C4C8F489931333FDDD13 /* libapex.dylib */; };
		900DFFAE446638E959253B58 /* libaura.dylib in Frameworks */ = {isa = PBXBuildFile; fileRef = 1D54D2C5D4F58F9AC726ABBD /* libaura.dylib */; };
/* End PBXBuildFile section */

/* Begin PBXContainerItemProxy section */
		FB66287625A25713A8278087 /* PBXContainerItemProxy */ = {
			isa = PBXContainerItemProxy;
			containerPortal = 8036F9E1D9CB8C0A5704D47E /* aura.xcodeproj */;
			proxyType = 2;
			remoteGlobalIDString = E4417B3C048CFEB95EEAB513;
			remoteInfo = aura;
		};
		FAFDFFB4B23529F9C7F26B8C /* PBXContainerItemProxy */ = {
			isa = PBXContainerItemProxy;
			containerPortal = 8036F9E1D9CB8C0A5704D47E /* aura.xcodeproj */;
			proxyType = 2;
			remoteGlobalIDString = 443EFA39F2FC24A6099F2688;
			remoteInfo = ios_aura;
		};
		7A0C7BE3285BD2259176D235 /* PBXContainerItemProxy */ = {
			isa = PBXContainerItemProxy;
			containerPortal = 8036F9E1D9CB8C0A5704D47E /* aura.xcodeproj */;
			proxyType = 2;
			remoteGlobalIDString = 430A724391C0109CE61F368C;
			remoteInfo = aura_iosTests;
		};
		4585C189908AA1F5F34AC0DA /* PBXContainerItemProxy */ = {
			isa = PBXContainerItemProxy;
			containerPortal = 8036F9E1D9CB8C0A5704D47E /* aura.xcodeproj */;
			proxyType = 1;
			remoteGlobalIDString = A7460B7BA348DC6C50506755;
			remoteInfo = aura;
		};
/* End PBXContainerItemProxy section */

/* Begin PBXFileReference section */
		3A79EE3BD66EA544FE8D7FA3 /* libinput_appkit.dylib */ = {isa = PBXFileReference; explicitFileType = "compiled.mach-o.dylib"; includeInIndex = 0; path = libinput_appkit.dylib; sourceTree = BUILT_PRODUCTS_DIR; };
		AD8B530D5DEFFB273E307393 /* mouse_hook.h */ = {isa = PBXFileReference; fileEncoding = 4; lastKnownFileType = sourcecode.c.h; path = mouse_hook.h; sourceTree = "<group>"; };
		8BB59524F939DE1FAA767468 /* _____debug.xcconfig */ = {isa = PBXFileReference; fileEncoding = 4; lastKnownFileType = text.xcconfig; path = "_____debug.xcconfig"; sourceTree = "<group>"; };
		D7843189227714F8E27320B5 /* keyboard_hook.mm */ = {isa = PBXFileReference; fileEncoding = 4; lastKnownFileType = sourcecode.cpp.objcpp; path = keyboard_hook.mm; sourceTree = "<group>"; };
		BF59C811D4AF8392A817CBBF /* framework.cpp */ = {isa = PBXFileReference; fileEncoding = 4; lastKnownFileType = sourcecode.cpp.cpp; path = framework.cpp; sourceTree = "<group>"; };
		6EC1549215D527A386B194D2 /* keyboard_hook.h */ = {isa = PBXFileReference; fileEncoding = 4; lastKnownFileType = sourcecode.c.h; path = keyboard_hook.h; sourceTree = "<group>"; };
		BDD0A26012F3E9EB66156481 /* mouse_hook.mm */ = {isa = PBXFileReference; fileEncoding = 4; lastKnownFileType = sourcecode.cpp.objcpp; path = mouse_hook.mm; sourceTree = "<group>"; };
		C240589569F7807EC994AD94 /* framework.h */ = {isa = PBXFileReference; fileEncoding = 4; lastKnownFileType = sourcecode.c.h; path = framework.h; sourceTree = "<group>"; };
		2F6AD8202BAC33E902E16234 /* _factory.cpp */ = {isa = PBXFileReference; fileEncoding = 4; lastKnownFileType = sourcecode.cpp.cpp; path = _factory.cpp; sourceTree = "<group>"; };
		D266CE5854CAAAA08BA517E0 /* _____release.xcconfig */ = {isa = PBXFileReference; fileEncoding = 4; lastKnownFileType = text.xcconfig; path = "_____release.xcconfig"; sourceTree = "<group>"; };
		544A9D6E9032F3953FA2FF8E /* _.h */ = {isa = PBXFileReference; fileEncoding = 4; lastKnownFileType = sourcecode.c.h; path = _.h; sourceTree = "<group>"; };
		55D99F6D76BE4B83D51048E8 /* input.cpp */ = {isa = PBXFileReference; fileEncoding = 4; lastKnownFileType = sourcecode.cpp.cpp; path = input.cpp; sourceTree = "<group>"; };
		7B50743B60A8EABC9CC26849 /* input.h */ = {isa = PBXFileReference; fileEncoding = 4; lastKnownFileType = sourcecode.c.h; path = input.h; sourceTree = "<group>"; };
		D550052F6996929AA7F529E7 /* keyboard_hook_authorization.mm */ = {isa = PBXFileReference; fileEncoding = 4; lastKnownFileType = sourcecode.cpp.objcpp; path = keyboard_hook_authorization.mm; sourceTree = "<group>"; };
		6FF00F987536C7117ABCDDDD /* keyboard_hook.cpp */ = {isa = PBXFileReference; fileEncoding = 4; lastKnownFileType = sourcecode.cpp.cpp; path = keyboard_hook.cpp; sourceTree = "<group>"; };
		F0919CB177F5351B9F210AD9 /* mouse_hook.cpp */ = {isa = PBXFileReference; fileEncoding = 4; lastKnownFileType = sourcecode.cpp.cpp; path = mouse_hook.cpp; sourceTree = "<group>"; };
		6B157F24696CFDBFD0A0F2F6 /* _c_mm.h */ = {isa = PBXFileReference; fileEncoding = 4; lastKnownFileType = sourcecode.c.h; path = _c_mm.h; sourceTree = "<group>"; };
		976C258C2E89E4216EEEC011 /* AppKit.framework */ = {isa = PBXFileReference; lastKnownFileType = wrapper.framework; name = AppKit.framework; path = System/Library/Frameworks/AppKit.framework; sourceTree = SDKROOT; };
		B8DEA057C7B3E1C2BBF23298 /* Carbon.framework */ = {isa = PBXFileReference; lastKnownFileType = wrapper.framework; name = Carbon.framework; path = System/Library/Frameworks/Carbon.framework; sourceTree = SDKROOT; };
		478E297A60E509A34952DBAB /* libacme.dylib */ = {isa = PBXFileReference; explicitFileType = "compiled.mach-o.dylib"; path = libacme.dylib; sourceTree = BUILT_PRODUCTS_DIR; };
		8036F9E1D9CB8C0A5704D47E /* aura.xcodeproj */ = {isa = PBXFileReference; lastKnownFileType = "wrapper.pb-project"; name = aura.xcodeproj; path = ../../../source/app/aura/aura.xcodeproj; sourceTree = SOURCE_ROOT; };
		D8C1C4C8F489931333FDDD13 /* libapex.dylib */ = {isa = PBXFileReference; explicitFileType = "compiled.mach-o.dylib"; path = libapex.dylib; sourceTree = BUILT_PRODUCTS_DIR; };
/* End PBXFileReference section */

/* Begin PBXFrameworksBuildPhase section */
		0BD29547A49FBF0873291AD7 /* Frameworks */ = {
			isa = PBXFrameworksBuildPhase;
			buildActionMask = 2147483647;
			files = (
				900DFFAE446638E959253B58 /* libaura.dylib in Frameworks */,
				8DF3B44E9354C729BDEBFB84 /* libapex.dylib in Frameworks */,
				91069A9EFDEDD3D354D31119 /* libacme.dylib in Frameworks */,
				7E382A5FA94F5BD43E04384B /* Carbon.framework in Frameworks */,
				417BE2FE7B06E6292987547D /* AppKit.framework in Frameworks */,
			);
			runOnlyForDeploymentPostprocessing = 0;
		};
/* End PBXFrameworksBuildPhase section */

/* Begin PBXGroup section */
		9AEE245DC480931EAED75540 = {
			isa = PBXGroup;
			children = (
				8036F9E1D9CB8C0A5704D47E /* aura.xcodeproj */,
				F9CBD4C10B558D8363684B0B /* input_appkit */,
				309ABEBF7A16027C37685F0A /* Products */,
				C614E863450F315B201E63BD /* Frameworks */,
			);
			sourceTree = "<group>";
		};
		309ABEBF7A16027C37685F0A /* Products */ = {
			isa = PBXGroup;
			children = (
				3A79EE3BD66EA544FE8D7FA3 /* libinput_appkit.dylib */,
			);
			name = Products;
			sourceTree = "<group>";
		};
		F9CBD4C10B558D8363684B0B /* input_appkit */ = {
			isa = PBXGroup;
			children = (
				8BB59524F939DE1FAA767468 /* _____debug.xcconfig */,
				D266CE5854CAAAA08BA517E0 /* _____release.xcconfig */,
				544A9D6E9032F3953FA2FF8E /* _.h */,
				6B157F24696CFDBFD0A0F2F6 /* _c_mm.h */,
				2F6AD8202BAC33E902E16234 /* _factory.cpp */,
				BF59C811D4AF8392A817CBBF /* framework.cpp */,
				C240589569F7807EC994AD94 /* framework.h */,
				55D99F6D76BE4B83D51048E8 /* input.cpp */,
				7B50743B60A8EABC9CC26849 /* input.h */,
				D550052F6996929AA7F529E7 /* keyboard_hook_authorization.mm */,
				6FF00F987536C7117ABCDDDD /* keyboard_hook.cpp */,
				6EC1549215D527A386B194D2 /* keyboard_hook.h */,
				D7843189227714F8E27320B5 /* keyboard_hook.mm */,
				F0919CB177F5351B9F210AD9 /* mouse_hook.cpp */,
				AD8B530D5DEFFB273E307393 /* mouse_hook.h */,
				BDD0A26012F3E9EB66156481 /* mouse_hook.mm */,
			);
			name = input_appkit;
			sourceTree = "<group>";
		};
		C614E863450F315B201E63BD /* Frameworks */ = {
			isa = PBXGroup;
			children = (
				D8C1C4C8F489931333FDDD13 /* libapex.dylib */,
				478E297A60E509A34952DBAB /* libacme.dylib */,
				B8DEA057C7B3E1C2BBF23298 /* Carbon.framework */,
				976C258C2E89E4216EEEC011 /* AppKit.framework */,
			);
			name = Frameworks;
			sourceTree = "<group>";
		};
		83FD1B636537205A33D5ED89 /* Products */ = {
			isa = PBXGroup;
			children = (
				1D54D2C5D4F58F9AC726ABBD /* libaura.dylib */,
				D9B915966F800B8F78D350B8 /* libios_aura.a */,
				649CC3779008E13FA5FCBCCA /* aura_iosTests.xctest */,
			);
			name = Products;
			sourceTree = "<group>";
		};
/* End PBXGroup section */

/* Begin PBXHeadersBuildPhase section */
		13C15C44256D702FEA1E4BFE /* Headers */ = {
			isa = PBXHeadersBuildPhase;
			buildActionMask = 2147483647;
			files = (
				DBF6EC7CA4692D7F76615482 /* _c_mm.h in Headers */,
				13CE5299AAC98D22CDF1A085 /* _.h in Headers */,
				ED7BD28148BE63E252D32997 /* framework.h in Headers */,
				5056E96728FA2F64AF36E8B5 /* input.h in Headers */,
				8F259626FD64CDBC23CD201D /* keyboard_hook.h in Headers */,
				AD2D0756F60C9893678DEA2A /* mouse_hook.h in Headers */,
			);
			runOnlyForDeploymentPostprocessing = 0;
		};
/* End PBXHeadersBuildPhase section */

/* Begin PBXNativeTarget section */
		94DCFD24E5F03D5FA97D0D2D /* input_appkit */ = {
			isa = PBXNativeTarget;
			buildConfigurationList = 4A08746AB031F449D9C62C8D /* Build configuration list for PBXNativeTarget "input_appkit" */;
			buildPhases = (
				13C15C44256D702FEA1E4BFE /* Headers */,
				C87497EDB1915EF28D3CB63E /* Sources */,
				0BD29547A49FBF0873291AD7 /* Frameworks */,
				526B0DA5ABC3A27CA98B599D /* ShellScript */,
			);
			buildRules = (
			);
			dependencies = (
				E9C0455A70C9E9A091036EC1 /* PBXTargetDependency */,
			);
			name = input_appkit;
			productName = input_appkit;
			productReference = 3A79EE3BD66EA544FE8D7FA3 /* libinput_appkit.dylib */;
			productType = "com.apple.product-type.library.dynamic";
		};
/* End PBXNativeTarget section */

/* Begin PBXProject section */
		1C02C1A7966B2A033E2DFFDE /* Project object */ = {
			isa = PBXProject;
			attributes = {
				BuildIndependentTargetsInParallel = 1;
				LastUpgradeCheck = 1500;
				ORGANIZATIONNAME = "ca2 Software Development";
				TargetAttributes = {
					94DCFD24E5F03D5FA97D0D2D = {
						CreatedOnToolsVersion = 15.0;
					};
				};
			};
			buildConfigurationList = E16680D62EDE651155888E64 /* Build configuration list for PBXProject "input_appkit" */;
			compatibilityVersion = "Xcode 12.0";
			developmentRegion = en;
			hasScannedForEncodings = 0;
			knownRegions = (
				en,
				Base,
			);
			mainGroup = 9AEE245DC480931EAED75540;
			productRefGroup = 309ABEBF7A16027C37685F0A /* Products */;
			projectDirPath = "";
			projectReferences = (
				{
					ProductGroup = 83FD1B636537205A33D5ED89 /* Products */;
					ProjectRef = 8036F9E1D9CB8C0A5704D47E /* aura.xcodeproj */;
				},
			);
			projectRoot = "";
			targets = (
				94DCFD24E5F03D5FA97D0D2D /* input_appkit */,
			);
		};
/* End PBXProject section */

/* Begin PBXReferenceProxy section */
		1D54D2C5D4F58F9AC726ABBD /* libaura.dylib */ = {
			isa = PBXReferenceProxy;
			fileType = "compiled.mach-o.dylib";
			path = libaura.dylib;
			remoteRef = FB66287625A25713A8278087 /* PBXContainerItemProxy */;
			sourceTree = BUILT_PRODUCTS_DIR;
		};
		D9B915966F800B8F78D350B8 /* libios_aura.a */ = {
			isa = PBXReferenceProxy;
			fileType = archive.ar;
			path = libios_aura.a;
			remoteRef = FAFDFFB4B23529F9C7F26B8C /* PBXContainerItemProxy */;
			sourceTree = BUILT_PRODUCTS_DIR;
		};
		649CC3779008E13FA5FCBCCA /* aura_iosTests.xctest */ = {
			isa = PBXReferenceProxy;
			fileType = wrapper.cfbundle;
			path = aura_iosTests.xctest;
			remoteRef = 7A0C7BE3285BD2259176D235 /* PBXContainerItemProxy */;
			sourceTree = BUILT_PRODUCTS_DIR;
		};
/* End PBXReferenceProxy section */

/* Begin PBXShellScriptBuildPhase section */
		526B0DA5ABC3A27CA98B599D /* ShellScript */ = {
			isa = PBXShellScriptBuildPhase;
			buildActionMask = 2147483647;
			files = (
			);
			inputFileListPaths = (
			);
			inputPaths = (
				"$(BUILT_PRODUCTS_DIR)/$(EXECUTABLE_NAME)",
				"$(WorkspaceDir)/output_copy.txt",
			);
			outputFileListPaths = (
			);
			outputPaths = (
				"$(WorkspaceDir)/time-$(PLATFORM_MODIFIER)/output-$(CONFIIGURATION)/$(EXECUTABLE_NAME)",
			);
			runOnlyForDeploymentPostprocessing = 0;
			shellPath = /bin/sh;
			shellScript = ". $HOME/code/operating_system/tool/bin/_on_after_build_dylib\n";
		};
/* End PBXShellScriptBuildPhase section */

/* Begin PBXSourcesBuildPhase section */
		C87497EDB1915EF28D3CB63E /* Sources */ = {
			isa = PBXSourcesBuildPhase;
			buildActionMask = 2147483647;
			files = (
				DD6174C391815E1823E82A16 /* mouse_hook.cpp in Sources */,
				604990FC5286FD27E906E00F /* _factory.cpp in Sources */,
				89F74683748E27A4D1D4E7AB /* keyboard_hook_authorization.mm in Sources */,
				B2919D8B82871A4DCE431085 /* mouse_hook.mm in Sources */,
				2D5D3645438B729279064ADD /* input.cpp in Sources */,
				590293D732747DD2681ED5E6 /* framework.cpp in Sources */,
				91E172C12A4F8EFC99EEB36B /* keyboard_hook.cpp in Sources */,
				F1023B44CAE870B337981727 /* keyboard_hook.mm in Sources */,
			);
			runOnlyForDeploymentPostprocessing = 0;
		};
/* End PBXSourcesBuildPhase section */

/* Begin PBXTargetDependency section */
		E9C0455A70C9E9A091036EC1 /* PBXTargetDependency */ = {
			isa = PBXTargetDependency;
			name = aura;
			targetProxy = 4585C189908AA1F5F34AC0DA /* PBXContainerItemProxy */;
		};
/* End PBXTargetDependency section */

/* Begin XCBuildConfiguration section */
		70B1E4BF16DC1D8463D081A9 /* Debug */ = {
			isa = XCBuildConfiguration;
			baseConfigurationReference = 8BB59524F939DE1FAA767468 /* _____debug.xcconfig */;
			buildSettings = {
				ALWAYS_SEARCH_USER_PATHS = NO;
				ASSETCATALOG_COMPILER_GENERATE_SWIFT_ASSET_SYMBOL_EXTENSIONS = YES;
				BUILD_LIBRARY_FOR_DISTRIBUTION = YES;
				CLANG_ANALYZER_GCD = YES;
				CLANG_ANALYZER_LOCALIZABILITY_NONLOCALIZED = YES;
				CLANG_ANALYZER_MEMORY_MANAGEMENT = YES;
				CLANG_ANALYZER_NONNULL = YES;
				CLANG_ANALYZER_NUMBER_OBJECT_CONVERSION = YES_AGGRESSIVE;
				CLANG_CXX_LANGUAGE_STANDARD = "c++20";
				CLANG_CXX_LIBRARY = "libc++";
				CLANG_ENABLE_CPP_STATIC_DESTRUCTORS = YES;
				CLANG_ENABLE_MODULES = NO;
				CLANG_ENABLE_OBJC_ARC = YES;
				CLANG_ENABLE_OBJC_WEAK = YES;
				CLANG_STATIC_ANALYZER_MODE = deep;
				CLANG_STATIC_ANALYZER_MODE_ON_ANALYZE_ACTION = deep;
				CLANG_WARN_BLOCK_CAPTURE_AUTORELEASING = YES;
				CLANG_WARN_BOOL_CONVERSION = NO;
				CLANG_WARN_COMMA = YES;
				CLANG_WARN_CONSTANT_CONVERSION = NO;
				CLANG_WARN_DEPRECATED_OBJC_IMPLEMENTATIONS = YES;
				CLANG_WARN_DIRECT_OBJC_ISA_USAGE = YES;
				CLANG_WARN_DOCUMENTATION_COMMENTS = YES;
				CLANG_WARN_EMPTY_BODY = NO;
				CLANG_WARN_ENUM_CONVERSION = NO;
				CLANG_WARN_INFINITE_RECURSION = YES;
				CLANG_WARN_INT_CONVERSION = NO;
				CLANG_WARN_NON_LITERAL_NULL_CONVERSION = YES;
				CLANG_WARN_OBJC_IMPLICIT_RETAIN_SELF = YES;
				CLANG_WARN_OBJC_LITERAL_CONVERSION = YES;
				CLANG_WARN_OBJC_ROOT_CLASS = YES_ERROR;
				CLANG_WARN_PRAGMA_PACK = NO;
				CLANG_WARN_QUOTED_INCLUDE_IN_FRAMEWORK_HEADER = YES;
				CLANG_WARN_RANGE_LOOP_ANALYSIS = YES;
				CLANG_WARN_STRICT_PROTOTYPES = YES;
				CLANG_WARN_SUSPICIOUS_MOVE = YES;
				CLANG_WARN_UNGUARDED_AVAILABILITY = YES_AGGRESSIVE;
				CLANG_WARN_UNREACHABLE_CODE = YES;
				CLANG_WARN__DUPLICATE_METHOD_MATCH = NO;
				FRAMEWORK_SEARCH_PATHS = (
					"$(inherited)",
					"$(DEVELOPER_FRAMEWORKS_DIR)",
					"$(WorkspaceDir)/../operating_system/storage-$(PLATFORM_MODIFIER)/$(CONFIGURATION)/framework",
				);
				CODE_SIGN_IDENTITY = "Apple Development";
				COPY_PHASE_STRIP = NO;
				DEAD_CODE_STRIPPING = NO;
				DEBUG_INFORMATION_FORMAT = "dwarf-with-dsym";
				DEPLOYMENT_POSTPROCESSING = YES;
				ENABLE_STRICT_OBJC_MSGSEND = YES;
				ENABLE_TESTABILITY = YES;
				ENABLE_USER_SCRIPT_SANDBOXING = YES;
				EXCLUDED_ARCHS = "";
				EXECUTABLE_EXTENSION = dylib;
				EXECUTABLE_PREFIX = lib;
				GCC_C_LANGUAGE_STANDARD = c11;
				GCC_DYNAMIC_NO_PIC = NO;
				GCC_ENABLE_CPP_EXCEPTIONS = YES;
				GCC_ENABLE_CPP_RTTI = YES;
				GCC_GENERATE_DEBUGGING_SYMBOLS = YES;
				GCC_INCREASE_PRECOMPILED_HEADER_SHARING = NO;
				GCC_NO_COMMON_BLOCKS = YES;
				GCC_OPTIMIZATION_LEVEL = 0;
				GCC_PRECOMPILE_PREFIX_HEADER = YES;
				GCC_PREFIX_HEADER = framework.h;
				GCC_PREPROCESSOR_DEFINITIONS = "$(inherited)";
				GCC_REUSE_STRINGS = YES;
				GCC_SYMBOLS_PRIVATE_EXTERN = NO;
				GCC_VERSION = "";
				GCC_WARN_64_TO_32_BIT_CONVERSION = NO;
				"GCC_WARN_64_TO_32_BIT_CONVERSION[arch=*64]" = YES;
				GCC_WARN_ABOUT_DEPRECATED_FUNCTIONS = NO;
				GCC_WARN_ABOUT_POINTER_SIGNEDNESS = YES;
				GCC_WARN_ABOUT_RETURN_TYPE = NO;
				GCC_WARN_UNDECLARED_SELECTOR = NO;
				GCC_WARN_UNINITIALIZED_AUTOS = NO;
				GCC_WARN_UNUSED_FUNCTION = NO;
				GCC_WARN_UNUSED_VARIABLE = NO;
				HEADER_SEARCH_PATHS = "";
				LD_RUNPATH_SEARCH_PATHS = "@executable_path @loader_path";
				LIBRARY_SEARCH_PATHS = (
					"$(inherited)",
					"$(WorkspaceDir)/operating_system",
					"$(WorkspaceDir)/../operating_system/storage-$(PLATFORM_MODIFIER)/$(CONFIGURATION)/library",
				);
				LOCALIZATION_PREFERS_STRING_CATALOGS = YES;
				MACOSX_DEPLOYMENT_TARGET = 14.0;
				MTL_ENABLE_DEBUG_INFO = INCLUDE_SOURCE;
				MTL_FAST_MATH = YES;
				ONLY_ACTIVE_ARCH = YES;
				OTHER_LDFLAGS = "-all_load";
				PLATFORM_MODIFIER = macos;
				PRODUCT_NAME = "$(TARGET_NAME)";
				RUN_CLANG_STATIC_ANALYZER = NO;
				SDKROOT = macosx;
				SKIP_INSTALL = YES;
				STRINGS_FILE_OUTPUT_ENCODING = "UTF-8";
				STRIP_INSTALLED_PRODUCT = NO;
				SYSTEM_HEADER_SEARCH_PATHS = (
					"$(WorkspaceDir)/operating_system/operating_system-$(PLATFORM_MODIFIER)/include",
					"$(WorkspaceDir)/operating_system/operating_system-$(PLATFORM_MODIFIER)/configuration",
					"$(WorkspaceDir)/port/include",
					"$(WorkspaceDir)/source/app/include",
				);
				USER_HEADER_SEARCH_PATHS = (
					.,
					"$(WorkspaceDir)/source",
					"$(WorkspaceDir)/source/app",
					"$(WorkspaceDir)/source/app/_include",
					"$(WorkspaceDir)/operating_system",
					"$(WorkspaceDir)/operating_system/operating_system-$(PLATFORM_MODIFIER)",
					"$(WorkspaceDir)/operating_system/operating_system-$(PLATFORM_MODIFIER)/configuration_selection/$(CONFIGURATION)",
					"$(WorkspaceDir)/port/_",
					"$(PROJECT_DIR)",
					"$(PROJECT_DIR)/..",
					"$(PROJECT_DIR)/../..",
					"$(HOME)/sensitive/sensitive/include",
				);
				USE_HEADERMAP = NO;
				WorkspaceDir = "$(SRCROOT)/../../..";
			};
			name = Debug;
		};
		598C61EF71794B875DE96739 /* Release */ = {
			isa = XCBuildConfiguration;
			baseConfigurationReference = D266CE5854CAAAA08BA517E0 /* _____release.xcconfig */;
			buildSettings = {
				ALWAYS_SEARCH_USER_PATHS = NO;
				ASSETCATALOG_COMPILER_GENERATE_SWIFT_ASSET_SYMBOL_EXTENSIONS = YES;
				BUILD_LIBRARY_FOR_DISTRIBUTION = YES;
				CLANG_ANALYZER_GCD = YES;
				CLANG_ANALYZER_LOCALIZABILITY_NONLOCALIZED = YES;
				CLANG_ANALYZER_MEMORY_MANAGEMENT = YES;
				CLANG_ANALYZER_NONNULL = YES;
				CLANG_ANALYZER_NUMBER_OBJECT_CONVERSION = YES_AGGRESSIVE;
				CLANG_CXX_LANGUAGE_STANDARD = "c++20";
				CLANG_CXX_LIBRARY = "libc++";
				CLANG_ENABLE_CPP_STATIC_DESTRUCTORS = YES;
				CLANG_ENABLE_MODULES = NO;
				CLANG_ENABLE_OBJC_ARC = YES;
				CLANG_ENABLE_OBJC_WEAK = YES;
				CLANG_STATIC_ANALYZER_MODE = deep;
				CLANG_STATIC_ANALYZER_MODE_ON_ANALYZE_ACTION = deep;
				CLANG_WARN_BLOCK_CAPTURE_AUTORELEASING = YES;
				CLANG_WARN_BOOL_CONVERSION = NO;
				CLANG_WARN_COMMA = YES;
				CLANG_WARN_CONSTANT_CONVERSION = NO;
				CLANG_WARN_DEPRECATED_OBJC_IMPLEMENTATIONS = YES;
				CLANG_WARN_DIRECT_OBJC_ISA_USAGE = YES;
				CLANG_WARN_DOCUMENTATION_COMMENTS = YES;
				CLANG_WARN_EMPTY_BODY = NO;
				CLANG_WARN_ENUM_CONVERSION = NO;
				CLANG_WARN_INFINITE_RECURSION = YES;
				CLANG_WARN_INT_CONVERSION = NO;
				CLANG_WARN_NON_LITERAL_NULL_CONVERSION = YES;
				CLANG_WARN_OBJC_IMPLICIT_RETAIN_SELF = YES;
				CLANG_WARN_OBJC_LITERAL_CONVERSION = YES;
				CLANG_WARN_OBJC_ROOT_CLASS = YES_ERROR;
				CLANG_WARN_PRAGMA_PACK = NO;
				CLANG_WARN_QUOTED_INCLUDE_IN_FRAMEWORK_HEADER = YES;
				CLANG_WARN_RANGE_LOOP_ANALYSIS = YES;
				CLANG_WARN_STRICT_PROTOTYPES = YES;
				CLANG_WARN_SUSPICIOUS_MOVE = YES;
				CLANG_WARN_UNGUARDED_AVAILABILITY = YES_AGGRESSIVE;
				CLANG_WARN_UNREACHABLE_CODE = YES;
				CLANG_WARN__DUPLICATE_METHOD_MATCH = NO;
				FRAMEWORK_SEARCH_PATHS = (
					"$(inherited)",
					"$(DEVELOPER_FRAMEWORKS_DIR)",
					"$(WorkspaceDir)/../operating_system/storage-$(PLATFORM_MODIFIER)/$(CONFIGURATION)/framework",
				);
				CODE_SIGN_IDENTITY = "Apple Development";
				COPY_PHASE_STRIP = NO;
				DEAD_CODE_STRIPPING = NO;
				DEBUG_INFORMATION_FORMAT = "dwarf-with-dsym";
				DEPLOYMENT_POSTPROCESSING = YES;
				ENABLE_HARDENED_RUNTIME = YES;
				ENABLE_NS_ASSERTIONS = NO;
				ENABLE_STRICT_OBJC_MSGSEND = YES;
				ENABLE_USER_SCRIPT_SANDBOXING = YES;
				EXCLUDED_ARCHS = "";
				EXECUTABLE_EXTENSION = dylib;
				EXECUTABLE_PREFIX = lib;
				GCC_C_LANGUAGE_STANDARD = c11;
				GCC_ENABLE_CPP_EXCEPTIONS = YES;
				GCC_ENABLE_CPP_RTTI = YES;
				GCC_GENERATE_DEBUGGING_SYMBOLS = YES;
				GCC_INCREASE_PRECOMPILED_HEADER_SHARING = NO;
				GCC_NO_COMMON_BLOCKS = YES;
				GCC_OPTIMIZATION_LEVEL = 0;
				GCC_PRECOMPILE_PREFIX_HEADER = YES;
				GCC_PREFIX_HEADER = framework.h;
				GCC_PREPROCESSOR_DEFINITIONS = "";
				GCC_REUSE_STRINGS = YES;
				GCC_VERSION = "";
				GCC_WARN_64_TO_32_BIT_CONVERSION = NO;
				"GCC_WARN_64_TO_32_BIT_CONVERSION[arch=*64]" = YES;
				GCC_WARN_ABOUT_DEPRECATED_FUNCTIONS = NO;
				GCC_WARN_ABOUT_POINTER_SIGNEDNESS = YES;
				GCC_WARN_ABOUT_RETURN_TYPE = NO;
				GCC_WARN_UNDECLARED_SELECTOR = NO;
				GCC_WARN_UNINITIALIZED_AUTOS = NO;
				GCC_WARN_UNUSED_FUNCTION = NO;
				GCC_WARN_UNUSED_VARIABLE = NO;
				HEADER_SEARCH_PATHS = "";
				LD_RUNPATH_SEARCH_PATHS = "@executable_path @loader_path";
				LIBRARY_SEARCH_PATHS = (
					"$(inherited)",
					"$(WorkspaceDir)/operating_system",
					"$(WorkspaceDir)/../operating_system/storage-$(PLATFORM_MODIFIER)/$(CONFIGURATION)/library",
				);
				LOCALIZATION_PREFERS_STRING_CATALOGS = YES;
				MACOSX_DEPLOYMENT_TARGET = 14.0;
				MTL_ENABLE_DEBUG_INFO = NO;
				MTL_FAST_MATH = YES;
				OTHER_LDFLAGS = "-all_load";
				PLATFORM_MODIFIER = macos;
				PRODUCT_NAME = "$(TARGET_NAME)";
				RUN_CLANG_STATIC_ANALYZER = NO;
				SDKROOT = macosx;
				SKIP_INSTALL = YES;
				STRINGS_FILE_OUTPUT_ENCODING = "UTF-8";
				STRIP_INSTALLED_PRODUCT = NO;
				SYSTEM_HEADER_SEARCH_PATHS = (
					"$(WorkspaceDir)/operating_system/operating_system-$(PLATFORM_MODIFIER)/include",
					"$(WorkspaceDir)/operating_system/operating_system-$(PLATFORM_MODIFIER)/configuration",
					"$(WorkspaceDir)/port/include",
					"$(WorkspaceDir)/source/app/include",
				);
				USER_HEADER_SEARCH_PATHS = (
					.,
					"$(WorkspaceDir)/source",
					"$(WorkspaceDir)/source/app",
					"$(WorkspaceDir)/source/app/_include",
					"$(WorkspaceDir)/operating_system",
					"$(WorkspaceDir)/operating_system/operating_system-$(PLATFORM_MODIFIER)",
					"$(WorkspaceDir)/operating_system/operating_system-$(PLATFORM_MODIFIER)/configuration_selection/$(CONFIGURATION)",
					"$(WorkspaceDir)/port/_",
					"$(PROJECT_DIR)",
					"$(PROJECT_DIR)/..",
					"$(PROJECT_DIR)/../..",
					"$(HOME)/sensitive/sensitive/include",
				);
				USE_HEADERMAP = NO;
				VALIDATE_PRODUCT = YES;
				WorkspaceDir = "$(SRCROOT)/../../..";
			};
			name = Release;
		};
		59A9AB1CECED828AFE85DD25 /* Debug */ = {
			isa = XCBuildConfiguration;
			buildSettings = {
				CODE_SIGN_IDENTITY = "Mac Developer";
				CODE_SIGN_STYLE = Automatic;
				ENABLE_HARDENED_RUNTIME = YES;
				EXECUTABLE_EXTENSION = dylib;
				MACH_O_TYPE = mh_dylib;
				PLATFORM_MODIFIER = macos;
				PROVISIONING_PROFILE_SPECIFIER = "";
				SDKROOT = macosx;
			};
			name = Debug;
		};
		02450CFD052ED3A15257BFC6 /* Release */ = {
			isa = XCBuildConfiguration;
			buildSettings = {
				CODE_SIGN_IDENTITY = "Mac Developer";
				CODE_SIGN_STYLE = Automatic;
				ENABLE_HARDENED_RUNTIME = YES;
				EXECUTABLE_EXTENSION = dylib;
				MACH_O_TYPE = mh_dylib;
				PLATFORM_MODIFIER = macos;
				PROVISIONING_PROFILE_SPECIFIER = "";
				SDKROOT = macosx;
			};
			name = Release;
		};
/* End XCBuildConfiguration section */

/* Begin XCConfigurationList section */
		E16680D62EDE651155888E64 /* Build configuration list for PBXProject "input_appkit" */ = {
			isa = XCConfigurationList;
			buildConfigurations = (
				70B1E4BF16DC1D8463D081A9 /* Debug */,
				598C61EF71794B875DE96739 /* Release */,
			);
			defaultConfigurationIsVisible = 0;
			defaultConfigurationName = Release;
		};
		4A08746AB031F449D9C62C8D /* Build configuration list for PBXNativeTarget "input_appkit" */ = {
			isa = XCConfigurationList;
			buildConfigurations = (
				59A9AB1CECED828AFE85DD25 /* Debug */,
				02450CFD052ED3A15257BFC6 /* Release */,
			);
			defaultConfigurationIsVisible = 0;
			defaultConfigurationName = Release;
		};
/* End XCConfigurationList section */
	};
	rootObject = 1C02C1A7966B2A033E2DFFDE /* Project object */;
}
