// !$*UTF8*$!
{
	archiveVersion = 1;
	classes = {
	};
	objectVersion = 54;
	objects = {

/* Begin PBXBuildFile section */
		9A1D5ED52751B037003D9B5F /* copydesk.mm in Sources */ = {isa = PBXBuildFile; fileRef = 9A440A3626548C38000C490B /* copydesk.mm */; };
		9A1D5ED62751B037003D9B5F /* cursor.cpp in Sources */ = {isa = PBXBuildFile; fileRef = 9A64C110266099790074030F /* cursor.cpp */; };
		9A1D5ED72751B037003D9B5F /* cursor_mm.mm in Sources */ = {isa = PBXBuildFile; fileRef = 9A64C1132660A9D40074030F /* cursor_mm.mm */; };
		9A1D5ED82751B037003D9B5F /* display.cpp in Sources */ = {isa = PBXBuildFile; fileRef = 9A64C105266057F00074030F /* display.cpp */; };
		9A1D5ED92751B037003D9B5F /* _factory.cpp in Sources */ = {isa = PBXBuildFile; fileRef = 9A5D738A26561AAA00D5C39E /* _factory.cpp */; };
		9A1D5EDA2751B037003D9B5F /* framework.cpp in Sources */ = {isa = PBXBuildFile; fileRef = 9A440A3726548C38000C490B /* framework.cpp */; };
		9A1D5EDB2751B037003D9B5F /* icon.cpp in Sources */ = {isa = PBXBuildFile; fileRef = 9AA80242266558E000A6B449 /* icon.cpp */; };
		9A1D5EDC2751B037003D9B5F /* imm_client.cpp in Sources */ = {isa = PBXBuildFile; fileRef = 9A42D7F42665B61E0011645D /* imm_client.cpp */; };
		9A1D5EDD2751B037003D9B5F /* keyboard.cpp in Sources */ = {isa = PBXBuildFile; fileRef = 9A42D7FF2665C5850011645D /* keyboard.cpp */; };
		9A1D5EE02751B037003D9B5F /* windowing_keyboard.cpp in Sources */ = {isa = PBXBuildFile; fileRef = 9A440A4B26548C38000C490B /* windowing_keyboard.cpp */; };
		9A1D5EE22751B037003D9B5F /* monitor.cpp in Sources */ = {isa = PBXBuildFile; fileRef = 9A64C109266058D20074030F /* monitor.cpp */; };
		9A1D5EE32751B037003D9B5F /* monitor.mm in Sources */ = {isa = PBXBuildFile; fileRef = 9A64C10E266062940074030F /* monitor.mm */; };
		9A1D5EE62751B037003D9B5F /* notify_icon_mm_bridge.mm in Sources */ = {isa = PBXBuildFile; fileRef = 9A79BE2426645D9B009E6C44 /* notify_icon_mm_bridge.mm */; };
		9A1D5EE72751B037003D9B5F /* notify_icon.cpp in Sources */ = {isa = PBXBuildFile; fileRef = 9A79BE2826645D9C009E6C44 /* notify_icon.cpp */; };
		9A1D5EE82751B037003D9B5F /* notify_icon.mm in Sources */ = {isa = PBXBuildFile; fileRef = 9A79BE2A26645D9C009E6C44 /* notify_icon.mm */; };
		9A1D5EEA2751B059003D9B5F /* copydesk.cpp in Sources */ = {isa = PBXBuildFile; fileRef = 9A440A4326548C38000C490B /* copydesk.cpp */; };
		9A1D5EEB2751B059003D9B5F /* window.cpp in Sources */ = {isa = PBXBuildFile; fileRef = 9A440A3826548C38000C490B /* window.cpp */; };
		9A1D5EEC2751B059003D9B5F /* windowing_macos.cpp in Sources */ = {isa = PBXBuildFile; fileRef = 9A440A4E26548C38000C490B /* windowing_macos.cpp */; };
		9A1D5EED2751B059003D9B5F /* windowing.cpp in Sources */ = {isa = PBXBuildFile; fileRef = 9A5D738D2656240A00D5C39E /* windowing.cpp */; };
		9A1D5EF32751B129003D9B5F /* _.h in Headers */ = {isa = PBXBuildFile; fileRef = 9A440A682654DC66000C490B /* _.h */; };
		9A1D5EF42751B129003D9B5F /* _aaa_c_mm.h in Headers */ = {isa = PBXBuildFile; fileRef = 9A440A692654DD22000C490B /* _aaa_c_mm.h */; };
		9A1D5EF52751B129003D9B5F /* _mm.h in Headers */ = {isa = PBXBuildFile; fileRef = 9A440A6A2654DD63000C490B /* _mm.h */; };
		9A1D5EF62751B129003D9B5F /* _aaa_library.h in Headers */ = {isa = PBXBuildFile; fileRef = 9A440A762654F440000C490B /* _aaa_library.h */; };
		9A1D5EF72751B129003D9B5F /* copydesk.h in Headers */ = {isa = PBXBuildFile; fileRef = 9A440A3026548C38000C490B /* copydesk.h */; };
		9A1D5EF82751B129003D9B5F /* cursor.h in Headers */ = {isa = PBXBuildFile; fileRef = 9A64C111266099790074030F /* cursor.h */; };
		9A1D5EF92751B129003D9B5F /* display.h in Headers */ = {isa = PBXBuildFile; fileRef = 9A64C106266057F00074030F /* display.h */; };
		9A1D5EFA2751B129003D9B5F /* framework.h in Headers */ = {isa = PBXBuildFile; fileRef = 9A440A4A26548C38000C490B /* framework.h */; };
		9A1D5EFB2751B129003D9B5F /* icon.h in Headers */ = {isa = PBXBuildFile; fileRef = 9AA80245266558E000A6B449 /* icon.h */; };
		9A1D5EFC2751B129003D9B5F /* imm_client.h in Headers */ = {isa = PBXBuildFile; fileRef = 9A42D7F92665B61F0011645D /* imm_client.h */; };
		9A1D5EFD2751B129003D9B5F /* keyboard.h in Headers */ = {isa = PBXBuildFile; fileRef = 9A42D7FE2665C5850011645D /* keyboard.h */; };
		9A1D5EFF2751B129003D9B5F /* windowing_keyboard.h in Headers */ = {isa = PBXBuildFile; fileRef = 9A440A4226548C38000C490B /* windowing_keyboard.h */; };
		9A1D5F012751B129003D9B5F /* monitor.h in Headers */ = {isa = PBXBuildFile; fileRef = 9A64C10A266058D20074030F /* monitor.h */; };
		9A1D5F042751B129003D9B5F /* notify_icon_mm_bridge.h in Headers */ = {isa = PBXBuildFile; fileRef = 9A79BE2526645D9B009E6C44 /* notify_icon_mm_bridge.h */; };
		9A1D5F052751B129003D9B5F /* notify_icon_mm.h in Headers */ = {isa = PBXBuildFile; fileRef = 9A79BE2726645D9C009E6C44 /* notify_icon_mm.h */; };
		9A1D5F062751B129003D9B5F /* notify_icon.h in Headers */ = {isa = PBXBuildFile; fileRef = 9A79BE2B26645D9C009E6C44 /* notify_icon.h */; };
		9A1D5F082751B12A003D9B5F /* SBSystemPreferences.h in Headers */ = {isa = PBXBuildFile; fileRef = 9A62EC0726F05CC100EA958E /* SBSystemPreferences.h */; };
		9A1D5F092751B12A003D9B5F /* window_impl.h in Headers */ = {isa = PBXBuildFile; fileRef = 9A440A4126548C38000C490B /* window_impl.h */; };
		9A1D5F0A2751B12A003D9B5F /* window.h in Headers */ = {isa = PBXBuildFile; fileRef = 9A440A3C26548C38000C490B /* window.h */; };
		9A1D5F0B2751B12A003D9B5F /* windowing_c.h in Headers */ = {isa = PBXBuildFile; fileRef = 9A440A3126548C38000C490B /* windowing_c.h */; };
		9A1D5F0C2751B12A003D9B5F /* windowing.h in Headers */ = {isa = PBXBuildFile; fileRef = 9A5D738E2656240A00D5C39E /* windowing.h */; };
		9A1D5F602751BD4F003D9B5F /* libacme.dylib in Frameworks */ = {isa = PBXBuildFile; fileRef = 9A5D7394265700D200D5C39E /* libacme.dylib */; };
		9A1D5F612751BD4F003D9B5F /* libapex.dylib in Frameworks */ = {isa = PBXBuildFile; fileRef = 9A5D73962657011600D5C39E /* libapex.dylib */; };
		9A1D5F622751BD4F003D9B5F /* libaqua.dylib in Frameworks */ = {isa = PBXBuildFile; fileRef = 9A5D73982657012A00D5C39E /* libaqua.dylib */; };
		9A1D5F632751BD4F003D9B5F /* libaura.dylib in Frameworks */ = {isa = PBXBuildFile; fileRef = 9A5D739A2657013D00D5C39E /* libaura.dylib */; };
		9A1D5F642751BD80003D9B5F /* libacme_apple.dylib in Frameworks */ = {isa = PBXBuildFile; fileRef = 9A5D739C265701DC00D5C39E /* libacme_apple.dylib */; };
		9A1D5F652751BD80003D9B5F /* libacme_macos.dylib in Frameworks */ = {isa = PBXBuildFile; fileRef = 9A5D739E265701DC00D5C39E /* libacme_macos.dylib */; };
		9A1D5F662751BD80003D9B5F /* libacme_posix.dylib in Frameworks */ = {isa = PBXBuildFile; fileRef = 9A5D73A0265701DC00D5C39E /* libacme_posix.dylib */; };
		9A1D5F672751BD80003D9B5F /* libapex_apple.dylib in Frameworks */ = {isa = PBXBuildFile; fileRef = 9A5D73A2265701DC00D5C39E /* libapex_apple.dylib */; };
		9A1D5F682751BE0B003D9B5F /* libapex_macos.dylib in Frameworks */ = {isa = PBXBuildFile; fileRef = 9A5D73A4265701DC00D5C39E /* libapex_macos.dylib */; };
		9A1D5F692751BE0B003D9B5F /* libapex_posix.dylib in Frameworks */ = {isa = PBXBuildFile; fileRef = 9A5D73A6265701DC00D5C39E /* libapex_posix.dylib */; };
		9A1D5F6A2751BE0B003D9B5F /* libaura_apple.dylib in Frameworks */ = {isa = PBXBuildFile; fileRef = 9A5D73A8265701DC00D5C39E /* libaura_apple.dylib */; };
		9A1D5F6B2751BE0B003D9B5F /* libaura_macos.dylib in Frameworks */ = {isa = PBXBuildFile; fileRef = 9A440A2826548C17000C490B /* libaura_macos.dylib */; };
		9A1D5F6C2751BE0B003D9B5F /* libaura_posix.dylib in Frameworks */ = {isa = PBXBuildFile; fileRef = 9A5D73AA265701F400D5C39E /* libaura_posix.dylib */; };
		9A1D5F6D2751BE22003D9B5F /* AppKit.framework in Frameworks */ = {isa = PBXBuildFile; fileRef = 9A5D73B226570CAE00D5C39E /* AppKit.framework */; };
		9A22739827CF00E20042BAC2 /* windowing.mm in Sources */ = {isa = PBXBuildFile; fileRef = 9A22739727CF00E20042BAC2 /* windowing.mm */; };
		9A3E325F2CF8B62F007DC9EE /* libacme_windowing_kit.dylib in Frameworks */ = {isa = PBXBuildFile; fileRef = 9A3E325E2CF8B62F007DC9EE /* libacme_windowing_kit.dylib */; };
		9A5243442CD49A0C006ED868 /* libacme_windowing_appkit.dylib in Frameworks */ = {isa = PBXBuildFile; fileRef = 9A5243432CD49A0C006ED868 /* libacme_windowing_appkit.dylib */; };
		9A58CB632D9CD30D00DE95D0 /* Carbon.framework in Frameworks */ = {isa = PBXBuildFile; fileRef = 9AA8024A266571D600A6B449 /* Carbon.framework */; };
		9A93B0F827FCFC380042D6C8 /* cursor_cpp.cpp in Sources */ = {isa = PBXBuildFile; fileRef = 9A93B0F727FCFC380042D6C8 /* cursor_cpp.cpp */; };
		9AC5E9CE2D8A81D000EC2419 /* macOSControlBox.h in Headers */ = {isa = PBXBuildFile; fileRef = 9AC5E9CD2D8A81C400EC2419 /* macOSControlBox.h */; };
		9AC5E9D02D8A825400EC2419 /* macOSControlBox.mm in Sources */ = {isa = PBXBuildFile; fileRef = 9AC5E9CF2D8A824300EC2419 /* macOSControlBox.mm */; };
		9AC5E9D22D8A838F00EC2419 /* _.mm in Sources */ = {isa = PBXBuildFile; fileRef = 9AC5E9D12D8A838900EC2419 /* _.mm */; };
		9AF2844527FBC96400D4C1A8 /* macos_window.h in Headers */ = {isa = PBXBuildFile; fileRef = 9AF2843B27FBC96400D4C1A8 /* macos_window.h */; };
		9AF2844627FBC96400D4C1A8 /* macOSWindow.h in Headers */ = {isa = PBXBuildFile; fileRef = 9AF2843C27FBC96400D4C1A8 /* macOSWindow.h */; };
		9AF2844727FBC96400D4C1A8 /* macOSImpact.mm in Sources */ = {isa = PBXBuildFile; fileRef = 9AF2843D27FBC96400D4C1A8 /* macOSImpact.mm */; };
		9AF2844A27FBC96400D4C1A8 /* macOSWindowController.h in Headers */ = {isa = PBXBuildFile; fileRef = 9AF2844027FBC96400D4C1A8 /* macOSWindowController.h */; };
		9AF2844B27FBC96400D4C1A8 /* macOSImpact.h in Headers */ = {isa = PBXBuildFile; fileRef = 9AF2844127FBC96400D4C1A8 /* macOSImpact.h */; };
		9AF2844C27FBC96400D4C1A8 /* macOSWindow.mm in Sources */ = {isa = PBXBuildFile; fileRef = 9AF2844227FBC96400D4C1A8 /* macOSWindow.mm */; };
		9AF2844D27FBC96400D4C1A8 /* macos_window.mm in Sources */ = {isa = PBXBuildFile; fileRef = 9AF2844327FBC96400D4C1A8 /* macos_window.mm */; };
		9AF2844E27FBC96400D4C1A8 /* macOSWindowController.mm in Sources */ = {isa = PBXBuildFile; fileRef = 9AF2844427FBC96400D4C1A8 /* macOSWindowController.mm */; };
		9AF2845627FBCA7100D4C1A8 /* macOSApp.mm in Sources */ = {isa = PBXBuildFile; fileRef = 9AF2845427FBCA7100D4C1A8 /* macOSApp.mm */; };
		9AF2845727FBCA7100D4C1A8 /* macOSApp.h in Headers */ = {isa = PBXBuildFile; fileRef = 9AF2845527FBCA7100D4C1A8 /* macOSApp.h */; };
/* End PBXBuildFile section */

/* Begin PBXContainerItemProxy section */
		9A1D5F0D2751B162003D9B5F /* PBXContainerItemProxy */ = {
			isa = PBXContainerItemProxy;
			containerPortal = 9A440A2126548C17000C490B /* aura_macos.xcodeproj */;
			proxyType = 1;
			remoteGlobalIDString = A1CFD777154F5EAA007447E2;
			remoteInfo = aura_macos;
		};
		9A440A2726548C17000C490B /* PBXContainerItemProxy */ = {
			isa = PBXContainerItemProxy;
			containerPortal = 9A440A2126548C17000C490B /* aura_macos.xcodeproj */;
			proxyType = 2;
			remoteGlobalIDString = A1CFD778154F5EAA007447E2;
			remoteInfo = aura_macos;
		};
/* End PBXContainerItemProxy section */

/* Begin PBXFileReference section */
		9A03B8062A25BD8100A0E33E /* _____debug.xcconfig */ = {isa = PBXFileReference; fileEncoding = 4; lastKnownFileType = text.xcconfig; path = "_____debug.xcconfig"; sourceTree = "<group>"; };
		9A03B8092A25BD8100A0E33E /* _____release.xcconfig */ = {isa = PBXFileReference; fileEncoding = 4; lastKnownFileType = text.xcconfig; path = "_____release.xcconfig"; sourceTree = "<group>"; };
		9A1D5F6E2751BE47003D9B5F /* CoreText.framework */ = {isa = PBXFileReference; lastKnownFileType = wrapper.framework; name = CoreText.framework; path = System/Library/Frameworks/CoreText.framework; sourceTree = SDKROOT; };
		9A22739727CF00E20042BAC2 /* windowing.mm */ = {isa = PBXFileReference; lastKnownFileType = sourcecode.cpp.objcpp; path = windowing.mm; sourceTree = "<group>"; };
		9A3E325E2CF8B62F007DC9EE /* libacme_windowing_kit.dylib */ = {isa = PBXFileReference; explicitFileType = "compiled.mach-o.dylib"; path = libacme_windowing_kit.dylib; sourceTree = BUILT_PRODUCTS_DIR; };
		9A42D7F42665B61E0011645D /* imm_client.cpp */ = {isa = PBXFileReference; fileEncoding = 4; lastKnownFileType = sourcecode.cpp.cpp; path = imm_client.cpp; sourceTree = "<group>"; };
		9A42D7F92665B61F0011645D /* imm_client.h */ = {isa = PBXFileReference; fileEncoding = 4; lastKnownFileType = sourcecode.c.h; path = imm_client.h; sourceTree = "<group>"; };
		9A42D7FE2665C5850011645D /* keyboard.h */ = {isa = PBXFileReference; fileEncoding = 4; lastKnownFileType = sourcecode.c.h; path = keyboard.h; sourceTree = "<group>"; };
		9A42D7FF2665C5850011645D /* keyboard.cpp */ = {isa = PBXFileReference; fileEncoding = 4; lastKnownFileType = sourcecode.cpp.cpp; path = keyboard.cpp; sourceTree = "<group>"; };
		9A440A2126548C17000C490B /* aura_macos.xcodeproj */ = {isa = PBXFileReference; lastKnownFileType = "wrapper.pb-project"; name = aura_macos.xcodeproj; path = ../aura_macos/aura_macos.xcodeproj; sourceTree = SOURCE_ROOT; };
		9A440A3026548C38000C490B /* copydesk.h */ = {isa = PBXFileReference; lastKnownFileType = sourcecode.c.h; path = copydesk.h; sourceTree = "<group>"; };
		9A440A3126548C38000C490B /* windowing_c.h */ = {isa = PBXFileReference; lastKnownFileType = sourcecode.c.h; path = windowing_c.h; sourceTree = "<group>"; };
		9A440A3626548C38000C490B /* copydesk.mm */ = {isa = PBXFileReference; lastKnownFileType = sourcecode.cpp.objcpp; path = copydesk.mm; sourceTree = "<group>"; };
		9A440A3726548C38000C490B /* framework.cpp */ = {isa = PBXFileReference; lastKnownFileType = sourcecode.cpp.cpp; path = framework.cpp; sourceTree = "<group>"; };
		9A440A3826548C38000C490B /* window.cpp */ = {isa = PBXFileReference; lastKnownFileType = sourcecode.cpp.cpp; path = window.cpp; sourceTree = "<group>"; };
		9A440A3C26548C38000C490B /* window.h */ = {isa = PBXFileReference; lastKnownFileType = sourcecode.c.h; path = window.h; sourceTree = "<group>"; };
		9A440A4126548C38000C490B /* window_impl.h */ = {isa = PBXFileReference; lastKnownFileType = sourcecode.c.h; path = window_impl.h; sourceTree = "<group>"; };
		9A440A4226548C38000C490B /* windowing_keyboard.h */ = {isa = PBXFileReference; lastKnownFileType = sourcecode.c.h; path = windowing_keyboard.h; sourceTree = "<group>"; };
		9A440A4326548C38000C490B /* copydesk.cpp */ = {isa = PBXFileReference; lastKnownFileType = sourcecode.cpp.cpp; path = copydesk.cpp; sourceTree = "<group>"; };
		9A440A4A26548C38000C490B /* framework.h */ = {isa = PBXFileReference; lastKnownFileType = sourcecode.c.h; path = framework.h; sourceTree = "<group>"; };
		9A440A4B26548C38000C490B /* windowing_keyboard.cpp */ = {isa = PBXFileReference; lastKnownFileType = sourcecode.cpp.cpp; path = windowing_keyboard.cpp; sourceTree = "<group>"; };
		9A440A4E26548C38000C490B /* windowing_macos.cpp */ = {isa = PBXFileReference; lastKnownFileType = sourcecode.cpp.cpp; path = windowing_macos.cpp; sourceTree = "<group>"; };
		9A440A682654DC66000C490B /* _.h */ = {isa = PBXFileReference; lastKnownFileType = sourcecode.c.h; path = _.h; sourceTree = "<group>"; };
		9A440A692654DD22000C490B /* _aaa_c_mm.h */ = {isa = PBXFileReference; lastKnownFileType = sourcecode.c.h; path = _aaa_c_mm.h; sourceTree = "<group>"; };
		9A440A6A2654DD63000C490B /* _mm.h */ = {isa = PBXFileReference; lastKnownFileType = sourcecode.c.h; path = _mm.h; sourceTree = "<group>"; };
		9A440A762654F440000C490B /* _aaa_library.h */ = {isa = PBXFileReference; lastKnownFileType = sourcecode.c.h; path = _aaa_library.h; sourceTree = "<group>"; };
		9A4C42D52D1BBAC7007F9D7F /* Foundation.framework */ = {isa = PBXFileReference; lastKnownFileType = wrapper.framework; name = Foundation.framework; path = System/Library/Frameworks/Foundation.framework; sourceTree = SDKROOT; };
		9A5243432CD49A0C006ED868 /* libacme_windowing_appkit.dylib */ = {isa = PBXFileReference; explicitFileType = "compiled.mach-o.dylib"; path = libacme_windowing_appkit.dylib; sourceTree = BUILT_PRODUCTS_DIR; };
		9A5D738A26561AAA00D5C39E /* _factory.cpp */ = {isa = PBXFileReference; lastKnownFileType = sourcecode.cpp.cpp; path = _factory.cpp; sourceTree = "<group>"; };
		9A5D738D2656240A00D5C39E /* windowing.cpp */ = {isa = PBXFileReference; lastKnownFileType = sourcecode.cpp.cpp; path = windowing.cpp; sourceTree = "<group>"; };
		9A5D738E2656240A00D5C39E /* windowing.h */ = {isa = PBXFileReference; lastKnownFileType = sourcecode.c.h; path = windowing.h; sourceTree = "<group>"; };
		9A5D7394265700D200D5C39E /* libacme.dylib */ = {isa = PBXFileReference; explicitFileType = "compiled.mach-o.dylib"; path = libacme.dylib; sourceTree = BUILT_PRODUCTS_DIR; };
		9A5D73962657011600D5C39E /* libapex.dylib */ = {isa = PBXFileReference; explicitFileType = "compiled.mach-o.dylib"; path = libapex.dylib; sourceTree = BUILT_PRODUCTS_DIR; };
		9A5D73982657012A00D5C39E /* libaqua.dylib */ = {isa = PBXFileReference; explicitFileType = "compiled.mach-o.dylib"; path = libaqua.dylib; sourceTree = BUILT_PRODUCTS_DIR; };
		9A5D739A2657013D00D5C39E /* libaura.dylib */ = {isa = PBXFileReference; explicitFileType = "compiled.mach-o.dylib"; path = libaura.dylib; sourceTree = BUILT_PRODUCTS_DIR; };
		9A5D739C265701DC00D5C39E /* libacme_apple.dylib */ = {isa = PBXFileReference; explicitFileType = "compiled.mach-o.dylib"; path = libacme_apple.dylib; sourceTree = BUILT_PRODUCTS_DIR; };
		9A5D739E265701DC00D5C39E /* libacme_macos.dylib */ = {isa = PBXFileReference; explicitFileType = "compiled.mach-o.dylib"; path = libacme_macos.dylib; sourceTree = BUILT_PRODUCTS_DIR; };
		9A5D73A0265701DC00D5C39E /* libacme_posix.dylib */ = {isa = PBXFileReference; explicitFileType = "compiled.mach-o.dylib"; path = libacme_posix.dylib; sourceTree = BUILT_PRODUCTS_DIR; };
		9A5D73A2265701DC00D5C39E /* libapex_apple.dylib */ = {isa = PBXFileReference; explicitFileType = "compiled.mach-o.dylib"; path = libapex_apple.dylib; sourceTree = BUILT_PRODUCTS_DIR; };
		9A5D73A4265701DC00D5C39E /* libapex_macos.dylib */ = {isa = PBXFileReference; explicitFileType = "compiled.mach-o.dylib"; path = libapex_macos.dylib; sourceTree = BUILT_PRODUCTS_DIR; };
		9A5D73A6265701DC00D5C39E /* libapex_posix.dylib */ = {isa = PBXFileReference; explicitFileType = "compiled.mach-o.dylib"; path = libapex_posix.dylib; sourceTree = BUILT_PRODUCTS_DIR; };
		9A5D73A8265701DC00D5C39E /* libaura_apple.dylib */ = {isa = PBXFileReference; explicitFileType = "compiled.mach-o.dylib"; path = libaura_apple.dylib; sourceTree = BUILT_PRODUCTS_DIR; };
		9A5D73AA265701F400D5C39E /* libaura_posix.dylib */ = {isa = PBXFileReference; explicitFileType = "compiled.mach-o.dylib"; path = libaura_posix.dylib; sourceTree = BUILT_PRODUCTS_DIR; };
		9A5D73B226570CAE00D5C39E /* AppKit.framework */ = {isa = PBXFileReference; lastKnownFileType = wrapper.framework; name = AppKit.framework; path = System/Library/Frameworks/AppKit.framework; sourceTree = SDKROOT; };
		9A62EBFF26F04B7B00EA958E /* ScriptingBridge.framework */ = {isa = PBXFileReference; lastKnownFileType = wrapper.framework; name = ScriptingBridge.framework; path = System/Library/Frameworks/ScriptingBridge.framework; sourceTree = SDKROOT; };
		9A62EC0726F05CC100EA958E /* SBSystemPreferences.h */ = {isa = PBXFileReference; fileEncoding = 4; lastKnownFileType = sourcecode.c.h; path = SBSystemPreferences.h; sourceTree = "<group>"; };
		9A64C105266057F00074030F /* display.cpp */ = {isa = PBXFileReference; lastKnownFileType = sourcecode.cpp.cpp; path = display.cpp; sourceTree = "<group>"; };
		9A64C106266057F00074030F /* display.h */ = {isa = PBXFileReference; lastKnownFileType = sourcecode.c.h; path = display.h; sourceTree = "<group>"; };
		9A64C109266058D20074030F /* monitor.cpp */ = {isa = PBXFileReference; lastKnownFileType = sourcecode.cpp.cpp; path = monitor.cpp; sourceTree = "<group>"; };
		9A64C10A266058D20074030F /* monitor.h */ = {isa = PBXFileReference; lastKnownFileType = sourcecode.c.h; path = monitor.h; sourceTree = "<group>"; };
		9A64C10E266062940074030F /* monitor.mm */ = {isa = PBXFileReference; lastKnownFileType = sourcecode.cpp.objcpp; path = monitor.mm; sourceTree = "<group>"; };
		9A64C110266099790074030F /* cursor.cpp */ = {isa = PBXFileReference; lastKnownFileType = sourcecode.cpp.cpp; path = cursor.cpp; sourceTree = "<group>"; };
		9A64C111266099790074030F /* cursor.h */ = {isa = PBXFileReference; lastKnownFileType = sourcecode.c.h; path = cursor.h; sourceTree = "<group>"; };
		9A64C1132660A9D40074030F /* cursor_mm.mm */ = {isa = PBXFileReference; lastKnownFileType = sourcecode.cpp.objcpp; path = cursor_mm.mm; sourceTree = "<group>"; };
		9A79BE2426645D9B009E6C44 /* notify_icon_mm_bridge.mm */ = {isa = PBXFileReference; lastKnownFileType = sourcecode.cpp.objcpp; path = notify_icon_mm_bridge.mm; sourceTree = "<group>"; };
		9A79BE2526645D9B009E6C44 /* notify_icon_mm_bridge.h */ = {isa = PBXFileReference; lastKnownFileType = sourcecode.c.h; path = notify_icon_mm_bridge.h; sourceTree = "<group>"; };
		9A79BE2726645D9C009E6C44 /* notify_icon_mm.h */ = {isa = PBXFileReference; lastKnownFileType = sourcecode.c.h; path = notify_icon_mm.h; sourceTree = "<group>"; };
		9A79BE2826645D9C009E6C44 /* notify_icon.cpp */ = {isa = PBXFileReference; lastKnownFileType = sourcecode.cpp.cpp; path = notify_icon.cpp; sourceTree = "<group>"; };
		9A79BE2A26645D9C009E6C44 /* notify_icon.mm */ = {isa = PBXFileReference; lastKnownFileType = sourcecode.cpp.objcpp; path = notify_icon.mm; sourceTree = "<group>"; };
		9A79BE2B26645D9C009E6C44 /* notify_icon.h */ = {isa = PBXFileReference; lastKnownFileType = sourcecode.c.h; path = notify_icon.h; sourceTree = "<group>"; };
		9A869DCC2B79A56A00937A3C /* StoreKit.framework */ = {isa = PBXFileReference; lastKnownFileType = wrapper.framework; name = StoreKit.framework; path = System/Library/Frameworks/StoreKit.framework; sourceTree = SDKROOT; };
		9A93B0F727FCFC380042D6C8 /* cursor_cpp.cpp */ = {isa = PBXFileReference; lastKnownFileType = sourcecode.cpp.cpp; path = cursor_cpp.cpp; sourceTree = "<group>"; };
		9A9E4AD62751A3F40094A04C /* libwindowing_macos.dylib */ = {isa = PBXFileReference; explicitFileType = "compiled.mach-o.dylib"; includeInIndex = 0; path = libwindowing_macos.dylib; sourceTree = BUILT_PRODUCTS_DIR; };
		9AA80242266558E000A6B449 /* icon.cpp */ = {isa = PBXFileReference; lastKnownFileType = sourcecode.cpp.cpp; path = icon.cpp; sourceTree = "<group>"; };
		9AA80245266558E000A6B449 /* icon.h */ = {isa = PBXFileReference; lastKnownFileType = sourcecode.c.h; path = icon.h; sourceTree = "<group>"; };
		9AA8024A266571D600A6B449 /* Carbon.framework */ = {isa = PBXFileReference; lastKnownFileType = wrapper.framework; name = Carbon.framework; path = System/Library/Frameworks/Carbon.framework; sourceTree = SDKROOT; };
		9AC5E9CD2D8A81C400EC2419 /* macOSControlBox.h */ = {isa = PBXFileReference; lastKnownFileType = sourcecode.c.h; path = macOSControlBox.h; sourceTree = "<group>"; };
		9AC5E9CF2D8A824300EC2419 /* macOSControlBox.mm */ = {isa = PBXFileReference; lastKnownFileType = sourcecode.cpp.objcpp; path = macOSControlBox.mm; sourceTree = "<group>"; };
		9AC5E9D12D8A838900EC2419 /* _.mm */ = {isa = PBXFileReference; lastKnownFileType = sourcecode.cpp.objcpp; path = _.mm; sourceTree = "<group>"; };
		9AF2843B27FBC96400D4C1A8 /* macos_window.h */ = {isa = PBXFileReference; fileEncoding = 4; lastKnownFileType = sourcecode.c.h; path = macos_window.h; sourceTree = "<group>"; };
		9AF2843C27FBC96400D4C1A8 /* macOSWindow.h */ = {isa = PBXFileReference; fileEncoding = 4; lastKnownFileType = sourcecode.c.h; path = macOSWindow.h; sourceTree = "<group>"; };
		9AF2843D27FBC96400D4C1A8 /* macOSImpact.mm */ = {isa = PBXFileReference; fileEncoding = 4; lastKnownFileType = sourcecode.cpp.objcpp; path = macOSImpact.mm; sourceTree = "<group>"; };
		9AF2844027FBC96400D4C1A8 /* macOSWindowController.h */ = {isa = PBXFileReference; fileEncoding = 4; lastKnownFileType = sourcecode.c.h; path = macOSWindowController.h; sourceTree = "<group>"; };
		9AF2844127FBC96400D4C1A8 /* macOSImpact.h */ = {isa = PBXFileReference; fileEncoding = 4; lastKnownFileType = sourcecode.c.h; path = macOSImpact.h; sourceTree = "<group>"; };
		9AF2844227FBC96400D4C1A8 /* macOSWindow.mm */ = {isa = PBXFileReference; fileEncoding = 4; lastKnownFileType = sourcecode.cpp.objcpp; path = macOSWindow.mm; sourceTree = "<group>"; };
		9AF2844327FBC96400D4C1A8 /* macos_window.mm */ = {isa = PBXFileReference; fileEncoding = 4; lastKnownFileType = sourcecode.cpp.objcpp; path = macos_window.mm; sourceTree = "<group>"; };
		9AF2844427FBC96400D4C1A8 /* macOSWindowController.mm */ = {isa = PBXFileReference; fileEncoding = 4; lastKnownFileType = sourcecode.cpp.objcpp; path = macOSWindowController.mm; sourceTree = "<group>"; };
		9AF2845427FBCA7100D4C1A8 /* macOSApp.mm */ = {isa = PBXFileReference; fileEncoding = 4; lastKnownFileType = sourcecode.cpp.objcpp; path = macOSApp.mm; sourceTree = "<group>"; };
		9AF2845527FBCA7100D4C1A8 /* macOSApp.h */ = {isa = PBXFileReference; fileEncoding = 4; lastKnownFileType = sourcecode.c.h; path = macOSApp.h; sourceTree = "<group>"; };
/* End PBXFileReference section */

/* Begin PBXFrameworksBuildPhase section */
		9A9E4AD42751A3F40094A04C /* Frameworks */ = {
			isa = PBXFrameworksBuildPhase;
			buildActionMask = 2147483647;
			files = (
				9A58CB632D9CD30D00DE95D0 /* Carbon.framework in Frameworks */,
				9A3E325F2CF8B62F007DC9EE /* libacme_windowing_kit.dylib in Frameworks */,
				9A5243442CD49A0C006ED868 /* libacme_windowing_appkit.dylib in Frameworks */,
				9A1D5F672751BD80003D9B5F /* libapex_apple.dylib in Frameworks */,
				9A1D5F682751BE0B003D9B5F /* libapex_macos.dylib in Frameworks */,
				9A1D5F692751BE0B003D9B5F /* libapex_posix.dylib in Frameworks */,
				9A1D5F6D2751BE22003D9B5F /* AppKit.framework in Frameworks */,
				9A1D5F622751BD4F003D9B5F /* libaqua.dylib in Frameworks */,
				9A1D5F632751BD4F003D9B5F /* libaura.dylib in Frameworks */,
				9A1D5F6A2751BE0B003D9B5F /* libaura_apple.dylib in Frameworks */,
				9A1D5F6B2751BE0B003D9B5F /* libaura_macos.dylib in Frameworks */,
				9A1D5F6C2751BE0B003D9B5F /* libaura_posix.dylib in Frameworks */,
				9A1D5F642751BD80003D9B5F /* libacme_apple.dylib in Frameworks */,
				9A1D5F652751BD80003D9B5F /* libacme_macos.dylib in Frameworks */,
				9A1D5F662751BD80003D9B5F /* libacme_posix.dylib in Frameworks */,
				9A1D5F602751BD4F003D9B5F /* libacme.dylib in Frameworks */,
				9A1D5F612751BD4F003D9B5F /* libapex.dylib in Frameworks */,
			);
			runOnlyForDeploymentPostprocessing = 0;
		};
/* End PBXFrameworksBuildPhase section */

/* Begin PBXGroup section */
		9A440A0C26548BE4000C490B = {
			isa = PBXGroup;
			children = (
				9A440A2126548C17000C490B /* aura_macos.xcodeproj */,
				9A440A2F26548C38000C490B /* windowing_macos */,
				9A440A1626548BE4000C490B /* Products */,
				9A5D7393265700D200D5C39E /* Frameworks */,
			);
			sourceTree = "<group>";
		};
		9A440A1626548BE4000C490B /* Products */ = {
			isa = PBXGroup;
			children = (
				9A9E4AD62751A3F40094A04C /* libwindowing_macos.dylib */,
			);
			name = Products;
			sourceTree = "<group>";
		};
		9A440A2226548C17000C490B /* Products */ = {
			isa = PBXGroup;
			children = (
				9A440A2826548C17000C490B /* libaura_macos.dylib */,
			);
			name = Products;
			sourceTree = "<group>";
		};
		9A440A2F26548C38000C490B /* windowing_macos */ = {
			isa = PBXGroup;
			children = (
				9AF2843A27FBC96400D4C1A8 /* macos */,
				9A03B8062A25BD8100A0E33E /* _____debug.xcconfig */,
				9A03B8092A25BD8100A0E33E /* _____release.xcconfig */,
				9A440A682654DC66000C490B /* _.h */,
				9A440A692654DD22000C490B /* _aaa_c_mm.h */,
				9A5D738A26561AAA00D5C39E /* _factory.cpp */,
				9A440A6A2654DD63000C490B /* _mm.h */,
				9A440A762654F440000C490B /* _aaa_library.h */,
				9A440A4326548C38000C490B /* copydesk.cpp */,
				9A440A3026548C38000C490B /* copydesk.h */,
				9A440A3626548C38000C490B /* copydesk.mm */,
				9A93B0F727FCFC380042D6C8 /* cursor_cpp.cpp */,
				9A64C1132660A9D40074030F /* cursor_mm.mm */,
				9A64C110266099790074030F /* cursor.cpp */,
				9A64C111266099790074030F /* cursor.h */,
				9A64C105266057F00074030F /* display.cpp */,
				9A64C106266057F00074030F /* display.h */,
				9A440A3726548C38000C490B /* framework.cpp */,
				9A440A4A26548C38000C490B /* framework.h */,
				9AA80242266558E000A6B449 /* icon.cpp */,
				9AA80245266558E000A6B449 /* icon.h */,
				9A42D7F42665B61E0011645D /* imm_client.cpp */,
				9A42D7F92665B61F0011645D /* imm_client.h */,
				9A42D7FF2665C5850011645D /* keyboard.cpp */,
				9A42D7FE2665C5850011645D /* keyboard.h */,
				9A64C109266058D20074030F /* monitor.cpp */,
				9A64C10A266058D20074030F /* monitor.h */,
				9A64C10E266062940074030F /* monitor.mm */,
				9A79BE2526645D9B009E6C44 /* notify_icon_mm_bridge.h */,
				9A79BE2426645D9B009E6C44 /* notify_icon_mm_bridge.mm */,
				9A79BE2726645D9C009E6C44 /* notify_icon_mm.h */,
				9A79BE2826645D9C009E6C44 /* notify_icon.cpp */,
				9A79BE2B26645D9C009E6C44 /* notify_icon.h */,
				9A79BE2A26645D9C009E6C44 /* notify_icon.mm */,
				9A62EC0726F05CC100EA958E /* SBSystemPreferences.h */,
				9A440A4126548C38000C490B /* window_impl.h */,
				9A440A3826548C38000C490B /* window.cpp */,
				9A440A3C26548C38000C490B /* window.h */,
				9A440A3126548C38000C490B /* windowing_c.h */,
				9A440A4B26548C38000C490B /* windowing_keyboard.cpp */,
				9A440A4226548C38000C490B /* windowing_keyboard.h */,
				9A440A4E26548C38000C490B /* windowing_macos.cpp */,
				9A5D738D2656240A00D5C39E /* windowing.cpp */,
				9A5D738E2656240A00D5C39E /* windowing.h */,
				9A22739727CF00E20042BAC2 /* windowing.mm */,
			);
			name = windowing_macos;
			sourceTree = "<group>";
		};
		9A5D7393265700D200D5C39E /* Frameworks */ = {
			isa = PBXGroup;
			children = (
				9A4C42D52D1BBAC7007F9D7F /* Foundation.framework */,
				9A3E325E2CF8B62F007DC9EE /* libacme_windowing_kit.dylib */,
				9A5243432CD49A0C006ED868 /* libacme_windowing_appkit.dylib */,
				9A869DCC2B79A56A00937A3C /* StoreKit.framework */,
				9A1D5F6E2751BE47003D9B5F /* CoreText.framework */,
				9A62EBFF26F04B7B00EA958E /* ScriptingBridge.framework */,
				9AA8024A266571D600A6B449 /* Carbon.framework */,
				9A5D73B226570CAE00D5C39E /* AppKit.framework */,
				9A5D73AA265701F400D5C39E /* libaura_posix.dylib */,
				9A5D739C265701DC00D5C39E /* libacme_apple.dylib */,
				9A5D739E265701DC00D5C39E /* libacme_macos.dylib */,
				9A5D73A0265701DC00D5C39E /* libacme_posix.dylib */,
				9A5D73A2265701DC00D5C39E /* libapex_apple.dylib */,
				9A5D73A4265701DC00D5C39E /* libapex_macos.dylib */,
				9A5D73A6265701DC00D5C39E /* libapex_posix.dylib */,
				9A5D73A8265701DC00D5C39E /* libaura_apple.dylib */,
				9A5D739A2657013D00D5C39E /* libaura.dylib */,
				9A5D73982657012A00D5C39E /* libaqua.dylib */,
				9A5D73962657011600D5C39E /* libapex.dylib */,
				9A5D7394265700D200D5C39E /* libacme.dylib */,
			);
			name = Frameworks;
			sourceTree = "<group>";
		};
		9AF2843A27FBC96400D4C1A8 /* macos */ = {
			isa = PBXGroup;
			children = (
				9AC5E9D12D8A838900EC2419 /* _.mm */,
				9AF2843B27FBC96400D4C1A8 /* macos_window.h */,
				9AF2844327FBC96400D4C1A8 /* macos_window.mm */,
				9AF2845527FBCA7100D4C1A8 /* macOSApp.h */,
				9AF2845427FBCA7100D4C1A8 /* macOSApp.mm */,
				9AC5E9CD2D8A81C400EC2419 /* macOSControlBox.h */,
				9AC5E9CF2D8A824300EC2419 /* macOSControlBox.mm */,
				9AF2843C27FBC96400D4C1A8 /* macOSWindow.h */,
				9AF2844227FBC96400D4C1A8 /* macOSWindow.mm */,
				9AF2844027FBC96400D4C1A8 /* macOSWindowController.h */,
				9AF2844427FBC96400D4C1A8 /* macOSWindowController.mm */,
				9AF2844127FBC96400D4C1A8 /* macOSImpact.h */,
				9AF2843D27FBC96400D4C1A8 /* macOSImpact.mm */,
			);
			path = macos;
			sourceTree = "<group>";
		};
/* End PBXGroup section */

/* Begin PBXHeadersBuildPhase section */
		9A9E4AD22751A3F40094A04C /* Headers */ = {
			isa = PBXHeadersBuildPhase;
			buildActionMask = 2147483647;
			files = (
				9A1D5EF32751B129003D9B5F /* _.h in Headers */,
				9A1D5EF42751B129003D9B5F /* _aaa_c_mm.h in Headers */,
				9A1D5EF52751B129003D9B5F /* _mm.h in Headers */,
				9A1D5EF62751B129003D9B5F /* _aaa_library.h in Headers */,
				9AC5E9CE2D8A81D000EC2419 /* macOSControlBox.h in Headers */,
				9A1D5EF72751B129003D9B5F /* copydesk.h in Headers */,
				9A1D5EF82751B129003D9B5F /* cursor.h in Headers */,
				9A1D5EF92751B129003D9B5F /* display.h in Headers */,
				9A1D5EFA2751B129003D9B5F /* framework.h in Headers */,
				9AF2844627FBC96400D4C1A8 /* macOSWindow.h in Headers */,
				9A1D5EFB2751B129003D9B5F /* icon.h in Headers */,
				9AF2844B27FBC96400D4C1A8 /* macOSImpact.h in Headers */,
				9A1D5EFC2751B129003D9B5F /* imm_client.h in Headers */,
				9AF2844A27FBC96400D4C1A8 /* macOSWindowController.h in Headers */,
				9A1D5EFD2751B129003D9B5F /* keyboard.h in Headers */,
				9A1D5EFF2751B129003D9B5F /* windowing_keyboard.h in Headers */,
				9A1D5F012751B129003D9B5F /* monitor.h in Headers */,
				9AF2844527FBC96400D4C1A8 /* macos_window.h in Headers */,
				9A1D5F042751B129003D9B5F /* notify_icon_mm_bridge.h in Headers */,
				9AF2845727FBCA7100D4C1A8 /* macOSApp.h in Headers */,
				9A1D5F052751B129003D9B5F /* notify_icon_mm.h in Headers */,
				9A1D5F062751B129003D9B5F /* notify_icon.h in Headers */,
				9A1D5F082751B12A003D9B5F /* SBSystemPreferences.h in Headers */,
				9A1D5F092751B12A003D9B5F /* window_impl.h in Headers */,
				9A1D5F0A2751B12A003D9B5F /* window.h in Headers */,
				9A1D5F0B2751B12A003D9B5F /* windowing_c.h in Headers */,
				9A1D5F0C2751B12A003D9B5F /* windowing.h in Headers */,
			);
			runOnlyForDeploymentPostprocessing = 0;
		};
/* End PBXHeadersBuildPhase section */

/* Begin PBXNativeTarget section */
		9A9E4AD52751A3F40094A04C /* windowing_macos */ = {
			isa = PBXNativeTarget;
			buildConfigurationList = 9A9E4AD72751A3F40094A04C /* Build configuration list for PBXNativeTarget "windowing_macos" */;
			buildPhases = (
				9A9E4AD22751A3F40094A04C /* Headers */,
				9A9E4AD32751A3F40094A04C /* Sources */,
				9A9E4AD42751A3F40094A04C /* Frameworks */,
				9A5955892D6D8CBD00B096D0 /* ShellScript */,
			);
			buildRules = (
			);
			dependencies = (
				9A1D5F0E2751B162003D9B5F /* PBXTargetDependency */,
			);
			name = windowing_macos;
			productName = windowing_macos;
			productReference = 9A9E4AD62751A3F40094A04C /* libwindowing_macos.dylib */;
			productType = "com.apple.product-type.library.dynamic";
		};
/* End PBXNativeTarget section */

/* Begin PBXProject section */
		9A440A0D26548BE4000C490B /* Project object */ = {
			isa = PBXProject;
			attributes = {
				BuildIndependentTargetsInParallel = YES;
				LastUpgradeCheck = 1610;
				ORGANIZATIONNAME = "ca2 Software Development";
				TargetAttributes = {
					9A9E4AD52751A3F40094A04C = {
						CreatedOnToolsVersion = 13.1;
					};
				};
			};
			buildConfigurationList = 9A440A1026548BE4000C490B /* Build configuration list for PBXProject "windowing_macos" */;
			compatibilityVersion = "Xcode 12.0";
			developmentRegion = en;
			hasScannedForEncodings = 0;
			knownRegions = (
				en,
				Base,
			);
			mainGroup = 9A440A0C26548BE4000C490B;
			productRefGroup = 9A440A1626548BE4000C490B /* Products */;
			projectDirPath = "";
			projectReferences = (
				{
					ProductGroup = 9A440A2226548C17000C490B /* Products */;
					ProjectRef = 9A440A2126548C17000C490B /* aura_macos.xcodeproj */;
				},
			);
			projectRoot = "";
			targets = (
				9A9E4AD52751A3F40094A04C /* windowing_macos */,
			);
		};
/* End PBXProject section */

/* Begin PBXReferenceProxy section */
		9A440A2826548C17000C490B /* libaura_macos.dylib */ = {
			isa = PBXReferenceProxy;
			fileType = "compiled.mach-o.dylib";
			path = libaura_macos.dylib;
			remoteRef = 9A440A2726548C17000C490B /* PBXContainerItemProxy */;
			sourceTree = BUILT_PRODUCTS_DIR;
		};
/* End PBXReferenceProxy section */

/* Begin PBXShellScriptBuildPhase section */
		9A5955892D6D8CBD00B096D0 /* ShellScript */ = {
			isa = PBXShellScriptBuildPhase;
			buildActionMask = 2147483647;
			files = (
			);
			inputFileListPaths = (
			);
			inputPaths = (
				"$(BUILT_PRODUCTS_DIR)/$(EXECUTABLE_NAME)",
				"$(WorkspaceDir)/output_copy.txt",
			);
			outputFileListPaths = (
			);
			outputPaths = (
				"$(WorkspaceDir)/time-$(PLATFORM_MODIFIER)/output/$(EXECUTABLE_NAME)",
			);
			runOnlyForDeploymentPostprocessing = 0;
			shellPath = /bin/sh;
			shellScript = ". $HOME/code/operating_system/tool/bin/_on_after_build_dylib\n";
		};
/* End PBXShellScriptBuildPhase section */

/* Begin PBXSourcesBuildPhase section */
		9A9E4AD32751A3F40094A04C /* Sources */ = {
			isa = PBXSourcesBuildPhase;
			buildActionMask = 2147483647;
			files = (
				9A1D5EEA2751B059003D9B5F /* copydesk.cpp in Sources */,
				9AF2845627FBCA7100D4C1A8 /* macOSApp.mm in Sources */,
				9A1D5EEB2751B059003D9B5F /* window.cpp in Sources */,
				9A22739827CF00E20042BAC2 /* windowing.mm in Sources */,
				9A1D5EEC2751B059003D9B5F /* windowing_macos.cpp in Sources */,
				9AF2844C27FBC96400D4C1A8 /* macOSWindow.mm in Sources */,
				9A1D5EED2751B059003D9B5F /* windowing.cpp in Sources */,
				9A1D5ED52751B037003D9B5F /* copydesk.mm in Sources */,
				9A1D5ED62751B037003D9B5F /* cursor.cpp in Sources */,
				9A1D5ED72751B037003D9B5F /* cursor_mm.mm in Sources */,
				9AF2844727FBC96400D4C1A8 /* macOSImpact.mm in Sources */,
				9AC5E9D22D8A838F00EC2419 /* _.mm in Sources */,
				9AF2844D27FBC96400D4C1A8 /* macos_window.mm in Sources */,
				9A1D5ED82751B037003D9B5F /* display.cpp in Sources */,
				9A1D5ED92751B037003D9B5F /* _factory.cpp in Sources */,
				9A1D5EDA2751B037003D9B5F /* framework.cpp in Sources */,
				9AC5E9D02D8A825400EC2419 /* macOSControlBox.mm in Sources */,
				9A1D5EDB2751B037003D9B5F /* icon.cpp in Sources */,
				9A1D5EDC2751B037003D9B5F /* imm_client.cpp in Sources */,
				9AF2844E27FBC96400D4C1A8 /* macOSWindowController.mm in Sources */,
				9A93B0F827FCFC380042D6C8 /* cursor_cpp.cpp in Sources */,
				9A1D5EDD2751B037003D9B5F /* keyboard.cpp in Sources */,
				9A1D5EE02751B037003D9B5F /* windowing_keyboard.cpp in Sources */,
				9A1D5EE22751B037003D9B5F /* monitor.cpp in Sources */,
				9A1D5EE32751B037003D9B5F /* monitor.mm in Sources */,
				9A1D5EE62751B037003D9B5F /* notify_icon_mm_bridge.mm in Sources */,
				9A1D5EE72751B037003D9B5F /* notify_icon.cpp in Sources */,
				9A1D5EE82751B037003D9B5F /* notify_icon.mm in Sources */,
			);
			runOnlyForDeploymentPostprocessing = 0;
		};
/* End PBXSourcesBuildPhase section */

/* Begin PBXTargetDependency section */
		9A1D5F0E2751B162003D9B5F /* PBXTargetDependency */ = {
			isa = PBXTargetDependency;
			name = aura_macos;
			targetProxy = 9A1D5F0D2751B162003D9B5F /* PBXContainerItemProxy */;
		};
/* End PBXTargetDependency section */

/* Begin XCBuildConfiguration section */
		9A440A1C26548BE4000C490B /* Debug */ = {
			isa = XCBuildConfiguration;
			baseConfigurationReference = 9A03B8062A25BD8100A0E33E /* _____debug.xcconfig */;
			buildSettings = {
				ALWAYS_SEARCH_USER_PATHS = NO;
				BUILD_LIBRARY_FOR_DISTRIBUTION = YES;
				CLANG_ANALYZER_GCD = YES;
				CLANG_ANALYZER_LOCALIZABILITY_NONLOCALIZED = YES;
				CLANG_ANALYZER_MEMORY_MANAGEMENT = YES;
				CLANG_ANALYZER_NONNULL = YES;
				CLANG_ANALYZER_NUMBER_OBJECT_CONVERSION = YES_AGGRESSIVE;
				CLANG_CXX_LANGUAGE_STANDARD = "c++20";
				CLANG_CXX_LIBRARY = "libc++";
				CLANG_ENABLE_CPP_STATIC_DESTRUCTORS = YES;
				CLANG_ENABLE_MODULES = NO;
				CLANG_ENABLE_OBJC_ARC = YES;
				CLANG_ENABLE_OBJC_WEAK = YES;
				CLANG_STATIC_ANALYZER_MODE = deep;
				CLANG_STATIC_ANALYZER_MODE_ON_ANALYZE_ACTION = deep;
				CLANG_WARN_BLOCK_CAPTURE_AUTORELEASING = YES;
				CLANG_WARN_BOOL_CONVERSION = NO;
				CLANG_WARN_COMMA = YES;
				CLANG_WARN_CONSTANT_CONVERSION = NO;
				CLANG_WARN_DEPRECATED_OBJC_IMPLEMENTATIONS = YES;
				CLANG_WARN_DIRECT_OBJC_ISA_USAGE = YES;
				CLANG_WARN_DOCUMENTATION_COMMENTS = YES;
				CLANG_WARN_EMPTY_BODY = NO;
				CLANG_WARN_ENUM_CONVERSION = NO;
				CLANG_WARN_INFINITE_RECURSION = YES;
				CLANG_WARN_INT_CONVERSION = NO;
				CLANG_WARN_NON_LITERAL_NULL_CONVERSION = YES;
				CLANG_WARN_OBJC_IMPLICIT_RETAIN_SELF = YES;
				CLANG_WARN_OBJC_LITERAL_CONVERSION = YES;
				CLANG_WARN_OBJC_ROOT_CLASS = YES_ERROR;
				CLANG_WARN_PRAGMA_PACK = NO;
				CLANG_WARN_QUOTED_INCLUDE_IN_FRAMEWORK_HEADER = YES;
				CLANG_WARN_RANGE_LOOP_ANALYSIS = YES;
				CLANG_WARN_STRICT_PROTOTYPES = YES;
				CLANG_WARN_SUSPICIOUS_MOVE = YES;
				CLANG_WARN_UNGUARDED_AVAILABILITY = YES_AGGRESSIVE;
				CLANG_WARN_UNREACHABLE_CODE = YES;
				CLANG_WARN__DUPLICATE_METHOD_MATCH = NO;
				COPY_PHASE_STRIP = NO;
				DEAD_CODE_STRIPPING = NO;
				DEBUG_INFORMATION_FORMAT = "dwarf-with-dsym";
				DEPLOYMENT_POSTPROCESSING = YES;
				ENABLE_STRICT_OBJC_MSGSEND = YES;
				ENABLE_TESTABILITY = YES;
				ENABLE_USER_SCRIPT_SANDBOXING = YES;
				EXCLUDED_ARCHS = "";
				EXECUTABLE_PREFIX = lib;
				GCC_C_LANGUAGE_STANDARD = c11;
				GCC_DYNAMIC_NO_PIC = NO;
				GCC_ENABLE_CPP_EXCEPTIONS = YES;
				GCC_ENABLE_CPP_RTTI = YES;
				GCC_GENERATE_DEBUGGING_SYMBOLS = YES;
				GCC_INCREASE_PRECOMPILED_HEADER_SHARING = NO;
				GCC_NO_COMMON_BLOCKS = YES;
				GCC_OPTIMIZATION_LEVEL = 0;
				GCC_PRECOMPILE_PREFIX_HEADER = YES;
				GCC_PREFIX_HEADER = framework.h;
				GCC_PREPROCESSOR_DEFINITIONS = "$(inherited)";
				GCC_REUSE_STRINGS = YES;
				GCC_SYMBOLS_PRIVATE_EXTERN = NO;
				GCC_VERSION = "";
				GCC_WARN_64_TO_32_BIT_CONVERSION = NO;
				"GCC_WARN_64_TO_32_BIT_CONVERSION[arch=*64]" = YES;
				GCC_WARN_ABOUT_DEPRECATED_FUNCTIONS = NO;
				GCC_WARN_ABOUT_POINTER_SIGNEDNESS = YES;
				GCC_WARN_ABOUT_RETURN_TYPE = NO;
				GCC_WARN_UNDECLARED_SELECTOR = NO;
				GCC_WARN_UNINITIALIZED_AUTOS = NO;
				GCC_WARN_UNUSED_FUNCTION = NO;
				GCC_WARN_UNUSED_VARIABLE = NO;
				HEADER_SEARCH_PATHS = "";
				INSTALL_PATH = "@executable_path";
				LD_RUNPATH_SEARCH_PATHS = "@executable_path";
				LIBRARY_SEARCH_PATHS = (
					"$(inherited)",
					"$(WorkspaceDir)/operating_system",
					"$(WorkspaceDir)/../operating_system/storage-$(PLATFORM_MODIFIER)/$(CONFIGURATION)/library",
				);
				MTL_ENABLE_DEBUG_INFO = INCLUDE_SOURCE;
				MTL_FAST_MATH = YES;
				ONLY_ACTIVE_ARCH = YES;
				OTHER_LDFLAGS = "-all_load";
				PRODUCT_NAME = "$(TARGET_NAME)";
				RUN_CLANG_STATIC_ANALYZER = NO;
				SDKROOT = macosx;
				SKIP_INSTALL = YES;
				STRINGS_FILE_OUTPUT_ENCODING = "UTF-8";
				SYSTEM_HEADER_SEARCH_PATHS = (
					"$(WorkspaceDir)/operating_system/operating_system-$(PLATFORM_MODIFIER)/include",
					"$(WorkspaceDir)/port/include",
					"$(WorkspaceDir)/source/app/include",
				);								USER_HEADER_SEARCH_PATHS = (
					.,
					"$(WorkspaceDir)/source",
					"$(WorkspaceDir)/source/app",
					"$(WorkspaceDir)/source/app/_include",
					"$(WorkspaceDir)/operating_system",
					"$(WorkspaceDir)/operating_system/operating_system-$(PLATFORM_MODIFIER)",
					"$(WorkspaceDir)/operating_system/operating_system-$(PLATFORM_MODIFIER)/configuration_selection/$(CONFIGURATION)",
					"$(WorkspaceDir)/operating_system/operating_system-apple",
					"$(WorkspaceDir)/operating_system/operating_system-darwin",
					"$(WorkspaceDir)/operating_system/operating_system-posix",
					"$(WorkspaceDir)/port/_",
					"$(PROJECT_DIR)",
					"$(PROJECT_DIR)/..",
					"$(PROJECT_DIR)/../..",
					"$(HOME)/sensitive/sensitive/include",
				);

				USE_HEADERMAP = NO;
				WorkspaceDir = "$(SRCROOT)/../../..";
			};
			name = Debug;
		};
		9A440A1D26548BE4000C490B /* Release */ = {
			isa = XCBuildConfiguration;
			baseConfigurationReference = 9A03B8092A25BD8100A0E33E /* _____release.xcconfig */;
			buildSettings = {
				ALWAYS_SEARCH_USER_PATHS = NO;
				BUILD_LIBRARY_FOR_DISTRIBUTION = YES;
				CLANG_ANALYZER_GCD = YES;
				CLANG_ANALYZER_LOCALIZABILITY_NONLOCALIZED = YES;
				CLANG_ANALYZER_MEMORY_MANAGEMENT = YES;
				CLANG_ANALYZER_NONNULL = YES;
				CLANG_ANALYZER_NUMBER_OBJECT_CONVERSION = YES_AGGRESSIVE;
				CLANG_CXX_LANGUAGE_STANDARD = "c++20";
				CLANG_CXX_LIBRARY = "libc++";
				CLANG_ENABLE_CPP_STATIC_DESTRUCTORS = YES;
				CLANG_ENABLE_MODULES = NO;
				CLANG_ENABLE_OBJC_ARC = YES;
				CLANG_ENABLE_OBJC_WEAK = YES;
				CLANG_STATIC_ANALYZER_MODE = deep;
				CLANG_STATIC_ANALYZER_MODE_ON_ANALYZE_ACTION = deep;
				CLANG_WARN_BLOCK_CAPTURE_AUTORELEASING = YES;
				CLANG_WARN_BOOL_CONVERSION = NO;
				CLANG_WARN_COMMA = YES;
				CLANG_WARN_CONSTANT_CONVERSION = NO;
				CLANG_WARN_DEPRECATED_OBJC_IMPLEMENTATIONS = YES;
				CLANG_WARN_DIRECT_OBJC_ISA_USAGE = YES;
				CLANG_WARN_DOCUMENTATION_COMMENTS = YES;
				CLANG_WARN_EMPTY_BODY = NO;
				CLANG_WARN_ENUM_CONVERSION = NO;
				CLANG_WARN_INFINITE_RECURSION = YES;
				CLANG_WARN_INT_CONVERSION = NO;
				CLANG_WARN_NON_LITERAL_NULL_CONVERSION = YES;
				CLANG_WARN_OBJC_IMPLICIT_RETAIN_SELF = YES;
				CLANG_WARN_OBJC_LITERAL_CONVERSION = YES;
				CLANG_WARN_OBJC_ROOT_CLASS = YES_ERROR;
				CLANG_WARN_PRAGMA_PACK = NO;
				CLANG_WARN_QUOTED_INCLUDE_IN_FRAMEWORK_HEADER = YES;
				CLANG_WARN_RANGE_LOOP_ANALYSIS = YES;
				CLANG_WARN_STRICT_PROTOTYPES = YES;
				CLANG_WARN_SUSPICIOUS_MOVE = YES;
				CLANG_WARN_UNGUARDED_AVAILABILITY = YES_AGGRESSIVE;
				CLANG_WARN_UNREACHABLE_CODE = YES;
				CLANG_WARN__DUPLICATE_METHOD_MATCH = NO;
				COPY_PHASE_STRIP = NO;
				DEAD_CODE_STRIPPING = NO;
				DEBUG_INFORMATION_FORMAT = "dwarf-with-dsym";
				DEPLOYMENT_POSTPROCESSING = YES;
				ENABLE_HARDENED_RUNTIME = YES;
				ENABLE_NS_ASSERTIONS = NO;
				ENABLE_STRICT_OBJC_MSGSEND = YES;
				ENABLE_USER_SCRIPT_SANDBOXING = YES;
				EXCLUDED_ARCHS = "";
				EXECUTABLE_PREFIX = lib;
				GCC_C_LANGUAGE_STANDARD = c11;
				GCC_ENABLE_CPP_EXCEPTIONS = YES;
				GCC_ENABLE_CPP_RTTI = YES;
				GCC_GENERATE_DEBUGGING_SYMBOLS = YES;
				GCC_INCREASE_PRECOMPILED_HEADER_SHARING = NO;
				GCC_NO_COMMON_BLOCKS = YES;
				GCC_OPTIMIZATION_LEVEL = 0;
				GCC_PRECOMPILE_PREFIX_HEADER = YES;
				GCC_PREFIX_HEADER = framework.h;
				GCC_PREPROCESSOR_DEFINITIONS = "";
				GCC_REUSE_STRINGS = YES;
				GCC_VERSION = "";
				GCC_WARN_64_TO_32_BIT_CONVERSION = NO;
				"GCC_WARN_64_TO_32_BIT_CONVERSION[arch=*64]" = YES;
				GCC_WARN_ABOUT_DEPRECATED_FUNCTIONS = NO;
				GCC_WARN_ABOUT_POINTER_SIGNEDNESS = YES;
				GCC_WARN_ABOUT_RETURN_TYPE = NO;
				GCC_WARN_UNDECLARED_SELECTOR = NO;
				GCC_WARN_UNINITIALIZED_AUTOS = NO;
				GCC_WARN_UNUSED_FUNCTION = NO;
				GCC_WARN_UNUSED_VARIABLE = NO;
				HEADER_SEARCH_PATHS = "";
				INSTALL_PATH = "@executable_path";
				LD_RUNPATH_SEARCH_PATHS = "@executable_path";
				LIBRARY_SEARCH_PATHS = (
					"$(inherited)",
					"$(WorkspaceDir)/operating_system",
					"$(WorkspaceDir)/../operating_system/storage-$(PLATFORM_MODIFIER)/$(CONFIGURATION)/library",
				);
				MTL_ENABLE_DEBUG_INFO = NO;
				MTL_FAST_MATH = YES;
				OTHER_LDFLAGS = "-all_load";
				PRODUCT_NAME = "$(TARGET_NAME)";
				RUN_CLANG_STATIC_ANALYZER = NO;
				SDKROOT = macosx;
				SKIP_INSTALL = YES;
				STRINGS_FILE_OUTPUT_ENCODING = "UTF-8";
				SYSTEM_HEADER_SEARCH_PATHS = (
					"$(WorkspaceDir)/operating_system/operating_system-$(PLATFORM_MODIFIER)/include",
					"$(WorkspaceDir)/port/include",
					"$(WorkspaceDir)/source/app/include",
				);								USER_HEADER_SEARCH_PATHS = (
					.,
					"$(WorkspaceDir)/source",
					"$(WorkspaceDir)/source/app",
					"$(WorkspaceDir)/source/app/_include",
					"$(WorkspaceDir)/operating_system",
					"$(WorkspaceDir)/operating_system/operating_system-$(PLATFORM_MODIFIER)",
					"$(WorkspaceDir)/operating_system/operating_system-$(PLATFORM_MODIFIER)/configuration_selection/$(CONFIGURATION)",
					"$(WorkspaceDir)/operating_system/operating_system-apple",
					"$(WorkspaceDir)/operating_system/operating_system-darwin",
					"$(WorkspaceDir)/operating_system/operating_system-posix",
					"$(WorkspaceDir)/port/_",
					"$(PROJECT_DIR)",
					"$(PROJECT_DIR)/..",
					"$(PROJECT_DIR)/../..",
					"$(HOME)/sensitive/sensitive/include",
				);

				USE_HEADERMAP = NO;
				VALIDATE_PRODUCT = YES;
				WorkspaceDir = "$(SRCROOT)/../../..";
			};
			name = Release;
		};
		9A9E4AD82751A3F40094A04C /* Debug */ = {
			isa = XCBuildConfiguration;
			buildSettings = {
				EXECUTABLE_EXTENSION = dylib;
				MACH_O_TYPE = mh_dylib;
				PLATFORM_MODIFIER = macos;
				SDKROOT = macosx;
			};
			name = Debug;
		};
		9A9E4AD92751A3F40094A04C /* Release */ = {
			isa = XCBuildConfiguration;
			buildSettings = {
				EXECUTABLE_EXTENSION = dylib;
				MACH_O_TYPE = mh_dylib;
				PLATFORM_MODIFIER = macos;
				SDKROOT = macosx;
			};
			name = Release;
		};
/* End XCBuildConfiguration section */

/* Begin XCConfigurationList section */
		9A440A1026548BE4000C490B /* Build configuration list for PBXProject "windowing_macos" */ = {
			isa = XCConfigurationList;
			buildConfigurations = (
				9A440A1C26548BE4000C490B /* Debug */,
				9A440A1D26548BE4000C490B /* Release */,
			);
			defaultConfigurationIsVisible = 0;
			defaultConfigurationName = Release;
		};
		9A9E4AD72751A3F40094A04C /* Build configuration list for PBXNativeTarget "windowing_macos" */ = {
			isa = XCConfigurationList;
			buildConfigurations = (
				9A9E4AD82751A3F40094A04C /* Debug */,
				9A9E4AD92751A3F40094A04C /* Release */,
			);
			defaultConfigurationIsVisible = 0;
			defaultConfigurationName = Release;
		};
/* End XCConfigurationList section */
	};
	rootObject = 9A440A0D26548BE4000C490B /* Project object */;
}
