// !$*UTF8*$!
{
	archiveVersion = 1;
	classes = {
	};
	objectVersion = 54;
	objects = {

/* Begin PBXBuildFile section */
		9A0C1779264A2DFA00B5CC33 /* framework.cpp in Sources */ = {isa = PBXBuildFile; fileRef = 9A0C1755264A2DFA00B5CC33 /* framework.cpp */; };
		9A0C1785264A2DFA00B5CC33 /* framework.h in Headers */ = {isa = PBXBuildFile; fileRef = 9A0C1766264A2DFA00B5CC33 /* framework.h */; };
		9A1D5F722751C033003D9B5F /* NSPasteboard++.mm in Sources */ = {isa = PBXBuildFile; fileRef = 9A1D5F712751C033003D9B5F /* NSPasteboard++.mm */; };
		9A46D24126784388000B22D0 /* libacme.dylib in Frameworks */ = {isa = PBXBuildFile; fileRef = 9A46D24026784388000B22D0 /* libacme.dylib */; };
		9A46D24326784388000B22D0 /* libacme_apple.dylib in Frameworks */ = {isa = PBXBuildFile; fileRef = 9A46D24226784388000B22D0 /* libacme_apple.dylib */; };
		9A46D24526784388000B22D0 /* libacme_posix.dylib in Frameworks */ = {isa = PBXBuildFile; fileRef = 9A46D24426784388000B22D0 /* libacme_posix.dylib */; };
		9A46D24726784394000B22D0 /* libapex.dylib in Frameworks */ = {isa = PBXBuildFile; fileRef = 9A46D24626784394000B22D0 /* libapex.dylib */; };
		9A46D24926784394000B22D0 /* libapex_posix.dylib in Frameworks */ = {isa = PBXBuildFile; fileRef = 9A46D24826784394000B22D0 /* libapex_posix.dylib */; };
		9A5D760D274E4FF300403BC3 /* file.mm in Sources */ = {isa = PBXBuildFile; fileRef = 9A787F7C264EF104003DF8A0 /* file.mm */; };
		9A7862A0265023D30034A0E1 /* CoreServices.framework in Frameworks */ = {isa = PBXBuildFile; fileRef = 9A78629D265023D30034A0E1 /* CoreServices.framework */; };
		9A7862A2265024F50034A0E1 /* IOKit.framework in Frameworks */ = {isa = PBXBuildFile; fileRef = 9A7862A1265024F40034A0E1 /* IOKit.framework */; };
		9A7862A6265025940034A0E1 /* AppKit.framework in Frameworks */ = {isa = PBXBuildFile; fileRef = 9A7862A5265025940034A0E1 /* AppKit.framework */; };
		9A7862AA2650292A0034A0E1 /* Carbon.framework in Frameworks */ = {isa = PBXBuildFile; fileRef = 9A7862A92650292A0034A0E1 /* Carbon.framework */; };
		9A7862AC265029FA0034A0E1 /* user.mm in Sources */ = {isa = PBXBuildFile; fileRef = 9A7862AB265029FA0034A0E1 /* user.mm */; };
		9A787E9C264ED595003DF8A0 /* _.h in Headers */ = {isa = PBXBuildFile; fileRef = 9A787E92264ED593003DF8A0 /* _.h */; };
		9A787E9F264ED5BB003DF8A0 /* _library.h in Headers */ = {isa = PBXBuildFile; fileRef = 9A787E9D264ED5BA003DF8A0 /* _library.h */; };
		9A787EA0264ED5BB003DF8A0 /* _factory.cpp in Sources */ = {isa = PBXBuildFile; fileRef = 9A787E9E264ED5BA003DF8A0 /* _factory.cpp */; };
		9A787EE2264EE881003DF8A0 /* node.cpp in Sources */ = {isa = PBXBuildFile; fileRef = 9A787EE0264EE881003DF8A0 /* node.cpp */; };
		9A787EE3264EE881003DF8A0 /* node.h in Headers */ = {isa = PBXBuildFile; fileRef = 9A787EE1264EE881003DF8A0 /* node.h */; };
		9A787F87264EF105003DF8A0 /* application.h in Headers */ = {isa = PBXBuildFile; fileRef = 9A787F63264EF103003DF8A0 /* application.h */; };
		9A787F8B264EF105003DF8A0 /* file_context.cpp in Sources */ = {isa = PBXBuildFile; fileRef = 9A787F67264EF103003DF8A0 /* file_context.cpp */; };
		9A787F8C264EF105003DF8A0 /* dir_system.h in Headers */ = {isa = PBXBuildFile; fileRef = 9A787F68264EF103003DF8A0 /* dir_system.h */; };
		9A787F8D264EF105003DF8A0 /* launcher.cpp in Sources */ = {isa = PBXBuildFile; fileRef = 9A787F69264EF103003DF8A0 /* launcher.cpp */; };
		9A787F8E264EF105003DF8A0 /* application.cpp in Sources */ = {isa = PBXBuildFile; fileRef = 9A787F6A264EF103003DF8A0 /* application.cpp */; };
		9A787F91264EF105003DF8A0 /* _mm.h in Headers */ = {isa = PBXBuildFile; fileRef = 9A787F6D264EF103003DF8A0 /* _mm.h */; };
		9A787F92264EF105003DF8A0 /* interprocess.cpp in Sources */ = {isa = PBXBuildFile; fileRef = 9A787F6E264EF103003DF8A0 /* interprocess.cpp */; };
		9A787F93264EF105003DF8A0 /* file_system.cpp in Sources */ = {isa = PBXBuildFile; fileRef = 9A787F6F264EF103003DF8A0 /* file_system.cpp */; };
		9A787F95264EF105003DF8A0 /* user.h in Headers */ = {isa = PBXBuildFile; fileRef = 9A787F71264EF104003DF8A0 /* user.h */; };
		9A787F96264EF105003DF8A0 /* app.mm in Sources */ = {isa = PBXBuildFile; fileRef = 9A787F72264EF104003DF8A0 /* app.mm */; };
		9A787F98264EF105003DF8A0 /* file_context.h in Headers */ = {isa = PBXBuildFile; fileRef = 9A787F74264EF104003DF8A0 /* file_context.h */; };
		9A787F9B264EF105003DF8A0 /* keyboard.cpp in Sources */ = {isa = PBXBuildFile; fileRef = 9A787F77264EF104003DF8A0 /* keyboard.cpp */; };
		9A787F9C264EF105003DF8A0 /* os_context.h in Headers */ = {isa = PBXBuildFile; fileRef = 9A787F78264EF104003DF8A0 /* os_context.h */; };
		9A787F9E264EF105003DF8A0 /* dir_context.cpp in Sources */ = {isa = PBXBuildFile; fileRef = 9A787F7A264EF104003DF8A0 /* dir_context.cpp */; };
		9A787F9F264EF105003DF8A0 /* dir_system.cpp in Sources */ = {isa = PBXBuildFile; fileRef = 9A787F7B264EF104003DF8A0 /* dir_system.cpp */; };
		9A787FA2264EF105003DF8A0 /* os_context.cpp in Sources */ = {isa = PBXBuildFile; fileRef = 9A787F7E264EF105003DF8A0 /* os_context.cpp */; };
		9A787FA4264EF105003DF8A0 /* file_system.h in Headers */ = {isa = PBXBuildFile; fileRef = 9A787F80264EF105003DF8A0 /* file_system.h */; };
		9A787FA6264EF105003DF8A0 /* keyboard_mm.mm in Sources */ = {isa = PBXBuildFile; fileRef = 9A787F82264EF105003DF8A0 /* keyboard_mm.mm */; };
		9A787FA7264EF105003DF8A0 /* shell_macos_mm.mm in Sources */ = {isa = PBXBuildFile; fileRef = 9A787F83264EF105003DF8A0 /* shell_macos_mm.mm */; };
		9A787FA8264EF105003DF8A0 /* user.cpp in Sources */ = {isa = PBXBuildFile; fileRef = 9A787F84264EF105003DF8A0 /* user.cpp */; };
		9A787FA9264EF105003DF8A0 /* dir_context.h in Headers */ = {isa = PBXBuildFile; fileRef = 9A787F85264EF105003DF8A0 /* dir_context.h */; };
		9A787FAC264EF342003DF8A0 /* interprocess.h in Headers */ = {isa = PBXBuildFile; fileRef = 9A787FAB264EF342003DF8A0 /* interprocess.h */; };
		9A787FAE264F0F3B003DF8A0 /* launcher.h in Headers */ = {isa = PBXBuildFile; fileRef = 9A787FAD264F0F3B003DF8A0 /* launcher.h */; };
		9A788033264F1130003DF8A0 /* shell_launcher.h in Headers */ = {isa = PBXBuildFile; fileRef = 9A788032264F1130003DF8A0 /* shell_launcher.h */; };
		9A788037264F1ECA003DF8A0 /* watcher.h in Headers */ = {isa = PBXBuildFile; fileRef = 9A788035264F1ECA003DF8A0 /* watcher.h */; };
		9A788038264F1ECA003DF8A0 /* watcher.cpp in Sources */ = {isa = PBXBuildFile; fileRef = 9A788036264F1ECA003DF8A0 /* watcher.cpp */; };
		9A865EE9299298AC0042465F /* libapex_darwin.dylib in Frameworks */ = {isa = PBXBuildFile; fileRef = 9A865EE8299298AC0042465F /* libapex_darwin.dylib */; };
		9A865FBE29661798000C82F0 /* libacme_darwin.dylib in Frameworks */ = {isa = PBXBuildFile; fileRef = 9A865FBD29661798000C82F0 /* libacme_darwin.dylib */; };
		9A8BCB3D29A049BC002BE91E /* integration_context.h in Headers */ = {isa = PBXBuildFile; fileRef = 9A8BCB3929A049BB002BE91E /* integration_context.h */; };
		9A8BCB3E29A049BC002BE91E /* integration_context.cpp in Sources */ = {isa = PBXBuildFile; fileRef = 9A8BCB3C29A049BB002BE91E /* integration_context.cpp */; };
		9ABC54B726DAEE2700718C0D /* libacme_macos.dylib in Frameworks */ = {isa = PBXBuildFile; fileRef = 9A0C17EB264A325700B5CC33 /* libacme_macos.dylib */; };
		9ABC54B826DAEE5100718C0D /* libapex_apple.dylib in Frameworks */ = {isa = PBXBuildFile; fileRef = 9A15A5EF264B54EE0080670E /* libapex_apple.dylib */; };
/* End PBXBuildFile section */

/* Begin PBXContainerItemProxy section */
		9A0C17EA264A325700B5CC33 /* PBXContainerItemProxy */ = {
			isa = PBXContainerItemProxy;
			containerPortal = 9A0C17E6264A325700B5CC33 /* acme_macos.xcodeproj */;
			proxyType = 2;
			remoteGlobalIDString = 9A0C165F264A290E00B5CC33;
			remoteInfo = acme_macos;
		};
		9A15A5EE264B54EE0080670E /* PBXContainerItemProxy */ = {
			isa = PBXContainerItemProxy;
			containerPortal = 9A15A5EA264B54EE0080670E /* apex_apple.xcodeproj */;
			proxyType = 2;
			remoteGlobalIDString = 9A15A597264B53DC0080670E;
			remoteInfo = apex_apple;
		};
		9A787ED4264EE753003DF8A0 /* PBXContainerItemProxy */ = {
			isa = PBXContainerItemProxy;
			containerPortal = 9A0C17E6264A325700B5CC33 /* acme_macos.xcodeproj */;
			proxyType = 1;
			remoteGlobalIDString = 9A0C165E264A290E00B5CC33;
			remoteInfo = acme_macos;
		};
		9A787ED6264EE75E003DF8A0 /* PBXContainerItemProxy */ = {
			isa = PBXContainerItemProxy;
			containerPortal = 9A15A5EA264B54EE0080670E /* apex_apple.xcodeproj */;
			proxyType = 1;
			remoteGlobalIDString = 9A15A596264B53DC0080670E;
			remoteInfo = apex_apple;
		};
		9A865EEC299298AC0042465F /* PBXContainerItemProxy */ = {
			isa = PBXContainerItemProxy;
			containerPortal = 9A0C17E6264A325700B5CC33 /* acme_macos.xcodeproj */;
			proxyType = 2;
			remoteGlobalIDString = 9AC14D56297B3488006D9BD3;
			remoteInfo = _acme_macos;
		};
		9AA74F5A28482348009BB762 /* PBXContainerItemProxy */ = {
			isa = PBXContainerItemProxy;
			containerPortal = 9A15A5EA264B54EE0080670E /* apex_apple.xcodeproj */;
			proxyType = 2;
			remoteGlobalIDString = 9A8E9DF0282A2FB6005FF778;
			remoteInfo = ios_apex_apple;
		};
/* End PBXContainerItemProxy section */

/* Begin PBXFileReference section */
		9A0C1695264A2AA700B5CC33 /* libapex_macos.dylib */ = {isa = PBXFileReference; explicitFileType = "compiled.mach-o.dylib"; includeInIndex = 0; path = libapex_macos.dylib; sourceTree = BUILT_PRODUCTS_DIR; };
		9A0C1755264A2DFA00B5CC33 /* framework.cpp */ = {isa = PBXFileReference; fileEncoding = 4; lastKnownFileType = sourcecode.cpp.cpp; path = framework.cpp; sourceTree = "<group>"; };
		9A0C1766264A2DFA00B5CC33 /* framework.h */ = {isa = PBXFileReference; fileEncoding = 4; lastKnownFileType = sourcecode.c.h; path = framework.h; sourceTree = "<group>"; };
		9A0C17E6264A325700B5CC33 /* acme_macos.xcodeproj */ = {isa = PBXFileReference; lastKnownFileType = "wrapper.pb-project"; name = acme_macos.xcodeproj; path = ../acme_macos/acme_macos.xcodeproj; sourceTree = "<group>"; };
		9A15A5EA264B54EE0080670E /* apex_apple.xcodeproj */ = {isa = PBXFileReference; lastKnownFileType = "wrapper.pb-project"; name = apex_apple.xcodeproj; path = "../../operating-system-apple/apex_apple/apex_apple.xcodeproj"; sourceTree = "<group>"; };
		9A1D5F712751C033003D9B5F /* NSPasteboard++.mm */ = {isa = PBXFileReference; fileEncoding = 4; lastKnownFileType = sourcecode.cpp.objcpp; path = "NSPasteboard++.mm"; sourceTree = "<group>"; };
		9A46D24026784388000B22D0 /* libacme.dylib */ = {isa = PBXFileReference; explicitFileType = "compiled.mach-o.dylib"; path = libacme.dylib; sourceTree = BUILT_PRODUCTS_DIR; };
		9A46D24226784388000B22D0 /* libacme_apple.dylib */ = {isa = PBXFileReference; explicitFileType = "compiled.mach-o.dylib"; path = libacme_apple.dylib; sourceTree = BUILT_PRODUCTS_DIR; };
		9A46D24426784388000B22D0 /* libacme_posix.dylib */ = {isa = PBXFileReference; explicitFileType = "compiled.mach-o.dylib"; path = libacme_posix.dylib; sourceTree = BUILT_PRODUCTS_DIR; };
		9A46D24626784394000B22D0 /* libapex.dylib */ = {isa = PBXFileReference; explicitFileType = "compiled.mach-o.dylib"; path = libapex.dylib; sourceTree = BUILT_PRODUCTS_DIR; };
		9A46D24826784394000B22D0 /* libapex_posix.dylib */ = {isa = PBXFileReference; explicitFileType = "compiled.mach-o.dylib"; path = libapex_posix.dylib; sourceTree = BUILT_PRODUCTS_DIR; };
		9A78629D265023D30034A0E1 /* CoreServices.framework */ = {isa = PBXFileReference; lastKnownFileType = wrapper.framework; name = CoreServices.framework; path = System/Library/Frameworks/CoreServices.framework; sourceTree = SDKROOT; };
		9A7862A1265024F40034A0E1 /* IOKit.framework */ = {isa = PBXFileReference; lastKnownFileType = wrapper.framework; name = IOKit.framework; path = System/Library/Frameworks/IOKit.framework; sourceTree = SDKROOT; };
		9A7862A3265025370034A0E1 /* CoreFoundation.framework */ = {isa = PBXFileReference; lastKnownFileType = wrapper.framework; name = CoreFoundation.framework; path = System/Library/Frameworks/CoreFoundation.framework; sourceTree = SDKROOT; };
		9A7862A5265025940034A0E1 /* AppKit.framework */ = {isa = PBXFileReference; lastKnownFileType = wrapper.framework; name = AppKit.framework; path = System/Library/Frameworks/AppKit.framework; sourceTree = SDKROOT; };
		9A7862A92650292A0034A0E1 /* Carbon.framework */ = {isa = PBXFileReference; lastKnownFileType = wrapper.framework; name = Carbon.framework; path = System/Library/Frameworks/Carbon.framework; sourceTree = SDKROOT; };
		9A7862AB265029FA0034A0E1 /* user.mm */ = {isa = PBXFileReference; lastKnownFileType = sourcecode.cpp.objcpp; path = user.mm; sourceTree = "<group>"; };
		9A787E92264ED593003DF8A0 /* _.h */ = {isa = PBXFileReference; fileEncoding = 4; lastKnownFileType = sourcecode.c.h; path = _.h; sourceTree = "<group>"; };
		9A787E9D264ED5BA003DF8A0 /* _library.h */ = {isa = PBXFileReference; fileEncoding = 4; lastKnownFileType = sourcecode.c.h; path = _library.h; sourceTree = "<group>"; };
		9A787E9E264ED5BA003DF8A0 /* _factory.cpp */ = {isa = PBXFileReference; fileEncoding = 4; lastKnownFileType = sourcecode.cpp.cpp; path = _factory.cpp; sourceTree = "<group>"; };
		9A787EE0264EE881003DF8A0 /* node.cpp */ = {isa = PBXFileReference; fileEncoding = 4; lastKnownFileType = sourcecode.cpp.cpp; path = node.cpp; sourceTree = "<group>"; };
		9A787EE1264EE881003DF8A0 /* node.h */ = {isa = PBXFileReference; fileEncoding = 4; lastKnownFileType = sourcecode.c.h; path = node.h; sourceTree = "<group>"; };
		9A787F63264EF103003DF8A0 /* application.h */ = {isa = PBXFileReference; fileEncoding = 4; lastKnownFileType = sourcecode.c.h; path = application.h; sourceTree = "<group>"; };
		9A787F67264EF103003DF8A0 /* file_context.cpp */ = {isa = PBXFileReference; fileEncoding = 4; lastKnownFileType = sourcecode.cpp.cpp; path = file_context.cpp; sourceTree = "<group>"; };
		9A787F68264EF103003DF8A0 /* dir_system.h */ = {isa = PBXFileReference; fileEncoding = 4; lastKnownFileType = sourcecode.c.h; path = dir_system.h; sourceTree = "<group>"; };
		9A787F69264EF103003DF8A0 /* launcher.cpp */ = {isa = PBXFileReference; fileEncoding = 4; lastKnownFileType = sourcecode.cpp.cpp; path = launcher.cpp; sourceTree = "<group>"; };
		9A787F6A264EF103003DF8A0 /* application.cpp */ = {isa = PBXFileReference; fileEncoding = 4; lastKnownFileType = sourcecode.cpp.cpp; path = application.cpp; sourceTree = "<group>"; };
		9A787F6D264EF103003DF8A0 /* _mm.h */ = {isa = PBXFileReference; fileEncoding = 4; lastKnownFileType = sourcecode.c.h; path = _mm.h; sourceTree = "<group>"; };
		9A787F6E264EF103003DF8A0 /* interprocess.cpp */ = {isa = PBXFileReference; fileEncoding = 4; lastKnownFileType = sourcecode.cpp.cpp; path = interprocess.cpp; sourceTree = "<group>"; };
		9A787F6F264EF103003DF8A0 /* file_system.cpp */ = {isa = PBXFileReference; fileEncoding = 4; lastKnownFileType = sourcecode.cpp.cpp; path = file_system.cpp; sourceTree = "<group>"; };
		9A787F71264EF104003DF8A0 /* user.h */ = {isa = PBXFileReference; fileEncoding = 4; lastKnownFileType = sourcecode.c.h; path = user.h; sourceTree = "<group>"; };
		9A787F72264EF104003DF8A0 /* app.mm */ = {isa = PBXFileReference; fileEncoding = 4; lastKnownFileType = sourcecode.cpp.objcpp; path = app.mm; sourceTree = "<group>"; };
		9A787F74264EF104003DF8A0 /* file_context.h */ = {isa = PBXFileReference; fileEncoding = 4; lastKnownFileType = sourcecode.c.h; path = file_context.h; sourceTree = "<group>"; };
		9A787F77264EF104003DF8A0 /* keyboard.cpp */ = {isa = PBXFileReference; fileEncoding = 4; lastKnownFileType = sourcecode.cpp.cpp; path = keyboard.cpp; sourceTree = "<group>"; };
		9A787F78264EF104003DF8A0 /* os_context.h */ = {isa = PBXFileReference; fileEncoding = 4; lastKnownFileType = sourcecode.c.h; path = os_context.h; sourceTree = "<group>"; };
		9A787F7A264EF104003DF8A0 /* dir_context.cpp */ = {isa = PBXFileReference; fileEncoding = 4; lastKnownFileType = sourcecode.cpp.cpp; path = dir_context.cpp; sourceTree = "<group>"; };
		9A787F7B264EF104003DF8A0 /* dir_system.cpp */ = {isa = PBXFileReference; fileEncoding = 4; lastKnownFileType = sourcecode.cpp.cpp; path = dir_system.cpp; sourceTree = "<group>"; };
		9A787F7C264EF104003DF8A0 /* file.mm */ = {isa = PBXFileReference; fileEncoding = 4; lastKnownFileType = sourcecode.cpp.objcpp; path = file.mm; sourceTree = "<group>"; };
		9A787F7E264EF105003DF8A0 /* os_context.cpp */ = {isa = PBXFileReference; fileEncoding = 4; lastKnownFileType = sourcecode.cpp.cpp; path = os_context.cpp; sourceTree = "<group>"; };
		9A787F7F264EF105003DF8A0 /* shell_launcher.cpp */ = {isa = PBXFileReference; fileEncoding = 4; lastKnownFileType = sourcecode.cpp.cpp; path = shell_launcher.cpp; sourceTree = "<group>"; };
		9A787F80264EF105003DF8A0 /* file_system.h */ = {isa = PBXFileReference; fileEncoding = 4; lastKnownFileType = sourcecode.c.h; path = file_system.h; sourceTree = "<group>"; };
		9A787F82264EF105003DF8A0 /* keyboard_mm.mm */ = {isa = PBXFileReference; fileEncoding = 4; lastKnownFileType = sourcecode.cpp.objcpp; path = keyboard_mm.mm; sourceTree = "<group>"; };
		9A787F83264EF105003DF8A0 /* shell_macos_mm.mm */ = {isa = PBXFileReference; fileEncoding = 4; lastKnownFileType = sourcecode.cpp.objcpp; path = shell_macos_mm.mm; sourceTree = "<group>"; };
		9A787F84264EF105003DF8A0 /* user.cpp */ = {isa = PBXFileReference; fileEncoding = 4; lastKnownFileType = sourcecode.cpp.cpp; path = user.cpp; sourceTree = "<group>"; };
		9A787F85264EF105003DF8A0 /* dir_context.h */ = {isa = PBXFileReference; fileEncoding = 4; lastKnownFileType = sourcecode.c.h; path = dir_context.h; sourceTree = "<group>"; };
		9A787FAB264EF342003DF8A0 /* interprocess.h */ = {isa = PBXFileReference; fileEncoding = 4; lastKnownFileType = sourcecode.c.h; path = interprocess.h; sourceTree = "<group>"; };
		9A787FAD264F0F3B003DF8A0 /* launcher.h */ = {isa = PBXFileReference; fileEncoding = 4; lastKnownFileType = sourcecode.c.h; path = launcher.h; sourceTree = "<group>"; };
		9A788032264F1130003DF8A0 /* shell_launcher.h */ = {isa = PBXFileReference; fileEncoding = 4; lastKnownFileType = sourcecode.c.h; path = shell_launcher.h; sourceTree = "<group>"; };
		9A788035264F1ECA003DF8A0 /* watcher.h */ = {isa = PBXFileReference; fileEncoding = 4; lastKnownFileType = sourcecode.c.h; path = watcher.h; sourceTree = "<group>"; };
		9A788036264F1ECA003DF8A0 /* watcher.cpp */ = {isa = PBXFileReference; fileEncoding = 4; lastKnownFileType = sourcecode.cpp.cpp; path = watcher.cpp; sourceTree = "<group>"; };
		9A865EE8299298AC0042465F /* libapex_darwin.dylib */ = {isa = PBXFileReference; explicitFileType = "compiled.mach-o.dylib"; path = libapex_darwin.dylib; sourceTree = BUILT_PRODUCTS_DIR; };
		9A865FBD29661798000C82F0 /* libacme_darwin.dylib */ = {isa = PBXFileReference; explicitFileType = "compiled.mach-o.dylib"; path = libacme_darwin.dylib; sourceTree = BUILT_PRODUCTS_DIR; };
		9A8BCB3929A049BB002BE91E /* integration_context.h */ = {isa = PBXFileReference; fileEncoding = 4; lastKnownFileType = sourcecode.c.h; path = integration_context.h; sourceTree = "<group>"; };
		9A8BCB3C29A049BB002BE91E /* integration_context.cpp */ = {isa = PBXFileReference; fileEncoding = 4; lastKnownFileType = sourcecode.cpp.cpp; path = integration_context.cpp; sourceTree = "<group>"; };
		9AA74F5728482348009BB762 /* libaura_apple.dylib */ = {isa = PBXFileReference; explicitFileType = "compiled.mach-o.dylib"; path = libaura_apple.dylib; sourceTree = BUILT_PRODUCTS_DIR; };
/* End PBXFileReference section */

/* Begin PBXFrameworksBuildPhase section */
		9A0C1693264A2AA700B5CC33 /* Frameworks */ = {
			isa = PBXFrameworksBuildPhase;
			buildActionMask = 2147483647;
			files = (
				9A865EE9299298AC0042465F /* libapex_darwin.dylib in Frameworks */,
				9A7862AA2650292A0034A0E1 /* Carbon.framework in Frameworks */,
				9A7862A6265025940034A0E1 /* AppKit.framework in Frameworks */,
				9A7862A2265024F50034A0E1 /* IOKit.framework in Frameworks */,
				9A7862A0265023D30034A0E1 /* CoreServices.framework in Frameworks */,
				9A46D24126784388000B22D0 /* libacme.dylib in Frameworks */,
				9A46D24526784388000B22D0 /* libacme_posix.dylib in Frameworks */,
				9A46D24326784388000B22D0 /* libacme_apple.dylib in Frameworks */,
				9ABC54B726DAEE2700718C0D /* libacme_macos.dylib in Frameworks */,
				9A46D24726784394000B22D0 /* libapex.dylib in Frameworks */,
				9A46D24926784394000B22D0 /* libapex_posix.dylib in Frameworks */,
				9ABC54B826DAEE5100718C0D /* libapex_apple.dylib in Frameworks */,
				9A865FBE29661798000C82F0 /* libacme_darwin.dylib in Frameworks */,
			);
			runOnlyForDeploymentPostprocessing = 0;
		};
/* End PBXFrameworksBuildPhase section */

/* Begin PBXGroup section */
		9A0C168C264A2AA700B5CC33 = {
			isa = PBXGroup;
			children = (
				9A0C17E6264A325700B5CC33 /* acme_macos.xcodeproj */,
				9A15A5EA264B54EE0080670E /* apex_apple.xcodeproj */,
				9A0C1749264A2DFA00B5CC33 /* apex_macos */,
				9A0C1696264A2AA700B5CC33 /* Products */,
				9A787ED8264EE773003DF8A0 /* Frameworks */,
			);
			sourceTree = "<group>";
		};
		9A0C1696264A2AA700B5CC33 /* Products */ = {
			isa = PBXGroup;
			children = (
				9A0C1695264A2AA700B5CC33 /* libapex_macos.dylib */,
			);
			name = Products;
			sourceTree = "<group>";
		};
		9A0C1749264A2DFA00B5CC33 /* apex_macos */ = {
			isa = PBXGroup;
			children = (
				9A788034264F1ECA003DF8A0 /* FileSystemEvents */,
				9A787E92264ED593003DF8A0 /* _.h */,
				9A787E9E264ED5BA003DF8A0 /* _factory.cpp */,
				9A787E9D264ED5BA003DF8A0 /* _library.h */,
				9A787F6D264EF103003DF8A0 /* _mm.h */,
				9A787F72264EF104003DF8A0 /* app.mm */,
				9A787F6A264EF103003DF8A0 /* application.cpp */,
				9A787F63264EF103003DF8A0 /* application.h */,
				9A787F7A264EF104003DF8A0 /* dir_context.cpp */,
				9A787F85264EF105003DF8A0 /* dir_context.h */,
				9A787F7B264EF104003DF8A0 /* dir_system.cpp */,
				9A787F68264EF103003DF8A0 /* dir_system.h */,
				9A787F67264EF103003DF8A0 /* file_context.cpp */,
				9A787F74264EF104003DF8A0 /* file_context.h */,
				9A787F6F264EF103003DF8A0 /* file_system.cpp */,
				9A787F80264EF105003DF8A0 /* file_system.h */,
				9A787F7C264EF104003DF8A0 /* file.mm */,
				9A0C1755264A2DFA00B5CC33 /* framework.cpp */,
				9A0C1766264A2DFA00B5CC33 /* framework.h */,
				9A8BCB3C29A049BB002BE91E /* integration_context.cpp */,
				9A8BCB3929A049BB002BE91E /* integration_context.h */,
				9A787F6E264EF103003DF8A0 /* interprocess.cpp */,
				9A787FAB264EF342003DF8A0 /* interprocess.h */,
				9A787F82264EF105003DF8A0 /* keyboard_mm.mm */,
				9A787F77264EF104003DF8A0 /* keyboard.cpp */,
				9A787F69264EF103003DF8A0 /* launcher.cpp */,
				9A787FAD264F0F3B003DF8A0 /* launcher.h */,
				9A787EE0264EE881003DF8A0 /* node.cpp */,
				9A787EE1264EE881003DF8A0 /* node.h */,
				9A1D5F712751C033003D9B5F /* NSPasteboard++.mm */,
				9A787F7E264EF105003DF8A0 /* os_context.cpp */,
				9A787F78264EF104003DF8A0 /* os_context.h */,
				9A787F7F264EF105003DF8A0 /* shell_launcher.cpp */,
				9A788032264F1130003DF8A0 /* shell_launcher.h */,
				9A787F83264EF105003DF8A0 /* shell_macos_mm.mm */,
				9A787F84264EF105003DF8A0 /* user.cpp */,
				9A787F71264EF104003DF8A0 /* user.h */,
				9A7862AB265029FA0034A0E1 /* user.mm */,
			);
			name = apex_macos;
			sourceTree = "<group>";
		};
		9A0C17E7264A325700B5CC33 /* Products */ = {
			isa = PBXGroup;
			children = (
				9A0C17EB264A325700B5CC33 /* libacme_macos.dylib */,
				9A865EED299298AC0042465F /* lib_acme_macos.a */,
			);
			name = Products;
			sourceTree = "<group>";
		};
		9A15A5EB264B54EE0080670E /* Products */ = {
			isa = PBXGroup;
			children = (
				9A15A5EF264B54EE0080670E /* libapex_apple.dylib */,
				9AA74F5B28482348009BB762 /* libios_apex_apple.a */,
			);
			name = Products;
			sourceTree = "<group>";
		};
		9A787ED8264EE773003DF8A0 /* Frameworks */ = {
			isa = PBXGroup;
			children = (
				9A865EE8299298AC0042465F /* libapex_darwin.dylib */,
				9A865FBD29661798000C82F0 /* libacme_darwin.dylib */,
				9AA74F5728482348009BB762 /* libaura_apple.dylib */,
				9A46D24626784394000B22D0 /* libapex.dylib */,
				9A46D24826784394000B22D0 /* libapex_posix.dylib */,
				9A46D24026784388000B22D0 /* libacme.dylib */,
				9A46D24226784388000B22D0 /* libacme_apple.dylib */,
				9A46D24426784388000B22D0 /* libacme_posix.dylib */,
				9A7862A92650292A0034A0E1 /* Carbon.framework */,
				9A7862A5265025940034A0E1 /* AppKit.framework */,
				9A7862A3265025370034A0E1 /* CoreFoundation.framework */,
				9A7862A1265024F40034A0E1 /* IOKit.framework */,
				9A78629D265023D30034A0E1 /* CoreServices.framework */,
			);
			name = Frameworks;
			sourceTree = "<group>";
		};
		9A788034264F1ECA003DF8A0 /* FileSystemEvents */ = {
			isa = PBXGroup;
			children = (
				9A788035264F1ECA003DF8A0 /* watcher.h */,
				9A788036264F1ECA003DF8A0 /* watcher.cpp */,
			);
			path = FileSystemEvents;
			sourceTree = "<group>";
		};
/* End PBXGroup section */

/* Begin PBXHeadersBuildPhase section */
		9A0C1691264A2AA700B5CC33 /* Headers */ = {
			isa = PBXHeadersBuildPhase;
			buildActionMask = 2147483647;
			files = (
				9A787E9C264ED595003DF8A0 /* _.h in Headers */,
				9A787F98264EF105003DF8A0 /* file_context.h in Headers */,
				9A787F8C264EF105003DF8A0 /* dir_system.h in Headers */,
				9A787F9C264EF105003DF8A0 /* os_context.h in Headers */,
				9A787F95264EF105003DF8A0 /* user.h in Headers */,
				9A787FA9264EF105003DF8A0 /* dir_context.h in Headers */,
				9A787FA4264EF105003DF8A0 /* file_system.h in Headers */,
				9A787F91264EF105003DF8A0 /* _mm.h in Headers */,
				9A0C1785264A2DFA00B5CC33 /* framework.h in Headers */,
				9A788033264F1130003DF8A0 /* shell_launcher.h in Headers */,
				9A8BCB3D29A049BC002BE91E /* integration_context.h in Headers */,
				9A787EE3264EE881003DF8A0 /* node.h in Headers */,
				9A787FAE264F0F3B003DF8A0 /* launcher.h in Headers */,
				9A787FAC264EF342003DF8A0 /* interprocess.h in Headers */,
				9A787E9F264ED5BB003DF8A0 /* _library.h in Headers */,
				9A788037264F1ECA003DF8A0 /* watcher.h in Headers */,
				9A787F87264EF105003DF8A0 /* application.h in Headers */,
			);
			runOnlyForDeploymentPostprocessing = 0;
		};
/* End PBXHeadersBuildPhase section */

/* Begin PBXNativeTarget section */
		9A0C1694264A2AA700B5CC33 /* apex_macos */ = {
			isa = PBXNativeTarget;
			buildConfigurationList = 9A0C169E264A2AA700B5CC33 /* Build configuration list for PBXNativeTarget "apex_macos" */;
			buildPhases = (
				9A0C1691264A2AA700B5CC33 /* Headers */,
				9A0C1692264A2AA700B5CC33 /* Sources */,
				9A0C1693264A2AA700B5CC33 /* Frameworks */,
			);
			buildRules = (
			);
			dependencies = (
				9A787ED5264EE753003DF8A0 /* PBXTargetDependency */,
				9A787ED7264EE75E003DF8A0 /* PBXTargetDependency */,
			);
			name = apex_macos;
			productName = apex_macos;
			productReference = 9A0C1695264A2AA700B5CC33 /* libapex_macos.dylib */;
			productType = "com.apple.product-type.library.dynamic";
		};
/* End PBXNativeTarget section */

/* Begin PBXProject section */
		9A0C168D264A2AA700B5CC33 /* Project object */ = {
			isa = PBXProject;
			attributes = {
				LastUpgradeCheck = 1420;
				TargetAttributes = {
					9A0C1694264A2AA700B5CC33 = {
						CreatedOnToolsVersion = 12.5;
					};
				};
			};
			buildConfigurationList = 9A0C1690264A2AA700B5CC33 /* Build configuration list for PBXProject "apex_macos" */;
			compatibilityVersion = "Xcode 12.0";
			developmentRegion = en;
			hasScannedForEncodings = 0;
			knownRegions = (
				en,
				Base,
			);
			mainGroup = 9A0C168C264A2AA700B5CC33;
			productRefGroup = 9A0C1696264A2AA700B5CC33 /* Products */;
			projectDirPath = "";
			projectReferences = (
				{
					ProductGroup = 9A0C17E7264A325700B5CC33 /* Products */;
					ProjectRef = 9A0C17E6264A325700B5CC33 /* acme_macos.xcodeproj */;
				},
				{
					ProductGroup = 9A15A5EB264B54EE0080670E /* Products */;
					ProjectRef = 9A15A5EA264B54EE0080670E /* apex_apple.xcodeproj */;
				},
			);
			projectRoot = "";
			targets = (
				9A0C1694264A2AA700B5CC33 /* apex_macos */,
			);
		};
/* End PBXProject section */

/* Begin PBXReferenceProxy section */
		9A0C17EB264A325700B5CC33 /* libacme_macos.dylib */ = {
			isa = PBXReferenceProxy;
			fileType = "compiled.mach-o.dylib";
			path = libacme_macos.dylib;
			remoteRef = 9A0C17EA264A325700B5CC33 /* PBXContainerItemProxy */;
			sourceTree = BUILT_PRODUCTS_DIR;
		};
		9A15A5EF264B54EE0080670E /* libapex_apple.dylib */ = {
			isa = PBXReferenceProxy;
			fileType = "compiled.mach-o.dylib";
			path = libapex_apple.dylib;
			remoteRef = 9A15A5EE264B54EE0080670E /* PBXContainerItemProxy */;
			sourceTree = BUILT_PRODUCTS_DIR;
		};
		9A865EED299298AC0042465F /* lib_acme_macos.a */ = {
			isa = PBXReferenceProxy;
			fileType = "compiled.mach-o.dylib";
			path = lib_acme_macos.a;
			remoteRef = 9A865EEC299298AC0042465F /* PBXContainerItemProxy */;
			sourceTree = BUILT_PRODUCTS_DIR;
		};
		9AA74F5B28482348009BB762 /* libios_apex_apple.a */ = {
			isa = PBXReferenceProxy;
			fileType = "compiled.mach-o.dylib";
			path = libios_apex_apple.a;
			remoteRef = 9AA74F5A28482348009BB762 /* PBXContainerItemProxy */;
			sourceTree = BUILT_PRODUCTS_DIR;
		};
/* End PBXReferenceProxy section */

/* Begin PBXSourcesBuildPhase section */
		9A0C1692264A2AA700B5CC33 /* Sources */ = {
			isa = PBXSourcesBuildPhase;
			buildActionMask = 2147483647;
			files = (
				9A787F9F264EF105003DF8A0 /* dir_system.cpp in Sources */,
				9A1D5F722751C033003D9B5F /* NSPasteboard++.mm in Sources */,
				9A787FA7264EF105003DF8A0 /* shell_macos_mm.mm in Sources */,
				9A787F8D264EF105003DF8A0 /* launcher.cpp in Sources */,
				9A787F92264EF105003DF8A0 /* interprocess.cpp in Sources */,
				9A8BCB3E29A049BC002BE91E /* integration_context.cpp in Sources */,
				9A787F9E264EF105003DF8A0 /* dir_context.cpp in Sources */,
				9A5D760D274E4FF300403BC3 /* file.mm in Sources */,
				9A787FA2264EF105003DF8A0 /* os_context.cpp in Sources */,
				9A787F9B264EF105003DF8A0 /* keyboard.cpp in Sources */,
				9A787F96264EF105003DF8A0 /* app.mm in Sources */,
				9A787FA8264EF105003DF8A0 /* user.cpp in Sources */,
				9A0C1779264A2DFA00B5CC33 /* framework.cpp in Sources */,
				9A787F93264EF105003DF8A0 /* file_system.cpp in Sources */,
				9A788038264F1ECA003DF8A0 /* watcher.cpp in Sources */,
				9A787F8E264EF105003DF8A0 /* application.cpp in Sources */,
				9A787F8B264EF105003DF8A0 /* file_context.cpp in Sources */,
				9A787EA0264ED5BB003DF8A0 /* _factory.cpp in Sources */,
				9A7862AC265029FA0034A0E1 /* user.mm in Sources */,
				9A787FA6264EF105003DF8A0 /* keyboard_mm.mm in Sources */,
				9A787EE2264EE881003DF8A0 /* node.cpp in Sources */,
			);
			runOnlyForDeploymentPostprocessing = 0;
		};
/* End PBXSourcesBuildPhase section */

/* Begin PBXTargetDependency section */
		9A787ED5264EE753003DF8A0 /* PBXTargetDependency */ = {
			isa = PBXTargetDependency;
			name = acme_macos;
			targetProxy = 9A787ED4264EE753003DF8A0 /* PBXContainerItemProxy */;
		};
		9A787ED7264EE75E003DF8A0 /* PBXTargetDependency */ = {
			isa = PBXTargetDependency;
			name = apex_apple;
			targetProxy = 9A787ED6264EE75E003DF8A0 /* PBXContainerItemProxy */;
		};
/* End PBXTargetDependency section */

/* Begin XCBuildConfiguration section */
		9A0C169C264A2AA700B5CC33 /* Debug */ = {
			isa = XCBuildConfiguration;
			buildSettings = {
				ALWAYS_SEARCH_USER_PATHS = NO;
				CLANG_ANALYZER_NONNULL = YES;
				CLANG_ANALYZER_NUMBER_OBJECT_CONVERSION = YES_AGGRESSIVE;
				CLANG_CXX_LANGUAGE_STANDARD = "c++20";
				CLANG_CXX_LIBRARY = "libc++";
				CLANG_ENABLE_OBJC_ARC = YES;
				CLANG_ENABLE_OBJC_WEAK = YES;
				CLANG_WARN_BLOCK_CAPTURE_AUTORELEASING = YES;
				CLANG_WARN_BOOL_CONVERSION = YES;
				CLANG_WARN_COMMA = YES;
				CLANG_WARN_CONSTANT_CONVERSION = YES;
				CLANG_WARN_DEPRECATED_OBJC_IMPLEMENTATIONS = YES;
				CLANG_WARN_DIRECT_OBJC_ISA_USAGE = YES_ERROR;
				CLANG_WARN_DOCUMENTATION_COMMENTS = YES;
				CLANG_WARN_EMPTY_BODY = YES;
				CLANG_WARN_ENUM_CONVERSION = YES;
				CLANG_WARN_INFINITE_RECURSION = YES;
				CLANG_WARN_INT_CONVERSION = YES;
				CLANG_WARN_NON_LITERAL_NULL_CONVERSION = YES;
				CLANG_WARN_OBJC_IMPLICIT_RETAIN_SELF = YES;
				CLANG_WARN_OBJC_LITERAL_CONVERSION = YES;
				CLANG_WARN_OBJC_ROOT_CLASS = YES_ERROR;
				CLANG_WARN_QUOTED_INCLUDE_IN_FRAMEWORK_HEADER = YES;
				CLANG_WARN_RANGE_LOOP_ANALYSIS = YES;
				CLANG_WARN_STRICT_PROTOTYPES = YES;
				CLANG_WARN_SUSPICIOUS_MOVE = YES;
				CLANG_WARN_UNGUARDED_AVAILABILITY = YES_AGGRESSIVE;
				CLANG_WARN_UNREACHABLE_CODE = YES;
				CLANG_WARN__DUPLICATE_METHOD_MATCH = YES;
				CODE_SIGN_IDENTITY = "Apple Development";
				COPY_PHASE_STRIP = NO;
				DEAD_CODE_STRIPPING = YES;
				DEBUG_INFORMATION_FORMAT = dwarf;
				DEVELOPMENT_TEAM = L8N5V6TZE5;
				ENABLE_STRICT_OBJC_MSGSEND = YES;
				ENABLE_TESTABILITY = YES;
				GCC_C_LANGUAGE_STANDARD = c11;
				GCC_DYNAMIC_NO_PIC = NO;
				GCC_INCREASE_PRECOMPILED_HEADER_SHARING = NO;
				GCC_NO_COMMON_BLOCKS = YES;
				GCC_OPTIMIZATION_LEVEL = 0;
				GCC_PRECOMPILE_PREFIX_HEADER = YES;
				GCC_PREFIX_HEADER = framework.h;
				GCC_PREPROCESSOR_DEFINITIONS = (
					"DEBUG=1",
					"$(inherited)",
				);
				GCC_WARN_64_TO_32_BIT_CONVERSION = YES;
				GCC_WARN_ABOUT_RETURN_TYPE = YES_ERROR;
				GCC_WARN_UNDECLARED_SELECTOR = YES;
				GCC_WARN_UNINITIALIZED_AUTOS = YES_AGGRESSIVE;
				GCC_WARN_UNUSED_FUNCTION = YES;
				GCC_WARN_UNUSED_VARIABLE = YES;
				HEADER_SEARCH_PATHS = "";
				INSTALL_PATH = "@executable_path";
				LD_RUNPATH_SEARCH_PATHS = "@executable_path";
				LIBRARY_SEARCH_PATHS = (
					"$(inherited)",
					"$(WorkspaceDir)/../operating_system/storage-$(PLATFORM_MODIFIER)/library",
				);
				MACOSX_DEPLOYMENT_TARGET = 10.13;
				MTL_ENABLE_DEBUG_INFO = INCLUDE_SOURCE;
				MTL_FAST_MATH = YES;
				ONLY_ACTIVE_ARCH = YES;
				OTHER_LDFLAGS = "-all_load";
				PRODUCT_NAME = "$(TARGET_NAME)";
				SDKROOT = macosx;
				SKIP_INSTALL = YES;
				STRIP_INSTALLED_PRODUCT = NO;
				USER_HEADER_SEARCH_PATHS = (
					.,
					"$(WorkspaceDir)/source",
					"$(WorkspaceDir)/source/include",
					"$(WorkspaceDir)/source/app",
					"$(WorkspaceDir)/source/app/include",
					"$(WorkspaceDir)/operating_system",
					"$(WorkspaceDir)/operating_system/operating-system-$(PLATFORM_MODIFIER)",
					"$(WorkspaceDir)/operating_system/operating-system-$(PLATFORM_MODIFIER)/include",
					"$(WorkspaceDir)/operating_system/operating-system-apple",
					"$(WorkspaceDir)/operating_system/operating-system-darwin",
					"$(WorkspaceDir)/operating_system/operating-system-posix",
					"$(WorkspaceDir)/port/_",
					"$(WorkspaceDir)/port/include",
					"$(PROJECT_DIR)",
					"$(PROJECT_DIR)/..",
					"$(PROJECT_DIR)/../..",
					"$(HOME)/sensitive/sensitive/include",
				);
				USE_HEADERMAP = NO;
				WorkspaceDir = "$(SRCROOT)/../../..";
			};
			name = Debug;
		};
		9A0C169D264A2AA700B5CC33 /* Release */ = {
			isa = XCBuildConfiguration;
			buildSettings = {
				ALWAYS_SEARCH_USER_PATHS = NO;
				CLANG_ANALYZER_NONNULL = YES;
				CLANG_ANALYZER_NUMBER_OBJECT_CONVERSION = YES_AGGRESSIVE;
				CLANG_CXX_LANGUAGE_STANDARD = "c++20";
				CLANG_CXX_LIBRARY = "libc++";
				CLANG_ENABLE_OBJC_ARC = YES;
				CLANG_ENABLE_OBJC_WEAK = YES;
				CLANG_WARN_BLOCK_CAPTURE_AUTORELEASING = YES;
				CLANG_WARN_BOOL_CONVERSION = YES;
				CLANG_WARN_COMMA = YES;
				CLANG_WARN_CONSTANT_CONVERSION = YES;
				CLANG_WARN_DEPRECATED_OBJC_IMPLEMENTATIONS = YES;
				CLANG_WARN_DIRECT_OBJC_ISA_USAGE = YES_ERROR;
				CLANG_WARN_DOCUMENTATION_COMMENTS = YES;
				CLANG_WARN_EMPTY_BODY = YES;
				CLANG_WARN_ENUM_CONVERSION = YES;
				CLANG_WARN_INFINITE_RECURSION = YES;
				CLANG_WARN_INT_CONVERSION = YES;
				CLANG_WARN_NON_LITERAL_NULL_CONVERSION = YES;
				CLANG_WARN_OBJC_IMPLICIT_RETAIN_SELF = YES;
				CLANG_WARN_OBJC_LITERAL_CONVERSION = YES;
				CLANG_WARN_OBJC_ROOT_CLASS = YES_ERROR;
				CLANG_WARN_QUOTED_INCLUDE_IN_FRAMEWORK_HEADER = YES;
				CLANG_WARN_RANGE_LOOP_ANALYSIS = YES;
				CLANG_WARN_STRICT_PROTOTYPES = YES;
				CLANG_WARN_SUSPICIOUS_MOVE = YES;
				CLANG_WARN_UNGUARDED_AVAILABILITY = YES_AGGRESSIVE;
				CLANG_WARN_UNREACHABLE_CODE = YES;
				CLANG_WARN__DUPLICATE_METHOD_MATCH = YES;
				CODE_SIGN_IDENTITY = "Apple Development";
				COPY_PHASE_STRIP = NO;
				DEAD_CODE_STRIPPING = YES;
				DEBUG_INFORMATION_FORMAT = "dwarf-with-dsym";
				DEVELOPMENT_TEAM = L8N5V6TZE5;
				ENABLE_HARDENED_RUNTIME = YES;
				ENABLE_NS_ASSERTIONS = NO;
				ENABLE_STRICT_OBJC_MSGSEND = YES;
				GCC_C_LANGUAGE_STANDARD = c11;
				GCC_INCREASE_PRECOMPILED_HEADER_SHARING = NO;
				GCC_NO_COMMON_BLOCKS = YES;
				GCC_PRECOMPILE_PREFIX_HEADER = YES;
				GCC_PREFIX_HEADER = framework.h;
				GCC_WARN_64_TO_32_BIT_CONVERSION = YES;
				GCC_WARN_ABOUT_RETURN_TYPE = YES_ERROR;
				GCC_WARN_UNDECLARED_SELECTOR = YES;
				GCC_WARN_UNINITIALIZED_AUTOS = YES_AGGRESSIVE;
				GCC_WARN_UNUSED_FUNCTION = YES;
				GCC_WARN_UNUSED_VARIABLE = YES;
				HEADER_SEARCH_PATHS = "";
				INSTALL_PATH = "@executable_path";
				LD_RUNPATH_SEARCH_PATHS = "@executable_path";
				LIBRARY_SEARCH_PATHS = (
					"$(inherited)",
					"$(WorkspaceDir)/../operating_system/storage-$(PLATFORM_MODIFIER)/library",
				);
				MACOSX_DEPLOYMENT_TARGET = 10.13;
				MTL_ENABLE_DEBUG_INFO = NO;
				MTL_FAST_MATH = YES;
				OTHER_LDFLAGS = "-all_load";
				PRODUCT_NAME = "$(TARGET_NAME)";
				SDKROOT = macosx;
				SKIP_INSTALL = YES;
				STRIP_INSTALLED_PRODUCT = NO;
				USER_HEADER_SEARCH_PATHS = (
					.,
					"$(WorkspaceDir)/source",
					"$(WorkspaceDir)/source/include",
					"$(WorkspaceDir)/source/app",
					"$(WorkspaceDir)/source/app/include",
					"$(WorkspaceDir)/operating_system",
					"$(WorkspaceDir)/operating_system/operating-system-$(PLATFORM_MODIFIER)",
					"$(WorkspaceDir)/operating_system/operating-system-$(PLATFORM_MODIFIER)/include",
					"$(WorkspaceDir)/operating_system/operating-system-apple",
					"$(WorkspaceDir)/operating_system/operating-system-darwin",
					"$(WorkspaceDir)/operating_system/operating-system-posix",
					"$(WorkspaceDir)/port/_",
					"$(WorkspaceDir)/port/include",
					"$(PROJECT_DIR)",
					"$(PROJECT_DIR)/..",
					"$(PROJECT_DIR)/../..",
					"$(HOME)/sensitive/sensitive/include",
				);
				USE_HEADERMAP = NO;
				WorkspaceDir = "$(SRCROOT)/../../..";
			};
			name = Release;
		};
		9A0C169F264A2AA700B5CC33 /* Debug */ = {
			isa = XCBuildConfiguration;
			buildSettings = {
				EXECUTABLE_PREFIX = lib;
				PLATFORM_MODIFIER = macos;
			};
			name = Debug;
		};
		9A0C16A0264A2AA700B5CC33 /* Release */ = {
			isa = XCBuildConfiguration;
			buildSettings = {
				EXECUTABLE_PREFIX = lib;
				PLATFORM_MODIFIER = macos;
			};
			name = Release;
		};
/* End XCBuildConfiguration section */

/* Begin XCConfigurationList section */
		9A0C1690264A2AA700B5CC33 /* Build configuration list for PBXProject "apex_macos" */ = {
			isa = XCConfigurationList;
			buildConfigurations = (
				9A0C169C264A2AA700B5CC33 /* Debug */,
				9A0C169D264A2AA700B5CC33 /* Release */,
			);
			defaultConfigurationIsVisible = 0;
			defaultConfigurationName = Release;
		};
		9A0C169E264A2AA700B5CC33 /* Build configuration list for PBXNativeTarget "apex_macos" */ = {
			isa = XCConfigurationList;
			buildConfigurations = (
				9A0C169F264A2AA700B5CC33 /* Debug */,
				9A0C16A0264A2AA700B5CC33 /* Release */,
			);
			defaultConfigurationIsVisible = 0;
			defaultConfigurationName = Release;
		};
/* End XCConfigurationList section */
	};
	rootObject = 9A0C168D264A2AA700B5CC33 /* Project object */;
}
