// !$*UTF8*$!
{
	archiveVersion = 1;
	classes = {
	};
	objectVersion = 77;
	objects = {

/* Begin PBXBuildFile section */
		9A09CD722FB3214D00E22155 /* AppKit.framework in Frameworks */ = {isa = PBXBuildFile; fileRef = 9A09CD712FB3214D00E22155 /* AppKit.framework */; };
		9A09CD7A2FB334E000E22155 /* appkit.h in Headers */ = {isa = PBXBuildFile; fileRef = 9A09CD782FB334E000E22155 /* appkit.h */; };
		9A09CD7B2FB334E000E22155 /* appkit.cpp in Sources */ = {isa = PBXBuildFile; fileRef = 9A09CD792FB334E000E22155 /* appkit.cpp */; };
		9A09CE052FB38E7600E22155 /* _mm.h in Headers */ = {isa = PBXBuildFile; fileRef = 9A09CE042FB38E7100E22155 /* _mm.h */; };
		9A09CE072FB38EC000E22155 /* _struct.h in Headers */ = {isa = PBXBuildFile; fileRef = 9A09CE062FB38EB700E22155 /* _struct.h */; };
		9A09CE0B2FB3CC4B00E22155 /* ns_image.h in Headers */ = {isa = PBXBuildFile; fileRef = 9A09CE082FB3CC4B00E22155 /* ns_image.h */; };
		9A09CE0C2FB3CC4B00E22155 /* ns_image.mm in Sources */ = {isa = PBXBuildFile; fileRef = 9A09CE0A2FB3CC4B00E22155 /* ns_image.mm */; };
		9A09CE0D2FB3CC4B00E22155 /* ns_image.cpp in Sources */ = {isa = PBXBuildFile; fileRef = 9A09CE092FB3CC4B00E22155 /* ns_image.cpp */; };
		9A09CE0F2FB3D1EC00E22155 /* libcore_graphics.dylib in Frameworks */ = {isa = PBXBuildFile; fileRef = 9A09CE0E2FB3D1EC00E22155 /* libcore_graphics.dylib */; };
		9A0B957B2FB3139100EEAAE1 /* ns_window.h in Headers */ = {isa = PBXBuildFile; fileRef = 9A0B95782FB3139100EEAAE1 /* ns_window.h */; };
		9A0B957C2FB3139100EEAAE1 /* ns_window.mm in Sources */ = {isa = PBXBuildFile; fileRef = 9A0B957A2FB3139100EEAAE1 /* ns_window.mm */; };
		9A0B957D2FB3139100EEAAE1 /* ns_window.cpp in Sources */ = {isa = PBXBuildFile; fileRef = 9A0B95792FB3139100EEAAE1 /* ns_window.cpp */; };
		9A6A2C092FB3D2B4004C0ACF /* libacme.dylib in Frameworks */ = {isa = PBXBuildFile; fileRef = 9A6A2C082FB3D2B4004C0ACF /* libacme.dylib */; };
		9A9564BB2FB421FA0001D319 /* appkit.mm in Sources */ = {isa = PBXBuildFile; fileRef = 9A9564B82FB421F40001D319 /* appkit.mm */; };
/* End PBXBuildFile section */

/* Begin PBXContainerItemProxy section */
		9A6A2C062FB3D2A9004C0ACF /* PBXContainerItemProxy */ = {
			isa = PBXContainerItemProxy;
			containerPortal = 9A09CE132FB3D23F00E22155 /* core_graphics.xcodeproj */;
			proxyType = 1;
			remoteGlobalIDString = 9A0B95382FB30B3000EEAAE1;
			remoteInfo = core_graphics;
		};
/* End PBXContainerItemProxy section */

/* Begin PBXFileReference section */
		9A09CD712FB3214D00E22155 /* AppKit.framework */ = {isa = PBXFileReference; lastKnownFileType = wrapper.framework; name = AppKit.framework; path = System/Library/Frameworks/AppKit.framework; sourceTree = SDKROOT; };
		9A09CD732FB324F500E22155 /* windowing.h */ = {isa = PBXFileReference; lastKnownFileType = sourcecode.c.h; path = windowing.h; sourceTree = "<group>"; };
		9A09CD782FB334E000E22155 /* appkit.h */ = {isa = PBXFileReference; lastKnownFileType = sourcecode.c.h; path = appkit.h; sourceTree = "<group>"; };
		9A09CD792FB334E000E22155 /* appkit.cpp */ = {isa = PBXFileReference; lastKnownFileType = sourcecode.cpp.cpp; path = appkit.cpp; sourceTree = "<group>"; };
		9A09CE042FB38E7100E22155 /* _mm.h */ = {isa = PBXFileReference; lastKnownFileType = sourcecode.c.h; path = _mm.h; sourceTree = "<group>"; };
		9A09CE062FB38EB700E22155 /* _struct.h */ = {isa = PBXFileReference; lastKnownFileType = sourcecode.c.h; path = _struct.h; sourceTree = "<group>"; };
		9A09CE082FB3CC4B00E22155 /* ns_image.h */ = {isa = PBXFileReference; lastKnownFileType = sourcecode.c.h; path = ns_image.h; sourceTree = "<group>"; };
		9A09CE092FB3CC4B00E22155 /* ns_image.cpp */ = {isa = PBXFileReference; lastKnownFileType = sourcecode.cpp.cpp; path = ns_image.cpp; sourceTree = "<group>"; };
		9A09CE0A2FB3CC4B00E22155 /* ns_image.mm */ = {isa = PBXFileReference; lastKnownFileType = sourcecode.cpp.objcpp; path = ns_image.mm; sourceTree = "<group>"; };
		9A09CE0E2FB3D1EC00E22155 /* libcore_graphics.dylib */ = {isa = PBXFileReference; explicitFileType = "compiled.mach-o.dylib"; path = libcore_graphics.dylib; sourceTree = BUILT_PRODUCTS_DIR; };
		9A09CE132FB3D23F00E22155 /* core_graphics.xcodeproj */ = {isa = PBXFileReference; lastKnownFileType = "wrapper.pb-project"; name = core_graphics.xcodeproj; path = "../../operating_system-apple/core_graphics/core_graphics.xcodeproj"; sourceTree = SOURCE_ROOT; };
		9A0B95612FB310D900EEAAE1 /* libappkit.dylib */ = {isa = PBXFileReference; explicitFileType = "compiled.mach-o.dylib"; includeInIndex = 0; path = libappkit.dylib; sourceTree = BUILT_PRODUCTS_DIR; };
		9A0B95712FB3134900EEAAE1 /* _.h */ = {isa = PBXFileReference; lastKnownFileType = sourcecode.c.h; path = _.h; sourceTree = "<group>"; };
		9A0B95722FB3134900EEAAE1 /* _.cpp */ = {isa = PBXFileReference; lastKnownFileType = sourcecode.cpp.cpp; path = _.cpp; sourceTree = "<group>"; };
		9A0B95732FB3134900EEAAE1 /* _____debug.xcconfig */ = {isa = PBXFileReference; lastKnownFileType = text.xcconfig; path = "_____debug.xcconfig"; sourceTree = "<group>"; };
		9A0B95742FB3134900EEAAE1 /* _____release.xcconfig */ = {isa = PBXFileReference; lastKnownFileType = text.xcconfig; path = "_____release.xcconfig"; sourceTree = "<group>"; };
		9A0B95752FB3134900EEAAE1 /* _factory.cpp */ = {isa = PBXFileReference; lastKnownFileType = sourcecode.cpp.cpp; path = _factory.cpp; sourceTree = "<group>"; };
		9A0B95762FB3134900EEAAE1 /* framework.h */ = {isa = PBXFileReference; lastKnownFileType = sourcecode.c.h; path = framework.h; sourceTree = "<group>"; };
		9A0B95772FB3134900EEAAE1 /* framework.cpp */ = {isa = PBXFileReference; lastKnownFileType = sourcecode.cpp.cpp; path = framework.cpp; sourceTree = "<group>"; };
		9A0B95782FB3139100EEAAE1 /* ns_window.h */ = {isa = PBXFileReference; lastKnownFileType = sourcecode.c.h; path = ns_window.h; sourceTree = "<group>"; };
		9A0B95792FB3139100EEAAE1 /* ns_window.cpp */ = {isa = PBXFileReference; lastKnownFileType = sourcecode.cpp.cpp; path = ns_window.cpp; sourceTree = "<group>"; };
		9A0B957A2FB3139100EEAAE1 /* ns_window.mm */ = {isa = PBXFileReference; lastKnownFileType = sourcecode.cpp.objcpp; path = ns_window.mm; sourceTree = "<group>"; };
		9A6A2C082FB3D2B4004C0ACF /* libacme.dylib */ = {isa = PBXFileReference; explicitFileType = "compiled.mach-o.dylib"; path = libacme.dylib; sourceTree = BUILT_PRODUCTS_DIR; };
		9A9564B82FB421F40001D319 /* appkit.mm */ = {isa = PBXFileReference; lastKnownFileType = sourcecode.cpp.objcpp; path = appkit.mm; sourceTree = "<group>"; };
/* End PBXFileReference section */

/* Begin PBXFrameworksBuildPhase section */
		9A0B955F2FB310D900EEAAE1 /* Frameworks */ = {
			isa = PBXFrameworksBuildPhase;
			buildActionMask = 2147483647;
			files = (
				9A6A2C092FB3D2B4004C0ACF /* libacme.dylib in Frameworks */,
				9A09CE0F2FB3D1EC00E22155 /* libcore_graphics.dylib in Frameworks */,
				9A09CD722FB3214D00E22155 /* AppKit.framework in Frameworks */,
			);
			runOnlyForDeploymentPostprocessing = 0;
		};
/* End PBXFrameworksBuildPhase section */

/* Begin PBXGroup section */
		9A09CD6D2FB3212800E22155 /* Frameworks */ = {
			isa = PBXGroup;
			children = (
				9A6A2C082FB3D2B4004C0ACF /* libacme.dylib */,
				9A09CE0E2FB3D1EC00E22155 /* libcore_graphics.dylib */,
				9A09CD712FB3214D00E22155 /* AppKit.framework */,
			);
			name = Frameworks;
			sourceTree = "<group>";
		};
		9A0B95582FB310D900EEAAE1 = {
			isa = PBXGroup;
			children = (
				9A09CE132FB3D23F00E22155 /* core_graphics.xcodeproj */,
				9A0B95702FB3131F00EEAAE1 /* appkit */,
				9A09CD6D2FB3212800E22155 /* Frameworks */,
				9A0B95622FB310D900EEAAE1 /* Products */,
			);
			sourceTree = "<group>";
		};
		9A0B95622FB310D900EEAAE1 /* Products */ = {
			isa = PBXGroup;
			children = (
				9A0B95612FB310D900EEAAE1 /* libappkit.dylib */,
			);
			name = Products;
			sourceTree = "<group>";
		};
		9A0B95702FB3131F00EEAAE1 /* appkit */ = {
			isa = PBXGroup;
			children = (
				9A9564B82FB421F40001D319 /* appkit.mm */,
				9A0B95732FB3134900EEAAE1 /* _____debug.xcconfig */,
				9A0B95742FB3134900EEAAE1 /* _____release.xcconfig */,
				9A09CD732FB324F500E22155 /* windowing.h */,
				9A0B95712FB3134900EEAAE1 /* _.h */,
				9A0B95722FB3134900EEAAE1 /* _.cpp */,
				9A09CE042FB38E7100E22155 /* _mm.h */,
				9A09CE062FB38EB700E22155 /* _struct.h */,
				9A0B95752FB3134900EEAAE1 /* _factory.cpp */,
				9A09CD782FB334E000E22155 /* appkit.h */,
				9A09CD792FB334E000E22155 /* appkit.cpp */,
				9A0B95762FB3134900EEAAE1 /* framework.h */,
				9A0B95772FB3134900EEAAE1 /* framework.cpp */,
				9A09CE082FB3CC4B00E22155 /* ns_image.h */,
				9A09CE092FB3CC4B00E22155 /* ns_image.cpp */,
				9A09CE0A2FB3CC4B00E22155 /* ns_image.mm */,
				9A0B95782FB3139100EEAAE1 /* ns_window.h */,
				9A0B95792FB3139100EEAAE1 /* ns_window.cpp */,
				9A0B957A2FB3139100EEAAE1 /* ns_window.mm */,
			);
			name = appkit;
			sourceTree = "<group>";
		};
		9A6A2C012FB3D2A1004C0ACF /* Products */ = {
			isa = PBXGroup;
			children = (
			);
			name = Products;
			sourceTree = "<group>";
		};
/* End PBXGroup section */

/* Begin PBXHeadersBuildPhase section */
		9A0B955D2FB310D900EEAAE1 /* Headers */ = {
			isa = PBXHeadersBuildPhase;
			buildActionMask = 2147483647;
			files = (
				9A09CE052FB38E7600E22155 /* _mm.h in Headers */,
				9A0B957B2FB3139100EEAAE1 /* ns_window.h in Headers */,
				9A09CE0B2FB3CC4B00E22155 /* ns_image.h in Headers */,
				9A09CD7A2FB334E000E22155 /* appkit.h in Headers */,
				9A09CE072FB38EC000E22155 /* _struct.h in Headers */,
			);
			runOnlyForDeploymentPostprocessing = 0;
		};
/* End PBXHeadersBuildPhase section */

/* Begin PBXNativeTarget section */
		9A0B95602FB310D900EEAAE1 /* appkit */ = {
			isa = PBXNativeTarget;
			buildConfigurationList = 9A0B95652FB310D900EEAAE1 /* Build configuration list for PBXNativeTarget "appkit" */;
			buildPhases = (
				9A0B955D2FB310D900EEAAE1 /* Headers */,
				9A0B955E2FB310D900EEAAE1 /* Sources */,
				9A0B955F2FB310D900EEAAE1 /* Frameworks */,
			);
			buildRules = (
			);
			dependencies = (
				9A6A2C072FB3D2A9004C0ACF /* PBXTargetDependency */,
			);
			name = appkit;
			packageProductDependencies = (
			);
			productName = appkit;
			productReference = 9A0B95612FB310D900EEAAE1 /* libappkit.dylib */;
			productType = "com.apple.product-type.library.dynamic";
		};
/* End PBXNativeTarget section */

/* Begin PBXProject section */
		9A0B95592FB310D900EEAAE1 /* Project object */ = {
			isa = PBXProject;
			attributes = {
				BuildIndependentTargetsInParallel = 1;
				LastUpgradeCheck = 2640;
				TargetAttributes = {
					9A0B95602FB310D900EEAAE1 = {
						CreatedOnToolsVersion = 26.4.1;
					};
				};
			};
			buildConfigurationList = 9A0B955C2FB310D900EEAAE1 /* Build configuration list for PBXProject "appkit" */;
			developmentRegion = en;
			hasScannedForEncodings = 0;
			knownRegions = (
				en,
				Base,
			);
			mainGroup = 9A0B95582FB310D900EEAAE1;
			minimizedProjectReferenceProxies = 1;
			preferredProjectObjectVersion = 77;
			productRefGroup = 9A0B95622FB310D900EEAAE1 /* Products */;
			projectDirPath = "";
			projectReferences = (
				{
					ProductGroup = 9A6A2C012FB3D2A1004C0ACF /* Products */;
					ProjectRef = 9A09CE132FB3D23F00E22155 /* core_graphics.xcodeproj */;
				},
			);
			projectRoot = "";
			targets = (
				9A0B95602FB310D900EEAAE1 /* appkit */,
			);
		};
/* End PBXProject section */

/* Begin PBXSourcesBuildPhase section */
		9A0B955E2FB310D900EEAAE1 /* Sources */ = {
			isa = PBXSourcesBuildPhase;
			buildActionMask = 2147483647;
			files = (
				9A0B957C2FB3139100EEAAE1 /* ns_window.mm in Sources */,
				9A09CD7B2FB334E000E22155 /* appkit.cpp in Sources */,
				9A09CE0C2FB3CC4B00E22155 /* ns_image.mm in Sources */,
				9A09CE0D2FB3CC4B00E22155 /* ns_image.cpp in Sources */,
				9A9564BB2FB421FA0001D319 /* appkit.mm in Sources */,
				9A0B957D2FB3139100EEAAE1 /* ns_window.cpp in Sources */,
			);
			runOnlyForDeploymentPostprocessing = 0;
		};
/* End PBXSourcesBuildPhase section */

/* Begin PBXTargetDependency section */
		9A6A2C072FB3D2A9004C0ACF /* PBXTargetDependency */ = {
			isa = PBXTargetDependency;
			name = core_graphics;
			targetProxy = 9A6A2C062FB3D2A9004C0ACF /* PBXContainerItemProxy */;
		};
/* End PBXTargetDependency section */

/* Begin XCBuildConfiguration section */
		9A0B95632FB310D900EEAAE1 /* Debug */ = {
			isa = XCBuildConfiguration;
			baseConfigurationReference = 9A0B95732FB3134900EEAAE1 /* _____debug.xcconfig */;
			buildSettings = {
				ALWAYS_SEARCH_USER_PATHS = NO;
				BUILD_LIBRARY_FOR_DISTRIBUTION = YES;
				CLANG_ANALYZER_GCD = YES;
				CLANG_ANALYZER_LOCALIZABILITY_NONLOCALIZED = YES;
				CLANG_ANALYZER_MEMORY_MANAGEMENT = YES;
				CLANG_ANALYZER_NONNULL = YES;
				CLANG_ANALYZER_NUMBER_OBJECT_CONVERSION = YES_AGGRESSIVE;
				CLANG_CXX_LANGUAGE_STANDARD = "c++20";
				CLANG_CXX_LIBRARY = "libc++";
				CLANG_ENABLE_CPP_STATIC_DESTRUCTORS = YES;
				CLANG_ENABLE_MODULES = NO;
				CLANG_ENABLE_OBJC_ARC = YES;
				CLANG_ENABLE_OBJC_WEAK = YES;
				CLANG_STATIC_ANALYZER_MODE = deep;
				CLANG_STATIC_ANALYZER_MODE_ON_ANALYZE_ACTION = deep;
				CLANG_WARN_BLOCK_CAPTURE_AUTORELEASING = YES;
				CLANG_WARN_BOOL_CONVERSION = NO;
				CLANG_WARN_COMMA = YES;
				CLANG_WARN_CONSTANT_CONVERSION = NO;
				CLANG_WARN_DEPRECATED_OBJC_IMPLEMENTATIONS = YES;
				CLANG_WARN_DIRECT_OBJC_ISA_USAGE = YES;
				CLANG_WARN_DOCUMENTATION_COMMENTS = YES;
				CLANG_WARN_EMPTY_BODY = NO;
				CLANG_WARN_ENUM_CONVERSION = NO;
				CLANG_WARN_INFINITE_RECURSION = YES;
				CLANG_WARN_INT_CONVERSION = NO;
				CLANG_WARN_NON_LITERAL_NULL_CONVERSION = YES;
				CLANG_WARN_OBJC_IMPLICIT_RETAIN_SELF = YES;
				CLANG_WARN_OBJC_LITERAL_CONVERSION = YES;
				CLANG_WARN_OBJC_ROOT_CLASS = YES_ERROR;
				CLANG_WARN_PRAGMA_PACK = NO;
				CLANG_WARN_QUOTED_INCLUDE_IN_FRAMEWORK_HEADER = YES;
				CLANG_WARN_RANGE_LOOP_ANALYSIS = YES;
				CLANG_WARN_STRICT_PROTOTYPES = YES;
				CLANG_WARN_SUSPICIOUS_MOVE = YES;
				CLANG_WARN_UNGUARDED_AVAILABILITY = YES_AGGRESSIVE;
				CLANG_WARN_UNREACHABLE_CODE = YES;
				CLANG_WARN__DUPLICATE_METHOD_MATCH = NO;
				COPY_PHASE_STRIP = NO;
				DEAD_CODE_STRIPPING = NO;
				DEBUG_INFORMATION_FORMAT = "dwarf-with-dsym";
				DEPLOYMENT_POSTPROCESSING = YES;
				DEVELOPMENT_TEAM = HS8735NRM5;
				ENABLE_STRICT_OBJC_MSGSEND = YES;
				ENABLE_TESTABILITY = YES;
				ENABLE_USER_SCRIPT_SANDBOXING = YES;
				EXCLUDED_ARCHS = "";
				EXECUTABLE_PREFIX = lib;
				FRAMEWORK_SEARCH_PATHS = (
					"$(inherited)",
					"$(DEVELOPER_FRAMEWORKS_DIR)",
					"$(WorkspaceDir)/../operating_system/storage-$(PLATFORM_MODIFIER)/$(CONFIGURATION)/framework",
				);
				GCC_C_LANGUAGE_STANDARD = c11;
				GCC_DYNAMIC_NO_PIC = NO;
				GCC_ENABLE_CPP_EXCEPTIONS = YES;
				GCC_ENABLE_CPP_RTTI = YES;
				GCC_GENERATE_DEBUGGING_SYMBOLS = YES;
				GCC_INCREASE_PRECOMPILED_HEADER_SHARING = NO;
				GCC_NO_COMMON_BLOCKS = YES;
				GCC_OPTIMIZATION_LEVEL = 0;
				GCC_PRECOMPILE_PREFIX_HEADER = YES;
				GCC_PREFIX_HEADER = framework.h;
				GCC_REUSE_STRINGS = YES;
				GCC_SYMBOLS_PRIVATE_EXTERN = NO;
				GCC_VERSION = "";
				GCC_WARN_64_TO_32_BIT_CONVERSION = NO;
				"GCC_WARN_64_TO_32_BIT_CONVERSION[arch=*64]" = YES;
				GCC_WARN_ABOUT_DEPRECATED_FUNCTIONS = NO;
				GCC_WARN_ABOUT_POINTER_SIGNEDNESS = YES;
				GCC_WARN_ABOUT_RETURN_TYPE = NO;
				GCC_WARN_UNDECLARED_SELECTOR = NO;
				GCC_WARN_UNINITIALIZED_AUTOS = NO;
				GCC_WARN_UNUSED_FUNCTION = NO;
				GCC_WARN_UNUSED_VARIABLE = NO;
				HEADER_SEARCH_PATHS = "";
				LD_RUNPATH_SEARCH_PATHS = (
					"@executable_path",
					"@loader_path",
				);
				LIBRARY_SEARCH_PATHS = (
					"$(inherited)",
					"$(WorkspaceDir)/operating_system",
					"$(WorkspaceDir)/../operating_system/storage-$(PLATFORM_MODIFIER)/$(CONFIGURATION)/library",
				);
				MTL_ENABLE_DEBUG_INFO = INCLUDE_SOURCE;
				MTL_FAST_MATH = YES;
				ONLY_ACTIVE_ARCH = YES;
				OTHER_LDFLAGS = "-all_load";
				PRODUCT_NAME = "$(TARGET_NAME)";
				RUN_CLANG_STATIC_ANALYZER = NO;
				SKIP_INSTALL = YES;
				STRINGS_FILE_OUTPUT_ENCODING = "UTF-8";
				STRIP_INSTALLED_PRODUCT = NO;
				SYSTEM_HEADER_SEARCH_PATHS = (
					"$(WorkspaceDir)/operating_system/operating_system-$(PLATFORM_MODIFIER)/include",
					"$(WorkspaceDir)/operating_system/operating_system-$(PLATFORM_MODIFIER)/configuration",
					"$(WorkspaceDir)/port/include",
					"$(WorkspaceDir)/source/app/include",
				);
				USER_HEADER_SEARCH_PATHS = (
					.,
					"$(WorkspaceDir)/source",
					"$(WorkspaceDir)/source/app",
					"$(WorkspaceDir)/source/app/_include",
					"$(WorkspaceDir)/operating_system",
					"$(WorkspaceDir)/operating_system/operating_system-$(PLATFORM_MODIFIER)",
					"$(WorkspaceDir)/operating_system/operating_system-$(PLATFORM_MODIFIER)/configuration_selection/$(CONFIGURATION)",
					"$(WorkspaceDir)/port/_",
					"$(PROJECT_DIR)",
					"$(PROJECT_DIR)/..",
					"$(PROJECT_DIR)/../..",
					"$(HOME)/sensitive/sensitive/include",
				);
				USE_HEADERMAP = NO;
				VALIDATE_PRODUCT = YES;
				WARNING_CFLAGS = "";
				WorkspaceDir = "$(SRCROOT)/../../..";
			};
			name = Debug;
		};
		9A0B95642FB310D900EEAAE1 /* Release */ = {
			isa = XCBuildConfiguration;
			baseConfigurationReference = 9A0B95742FB3134900EEAAE1 /* _____release.xcconfig */;
			buildSettings = {
				ALWAYS_SEARCH_USER_PATHS = NO;
				BUILD_LIBRARY_FOR_DISTRIBUTION = YES;
				CLANG_ANALYZER_GCD = YES;
				CLANG_ANALYZER_LOCALIZABILITY_NONLOCALIZED = YES;
				CLANG_ANALYZER_MEMORY_MANAGEMENT = YES;
				CLANG_ANALYZER_NONNULL = YES;
				CLANG_ANALYZER_NUMBER_OBJECT_CONVERSION = YES_AGGRESSIVE;
				CLANG_CXX_LANGUAGE_STANDARD = "c++20";
				CLANG_CXX_LIBRARY = "libc++";
				CLANG_ENABLE_CPP_STATIC_DESTRUCTORS = YES;
				CLANG_ENABLE_MODULES = NO;
				CLANG_ENABLE_OBJC_ARC = YES;
				CLANG_ENABLE_OBJC_WEAK = YES;
				CLANG_STATIC_ANALYZER_MODE = deep;
				CLANG_STATIC_ANALYZER_MODE_ON_ANALYZE_ACTION = deep;
				CLANG_WARN_BLOCK_CAPTURE_AUTORELEASING = YES;
				CLANG_WARN_BOOL_CONVERSION = NO;
				CLANG_WARN_COMMA = YES;
				CLANG_WARN_CONSTANT_CONVERSION = NO;
				CLANG_WARN_DEPRECATED_OBJC_IMPLEMENTATIONS = YES;
				CLANG_WARN_DIRECT_OBJC_ISA_USAGE = YES;
				CLANG_WARN_DOCUMENTATION_COMMENTS = YES;
				CLANG_WARN_EMPTY_BODY = NO;
				CLANG_WARN_ENUM_CONVERSION = NO;
				CLANG_WARN_INFINITE_RECURSION = YES;
				CLANG_WARN_INT_CONVERSION = NO;
				CLANG_WARN_NON_LITERAL_NULL_CONVERSION = YES;
				CLANG_WARN_OBJC_IMPLICIT_RETAIN_SELF = YES;
				CLANG_WARN_OBJC_LITERAL_CONVERSION = YES;
				CLANG_WARN_OBJC_ROOT_CLASS = YES_ERROR;
				CLANG_WARN_PRAGMA_PACK = NO;
				CLANG_WARN_QUOTED_INCLUDE_IN_FRAMEWORK_HEADER = YES;
				CLANG_WARN_RANGE_LOOP_ANALYSIS = YES;
				CLANG_WARN_STRICT_PROTOTYPES = YES;
				CLANG_WARN_SUSPICIOUS_MOVE = YES;
				CLANG_WARN_UNGUARDED_AVAILABILITY = YES_AGGRESSIVE;
				CLANG_WARN_UNREACHABLE_CODE = YES;
				CLANG_WARN__DUPLICATE_METHOD_MATCH = NO;
				COPY_PHASE_STRIP = NO;
				DEAD_CODE_STRIPPING = NO;
				DEBUG_INFORMATION_FORMAT = "dwarf-with-dsym";
				DEPLOYMENT_POSTPROCESSING = YES;
				DEVELOPMENT_TEAM = HS8735NRM5;
				ENABLE_HARDENED_RUNTIME = YES;
				ENABLE_NS_ASSERTIONS = NO;
				ENABLE_STRICT_OBJC_MSGSEND = YES;
				ENABLE_TESTABILITY = YES;
				ENABLE_USER_SCRIPT_SANDBOXING = YES;
				EXCLUDED_ARCHS = "";
				EXECUTABLE_PREFIX = lib;
				FRAMEWORK_SEARCH_PATHS = (
					"$(inherited)",
					"$(DEVELOPER_FRAMEWORKS_DIR)",
					"$(WorkspaceDir)/../operating_system/storage-$(PLATFORM_MODIFIER)/$(CONFIGURATION)/framework",
				);
				GCC_C_LANGUAGE_STANDARD = c11;
				GCC_ENABLE_CPP_EXCEPTIONS = YES;
				GCC_ENABLE_CPP_RTTI = YES;
				GCC_GENERATE_DEBUGGING_SYMBOLS = YES;
				GCC_INCREASE_PRECOMPILED_HEADER_SHARING = NO;
				GCC_NO_COMMON_BLOCKS = YES;
				GCC_OPTIMIZATION_LEVEL = 0;
				GCC_PRECOMPILE_PREFIX_HEADER = YES;
				GCC_PREFIX_HEADER = framework.h;
				GCC_REUSE_STRINGS = YES;
				GCC_VERSION = "";
				GCC_WARN_64_TO_32_BIT_CONVERSION = NO;
				"GCC_WARN_64_TO_32_BIT_CONVERSION[arch=*64]" = YES;
				GCC_WARN_ABOUT_DEPRECATED_FUNCTIONS = NO;
				GCC_WARN_ABOUT_POINTER_SIGNEDNESS = YES;
				GCC_WARN_ABOUT_RETURN_TYPE = NO;
				GCC_WARN_UNDECLARED_SELECTOR = NO;
				GCC_WARN_UNINITIALIZED_AUTOS = NO;
				GCC_WARN_UNUSED_FUNCTION = NO;
				GCC_WARN_UNUSED_VARIABLE = NO;
				HEADER_SEARCH_PATHS = "";
				LD_RUNPATH_SEARCH_PATHS = (
					"@executable_path",
					"@loader_path",
				);
				LIBRARY_SEARCH_PATHS = (
					"$(inherited)",
					"$(WorkspaceDir)/operating_system",
					"$(WorkspaceDir)/../operating_system/storage-$(PLATFORM_MODIFIER)/$(CONFIGURATION)/library",
				);
				MTL_ENABLE_DEBUG_INFO = NO;
				MTL_FAST_MATH = YES;
				OTHER_LDFLAGS = "-all_load";
				PRODUCT_NAME = "$(TARGET_NAME)";
				RUN_CLANG_STATIC_ANALYZER = NO;
				SKIP_INSTALL = YES;
				STRINGS_FILE_OUTPUT_ENCODING = "UTF-8";
				STRIP_INSTALLED_PRODUCT = NO;
				SYSTEM_HEADER_SEARCH_PATHS = (
					"$(WorkspaceDir)/operating_system/operating_system-$(PLATFORM_MODIFIER)/include",
					"$(WorkspaceDir)/operating_system/operating_system-$(PLATFORM_MODIFIER)/configuration",
					"$(WorkspaceDir)/port/include",
					"$(WorkspaceDir)/source/app/include",
				);
				USER_HEADER_SEARCH_PATHS = (
					.,
					"$(WorkspaceDir)/source",
					"$(WorkspaceDir)/source/app",
					"$(WorkspaceDir)/source/app/_include",
					"$(WorkspaceDir)/operating_system",
					"$(WorkspaceDir)/operating_system/operating_system-$(PLATFORM_MODIFIER)",
					"$(WorkspaceDir)/operating_system/operating_system-$(PLATFORM_MODIFIER)/configuration_selection/$(CONFIGURATION)",
					"$(WorkspaceDir)/port/_",
					"$(PROJECT_DIR)",
					"$(PROJECT_DIR)/..",
					"$(PROJECT_DIR)/../..",
					"$(HOME)/sensitive/sensitive/include",
				);
				USE_HEADERMAP = NO;
				VALIDATE_PRODUCT = YES;
				WARNING_CFLAGS = "";
				WorkspaceDir = "$(SRCROOT)/../../..";
			};
			name = Release;
		};
		9A0B95662FB310D900EEAAE1 /* Debug */ = {
			isa = XCBuildConfiguration;
			buildSettings = {
				ENABLE_HARDENED_RUNTIME = YES;
				EXECUTABLE_EXTENSION = dylib;
				MACH_O_TYPE = mh_dylib;
				PLATFORM_MODIFIER = macos;
				SDKROOT = macosx;
			};
			name = Debug;
		};
		9A0B95672FB310D900EEAAE1 /* Release */ = {
			isa = XCBuildConfiguration;
			buildSettings = {
				ENABLE_HARDENED_RUNTIME = YES;
				EXECUTABLE_EXTENSION = dylib;
				MACH_O_TYPE = mh_dylib;
				PLATFORM_MODIFIER = macos;
				SDKROOT = macosx;
			};
			name = Release;
		};
/* End XCBuildConfiguration section */

/* Begin XCConfigurationList section */
		9A0B955C2FB310D900EEAAE1 /* Build configuration list for PBXProject "appkit" */ = {
			isa = XCConfigurationList;
			buildConfigurations = (
				9A0B95632FB310D900EEAAE1 /* Debug */,
				9A0B95642FB310D900EEAAE1 /* Release */,
			);
			defaultConfigurationIsVisible = 0;
			defaultConfigurationName = Release;
		};
		9A0B95652FB310D900EEAAE1 /* Build configuration list for PBXNativeTarget "appkit" */ = {
			isa = XCConfigurationList;
			buildConfigurations = (
				9A0B95662FB310D900EEAAE1 /* Debug */,
				9A0B95672FB310D900EEAAE1 /* Release */,
			);
			defaultConfigurationIsVisible = 0;
			defaultConfigurationName = Release;
		};
/* End XCConfigurationList section */
	};
	rootObject = 9A0B95592FB310D900EEAAE1 /* Project object */;
}
